// !$*UTF8*$!
{
	archiveVersion = 1;
	classes = {
	};
	objectVersion = 47;
	objects = {

/* Begin PBXBuildFile section */
		E50A3AB81C453A6D004BB7E3 /* main.swift in Sources */ = {isa = PBXBuildFile; fileRef = E50A3AB71C453A6D004BB7E3 /* main.swift */; };
		E50A6F021CC8DE7700F89311 /* CryptedSerializableTransform.swift in Sources */ = {isa = PBXBuildFile; fileRef = E50A6F011CC8DE7700F89311 /* CryptedSerializableTransform.swift */; };
		E548A4851D880577006FF410 /* bartlebyTests.swift in Sources */ = {isa = PBXBuildFile; fileRef = E548A4841D880577006FF410 /* bartlebyTests.swift */; };
		E5734DE01D9A5D8C0056E429 /* BartlebyDocument.swift in Sources */ = {isa = PBXBuildFile; fileRef = E5734D651D9A5D8C0056E429 /* BartlebyDocument.swift */; };
		E5734DE11D9A5D8C0056E429 /* LockersCollectionController.swift in Sources */ = {isa = PBXBuildFile; fileRef = E5734D671D9A5D8C0056E429 /* LockersCollectionController.swift */; };
		E5734DE21D9A5D8C0056E429 /* PushOperationsCollectionController.swift in Sources */ = {isa = PBXBuildFile; fileRef = E5734D681D9A5D8C0056E429 /* PushOperationsCollectionController.swift */; };
		E5734DE31D9A5D8C0056E429 /* UsersCollectionController.swift in Sources */ = {isa = PBXBuildFile; fileRef = E5734D691D9A5D8C0056E429 /* UsersCollectionController.swift */; };
		E5734DE41D9A5D8C0056E429 /* CollectionMetadatum.swift in Sources */ = {isa = PBXBuildFile; fileRef = E5734D6B1D9A5D8C0056E429 /* CollectionMetadatum.swift */; };
		E5734DE51D9A5D8C0056E429 /* Completion.swift in Sources */ = {isa = PBXBuildFile; fileRef = E5734D6C1D9A5D8C0056E429 /* Completion.swift */; };
		E5734DE61D9A5D8C0056E429 /* ExternalReference.swift in Sources */ = {isa = PBXBuildFile; fileRef = E5734D6D1D9A5D8C0056E429 /* ExternalReference.swift */; };
		E5734DE71D9A5D8C0056E429 /* JData.swift in Sources */ = {isa = PBXBuildFile; fileRef = E5734D6E1D9A5D8C0056E429 /* JData.swift */; };
		E5734DE81D9A5D8C0056E429 /* JString.swift in Sources */ = {isa = PBXBuildFile; fileRef = E5734D6F1D9A5D8C0056E429 /* JString.swift */; };
		E5734DE91D9A5D8C0056E429 /* Locker.swift in Sources */ = {isa = PBXBuildFile; fileRef = E5734D701D9A5D8C0056E429 /* Locker.swift */; };
		E5734DEA1D9A5D8C0056E429 /* Progression.swift in Sources */ = {isa = PBXBuildFile; fileRef = E5734D711D9A5D8C0056E429 /* Progression.swift */; };
		E5734DEB1D9A5D8C0056E429 /* PushOperation.swift in Sources */ = {isa = PBXBuildFile; fileRef = E5734D721D9A5D8C0056E429 /* PushOperation.swift */; };
		E5734DEC1D9A5D8C0056E429 /* RegistryMetadata.swift in Sources */ = {isa = PBXBuildFile; fileRef = E5734D731D9A5D8C0056E429 /* RegistryMetadata.swift */; };
		E5734DED1D9A5D8C0056E429 /* Tag.swift in Sources */ = {isa = PBXBuildFile; fileRef = E5734D741D9A5D8C0056E429 /* Tag.swift */; };
		E5734DEE1D9A5D8C0056E429 /* Trigger.swift in Sources */ = {isa = PBXBuildFile; fileRef = E5734D751D9A5D8C0056E429 /* Trigger.swift */; };
		E5734DEF1D9A5D8C0056E429 /* User.swift in Sources */ = {isa = PBXBuildFile; fileRef = E5734D761D9A5D8C0056E429 /* User.swift */; };
		E5734DF01D9A5D8C0056E429 /* CreateLocker.swift in Sources */ = {isa = PBXBuildFile; fileRef = E5734D781D9A5D8C0056E429 /* CreateLocker.swift */; };
		E5734DF11D9A5D8C0056E429 /* CreateLockers.swift in Sources */ = {isa = PBXBuildFile; fileRef = E5734D791D9A5D8C0056E429 /* CreateLockers.swift */; };
		E5734DF21D9A5D8C0056E429 /* CreateUser.swift in Sources */ = {isa = PBXBuildFile; fileRef = E5734D7A1D9A5D8C0056E429 /* CreateUser.swift */; };
		E5734DF31D9A5D8C0056E429 /* CreateUsers.swift in Sources */ = {isa = PBXBuildFile; fileRef = E5734D7B1D9A5D8C0056E429 /* CreateUsers.swift */; };
		E5734DF41D9A5D8C0056E429 /* DeleteLocker.swift in Sources */ = {isa = PBXBuildFile; fileRef = E5734D7C1D9A5D8C0056E429 /* DeleteLocker.swift */; };
		E5734DF51D9A5D8C0056E429 /* DeleteLockers.swift in Sources */ = {isa = PBXBuildFile; fileRef = E5734D7D1D9A5D8C0056E429 /* DeleteLockers.swift */; };
		E5734DF61D9A5D8C0056E429 /* DeleteUser.swift in Sources */ = {isa = PBXBuildFile; fileRef = E5734D7E1D9A5D8C0056E429 /* DeleteUser.swift */; };
		E5734DF71D9A5D8C0056E429 /* DeleteUsers.swift in Sources */ = {isa = PBXBuildFile; fileRef = E5734D7F1D9A5D8C0056E429 /* DeleteUsers.swift */; };
		E5734DF81D9A5D8C0056E429 /* ReadLockerById.swift in Sources */ = {isa = PBXBuildFile; fileRef = E5734D801D9A5D8C0056E429 /* ReadLockerById.swift */; };
		E5734DF91D9A5D8C0056E429 /* ReadLockersByIds.swift in Sources */ = {isa = PBXBuildFile; fileRef = E5734D811D9A5D8C0056E429 /* ReadLockersByIds.swift */; };
		E5734DFA1D9A5D8C0056E429 /* ReadLockersByQuery.swift in Sources */ = {isa = PBXBuildFile; fileRef = E5734D821D9A5D8C0056E429 /* ReadLockersByQuery.swift */; };
		E5734DFB1D9A5D8C0056E429 /* ReadUserById.swift in Sources */ = {isa = PBXBuildFile; fileRef = E5734D831D9A5D8C0056E429 /* ReadUserById.swift */; };
		E5734DFC1D9A5D8C0056E429 /* ReadUsersByIds.swift in Sources */ = {isa = PBXBuildFile; fileRef = E5734D841D9A5D8C0056E429 /* ReadUsersByIds.swift */; };
		E5734DFD1D9A5D8C0056E429 /* ReadUsersByQuery.swift in Sources */ = {isa = PBXBuildFile; fileRef = E5734D851D9A5D8C0056E429 /* ReadUsersByQuery.swift */; };
		E5734DFE1D9A5D8C0056E429 /* UpdateLocker.swift in Sources */ = {isa = PBXBuildFile; fileRef = E5734D861D9A5D8C0056E429 /* UpdateLocker.swift */; };
		E5734DFF1D9A5D8C0056E429 /* UpdateLockers.swift in Sources */ = {isa = PBXBuildFile; fileRef = E5734D871D9A5D8C0056E429 /* UpdateLockers.swift */; };
		E5734E001D9A5D8C0056E429 /* UpdateUser.swift in Sources */ = {isa = PBXBuildFile; fileRef = E5734D881D9A5D8C0056E429 /* UpdateUser.swift */; };
		E5734E011D9A5D8C0056E429 /* UpdateUsers.swift in Sources */ = {isa = PBXBuildFile; fileRef = E5734D891D9A5D8C0056E429 /* UpdateUsers.swift */; };
		E5734E021D9A5D8C0056E429 /* UIX.swift in Sources */ = {isa = PBXBuildFile; fileRef = E5734D8B1D9A5D8C0056E429 /* UIX.swift */; };
		E5734E031D9A5D8C0056E429 /* NoCrypto.swift in Sources */ = {isa = PBXBuildFile; fileRef = E5734D8E1D9A5D8C0056E429 /* NoCrypto.swift */; };
		E5734E041D9A5D8C0056E429 /* EventSource.swift in Sources */ = {isa = PBXBuildFile; fileRef = E5734D911D9A5D8C0056E429 /* EventSource.swift */; };
		E5734E051D9A5D8C0056E429 /* Bartleby.swift in Sources */ = {isa = PBXBuildFile; fileRef = E5734D931D9A5D8C0056E429 /* Bartleby.swift */; };
		E5734E061D9A5D8C0056E429 /* Consignation.swift in Sources */ = {isa = PBXBuildFile; fileRef = E5734D941D9A5D8C0056E429 /* Consignation.swift */; };
		E5734E071D9A5D8C0056E429 /* Consignee.swift in Sources */ = {isa = PBXBuildFile; fileRef = E5734D951D9A5D8C0056E429 /* Consignee.swift */; };
		E5734E081D9A5D8C0056E429 /* Default.swift in Sources */ = {isa = PBXBuildFile; fileRef = E5734D961D9A5D8C0056E429 /* Default.swift */; };
		E5734E091D9A5D8C0056E429 /* BartlebyDocument+AppFacilities.swift in Sources */ = {isa = PBXBuildFile; fileRef = E5734D981D9A5D8C0056E429 /* BartlebyDocument+AppFacilities.swift */; };
		E5734E0A1D9A5D8C0056E429 /* BartlebyDocument+LocalUpsertAndDelete.swift in Sources */ = {isa = PBXBuildFile; fileRef = E5734D991D9A5D8C0056E429 /* BartlebyDocument+LocalUpsertAndDelete.swift */; };
		E5734E0B1D9A5D8C0056E429 /* BartlebyDocument+MetaDataImportExport.swift in Sources */ = {isa = PBXBuildFile; fileRef = E5734D9A1D9A5D8C0056E429 /* BartlebyDocument+MetaDataImportExport.swift */; };
		E5734E0C1D9A5D8C0056E429 /* BartlebyDocument+Operations.swift in Sources */ = {isa = PBXBuildFile; fileRef = E5734D9B1D9A5D8C0056E429 /* BartlebyDocument+Operations.swift */; };
		E5734E0D1D9A5D8C0056E429 /* BartlebyDocument+SecurityScopes.swift in Sources */ = {isa = PBXBuildFile; fileRef = E5734D9C1D9A5D8C0056E429 /* BartlebyDocument+SecurityScopes.swift */; };
		E5734E0E1D9A5D8C0056E429 /* BartlebyDocument+SuperIterable.swift in Sources */ = {isa = PBXBuildFile; fileRef = E5734D9D1D9A5D8C0056E429 /* BartlebyDocument+SuperIterable.swift */; };
		E5734E0F1D9A5D8C0056E429 /* BartlebyDocument+Triggers.swift in Sources */ = {isa = PBXBuildFile; fileRef = E5734D9E1D9A5D8C0056E429 /* BartlebyDocument+Triggers.swift */; };
		E5734E101D9A5D8C0056E429 /* CollectionMetadatum+Proxy.swift in Sources */ = {isa = PBXBuildFile; fileRef = E5734D9F1D9A5D8C0056E429 /* CollectionMetadatum+Proxy.swift */; };
		E5734E111D9A5D8C0056E429 /* Completion+Conveniences.swift in Sources */ = {isa = PBXBuildFile; fileRef = E5734DA01D9A5D8C0056E429 /* Completion+Conveniences.swift */; };
		E5734E121D9A5D8C0056E429 /* Completion+Result.swift in Sources */ = {isa = PBXBuildFile; fileRef = E5734DA11D9A5D8C0056E429 /* Completion+Result.swift */; };
		E5734E131D9A5D8C0056E429 /* ExternalReference+Resolution.swift in Sources */ = {isa = PBXBuildFile; fileRef = E5734DA21D9A5D8C0056E429 /* ExternalReference+Resolution.swift */; };
		E5734E141D9A5D8C0056E429 /* NSNotification+Completion.swift in Sources */ = {isa = PBXBuildFile; fileRef = E5734DA31D9A5D8C0056E429 /* NSNotification+Completion.swift */; };
		E5734E151D9A5D8C0056E429 /* NSNotification+Progression.swift in Sources */ = {isa = PBXBuildFile; fileRef = E5734DA41D9A5D8C0056E429 /* NSNotification+Progression.swift */; };
		E5734E161D9A5D8C0056E429 /* Operation+Conveniences.swift in Sources */ = {isa = PBXBuildFile; fileRef = E5734DA51D9A5D8C0056E429 /* Operation+Conveniences.swift */; };
		E5734E171D9A5D8C0056E429 /* Progression+Conveniences.swift in Sources */ = {isa = PBXBuildFile; fileRef = E5734DA61D9A5D8C0056E429 /* Progression+Conveniences.swift */; };
		E5734E181D9A5D8C0056E429 /* RegistryMetadata+Facilities.swift in Sources */ = {isa = PBXBuildFile; fileRef = E5734DA71D9A5D8C0056E429 /* RegistryMetadata+Facilities.swift */; };
		E5734E191D9A5D8C0056E429 /* RegistryMetadata+Protocol.swift in Sources */ = {isa = PBXBuildFile; fileRef = E5734DA81D9A5D8C0056E429 /* RegistryMetadata+Protocol.swift */; };
		E5734E1A1D9A5D8C0056E429 /* Global.swift in Sources */ = {isa = PBXBuildFile; fileRef = E5734DA91D9A5D8C0056E429 /* Global.swift */; };
		E5734E1B1D9A5D8C0056E429 /* Handlers.swift in Sources */ = {isa = PBXBuildFile; fileRef = E5734DAA1D9A5D8C0056E429 /* Handlers.swift */; };
		E5734E1C1D9A5D8C0056E429 /* JData+Conveniences.swift in Sources */ = {isa = PBXBuildFile; fileRef = E5734DAC1D9A5D8C0056E429 /* JData+Conveniences.swift */; };
		E5734E1D1D9A5D8C0056E429 /* JHTTPCommand.swift in Sources */ = {isa = PBXBuildFile; fileRef = E5734DAD1D9A5D8C0056E429 /* JHTTPCommand.swift */; };
		E5734E1E1D9A5D8C0056E429 /* JHTTPResponse.swift in Sources */ = {isa = PBXBuildFile; fileRef = E5734DAE1D9A5D8C0056E429 /* JHTTPResponse.swift */; };
		E5734E1F1D9A5D8C0056E429 /* JObject.swift in Sources */ = {isa = PBXBuildFile; fileRef = E5734DAF1D9A5D8C0056E429 /* JObject.swift */; };
		E5734E201D9A5D8C0056E429 /* JSerializer.swift in Sources */ = {isa = PBXBuildFile; fileRef = E5734DB01D9A5D8C0056E429 /* JSerializer.swift */; };
		E5734E211D9A5D8C0056E429 /* JString+Conveniences.swift in Sources */ = {isa = PBXBuildFile; fileRef = E5734DB11D9A5D8C0056E429 /* JString+Conveniences.swift */; };
		E5734E231D9A5D8C0056E429 /* ImageTransform.swift in Sources */ = {isa = PBXBuildFile; fileRef = E5734DB41D9A5D8C0056E429 /* ImageTransform.swift */; };
		E5734E241D9A5D8C0056E429 /* BartlebyFileIO.swift in Sources */ = {isa = PBXBuildFile; fileRef = E5734DB61D9A5D8C0056E429 /* BartlebyFileIO.swift */; };
		E5734E251D9A5D8C0056E429 /* Collectible.swift in Sources */ = {isa = PBXBuildFile; fileRef = E5734DB71D9A5D8C0056E429 /* Collectible.swift */; };
		E5734E261D9A5D8C0056E429 /* CollectibleCollection.swift in Sources */ = {isa = PBXBuildFile; fileRef = E5734DB81D9A5D8C0056E429 /* CollectibleCollection.swift */; };
		E5734E271D9A5D8C0056E429 /* CollectionMetadatumProtocol.swift in Sources */ = {isa = PBXBuildFile; fileRef = E5734DB91D9A5D8C0056E429 /* CollectionMetadatumProtocol.swift */; };
		E5734E281D9A5D8C0056E429 /* Commitable.swift in Sources */ = {isa = PBXBuildFile; fileRef = E5734DBA1D9A5D8C0056E429 /* Commitable.swift */; };
		E5734E291D9A5D8C0056E429 /* CryptoDelegate.swift in Sources */ = {isa = PBXBuildFile; fileRef = E5734DBB1D9A5D8C0056E429 /* CryptoDelegate.swift */; };
		E5734E2A1D9A5D8C0056E429 /* Descriptible.swift in Sources */ = {isa = PBXBuildFile; fileRef = E5734DBC1D9A5D8C0056E429 /* Descriptible.swift */; };
		E5734E2B1D9A5D8C0056E429 /* DictionaryRepresentation.swift in Sources */ = {isa = PBXBuildFile; fileRef = E5734DBD1D9A5D8C0056E429 /* DictionaryRepresentation.swift */; };
		E5734E2C1D9A5D8C0056E429 /* Distribuable.swift in Sources */ = {isa = PBXBuildFile; fileRef = E5734DBE1D9A5D8C0056E429 /* Distribuable.swift */; };
		E5734E2D1D9A5D8C0056E429 /* ForwardableState.swift in Sources */ = {isa = PBXBuildFile; fileRef = E5734DBF1D9A5D8C0056E429 /* ForwardableState.swift */; };
		E5734E2E1D9A5D8C0056E429 /* HTTPCommand.swift in Sources */ = {isa = PBXBuildFile; fileRef = E5734DC01D9A5D8C0056E429 /* HTTPCommand.swift */; };
		E5734E2F1D9A5D8C0056E429 /* HTTPResponse.swift in Sources */ = {isa = PBXBuildFile; fileRef = E5734DC11D9A5D8C0056E429 /* HTTPResponse.swift */; };
		E5734E301D9A5D8C0056E429 /* Identifiable.swift in Sources */ = {isa = PBXBuildFile; fileRef = E5734DC21D9A5D8C0056E429 /* Identifiable.swift */; };
		E5734E311D9A5D8C0056E429 /* Initializable.swift in Sources */ = {isa = PBXBuildFile; fileRef = E5734DC31D9A5D8C0056E429 /* Initializable.swift */; };
		E5734E321D9A5D8C0056E429 /* Invocable.swift in Sources */ = {isa = PBXBuildFile; fileRef = E5734DC41D9A5D8C0056E429 /* Invocable.swift */; };
		E5734E331D9A5D8C0056E429 /* JSONString.swift in Sources */ = {isa = PBXBuildFile; fileRef = E5734DC51D9A5D8C0056E429 /* JSONString.swift */; };
		E5734E341D9A5D8C0056E429 /* Monitoring.swift in Sources */ = {isa = PBXBuildFile; fileRef = E5734DC61D9A5D8C0056E429 /* Monitoring.swift */; };
		E5734E351D9A5D8C0056E429 /* RegistryMetadataProtocol.swift in Sources */ = {isa = PBXBuildFile; fileRef = E5734DC71D9A5D8C0056E429 /* RegistryMetadataProtocol.swift */; };
		E5734E361D9A5D8C0056E429 /* Serializable.swift in Sources */ = {isa = PBXBuildFile; fileRef = E5734DC81D9A5D8C0056E429 /* Serializable.swift */; };
		E5734E371D9A5D8C0056E429 /* Serializer.swift in Sources */ = {isa = PBXBuildFile; fileRef = E5734DC91D9A5D8C0056E429 /* Serializer.swift */; };
		E5734E381D9A5D8C0056E429 /* SuperIterable.swift in Sources */ = {isa = PBXBuildFile; fileRef = E5734DCA1D9A5D8C0056E429 /* SuperIterable.swift */; };
		E5734E391D9A5D8C0056E429 /* Supervisable.swift in Sources */ = {isa = PBXBuildFile; fileRef = E5734DCB1D9A5D8C0056E429 /* Supervisable.swift */; };
		E5734E3A1D9A5D8C0056E429 /* UniversalType.swift in Sources */ = {isa = PBXBuildFile; fileRef = E5734DCC1D9A5D8C0056E429 /* UniversalType.swift */; };
		E5734E3B1D9A5D8C0056E429 /* UserProtocol.swift in Sources */ = {isa = PBXBuildFile; fileRef = E5734DCD1D9A5D8C0056E429 /* UserProtocol.swift */; };
		E5734E3C1D9A5D8C0056E429 /* Registry.swift in Sources */ = {isa = PBXBuildFile; fileRef = E5734DCE1D9A5D8C0056E429 /* Registry.swift */; };
		E5734E3D1D9A5D8C0056E429 /* StatusOfCompletion.swift in Sources */ = {isa = PBXBuildFile; fileRef = E5734DCF1D9A5D8C0056E429 /* StatusOfCompletion.swift */; };
		E5734E3E1D9A5D8C0056E429 /* NSUndomanager+RegisterUndo.swift in Sources */ = {isa = PBXBuildFile; fileRef = E5734DD11D9A5D8C0056E429 /* NSUndomanager+RegisterUndo.swift */; };
		E5734E3F1D9A5D8C0056E429 /* User+Auth.swift in Sources */ = {isa = PBXBuildFile; fileRef = E5734DD21D9A5D8C0056E429 /* User+Auth.swift */; };
		E5734E401D9A5D8C0056E429 /* LoginUser.swift in Sources */ = {isa = PBXBuildFile; fileRef = E5734DD41D9A5D8C0056E429 /* LoginUser.swift */; };
		E5734E411D9A5D8C0056E429 /* LogoutUser.swift in Sources */ = {isa = PBXBuildFile; fileRef = E5734DD51D9A5D8C0056E429 /* LogoutUser.swift */; };
		E5734E421D9A5D8C0056E429 /* TriggersAfterIndex.swift in Sources */ = {isa = PBXBuildFile; fileRef = E5734DD61D9A5D8C0056E429 /* TriggersAfterIndex.swift */; };
		E5734E431D9A5D8C0056E429 /* TriggersByIds.swift in Sources */ = {isa = PBXBuildFile; fileRef = E5734DD71D9A5D8C0056E429 /* TriggersByIds.swift */; };
		E5734E441D9A5D8C0056E429 /* TriggersForIndexes.swift in Sources */ = {isa = PBXBuildFile; fileRef = E5734DD81D9A5D8C0056E429 /* TriggersForIndexes.swift */; };
		E5734E451D9A5D8C0056E429 /* VerifyLocker.swift in Sources */ = {isa = PBXBuildFile; fileRef = E5734DD91D9A5D8C0056E429 /* VerifyLocker.swift */; };
		E5734E471D9A5D8C0056E429 /* BFileManager.swift in Sources */ = {isa = PBXBuildFile; fileRef = E5734DDC1D9A5D8C0056E429 /* BFileManager.swift */; };
		E5734E481D9A5D8C0056E429 /* HTTPManager.swift in Sources */ = {isa = PBXBuildFile; fileRef = E5734DDD1D9A5D8C0056E429 /* HTTPManager.swift */; };
		E5734E491D9A5D8C0056E429 /* Pluralization.swift in Sources */ = {isa = PBXBuildFile; fileRef = E5734DDE1D9A5D8C0056E429 /* Pluralization.swift */; };
		E5734E4A1D9A5D8C0056E429 /* PString.swift in Sources */ = {isa = PBXBuildFile; fileRef = E5734DDF1D9A5D8C0056E429 /* PString.swift */; };
		E5CC28F91D846CB300F7C783 /* AFError.swift in Sources */ = {isa = PBXBuildFile; fileRef = E5CC28521D846CB300F7C783 /* AFError.swift */; };
		E5CC28FA1D846CB300F7C783 /* Alamofire.swift in Sources */ = {isa = PBXBuildFile; fileRef = E5CC28541D846CB300F7C783 /* Alamofire.swift */; };
		E5CC28FB1D846CB300F7C783 /* DispatchQueue+Alamofire.swift in Sources */ = {isa = PBXBuildFile; fileRef = E5CC28551D846CB300F7C783 /* DispatchQueue+Alamofire.swift */; };
		E5CC28FC1D846CB300F7C783 /* MultipartFormData.swift in Sources */ = {isa = PBXBuildFile; fileRef = E5CC28581D846CB300F7C783 /* MultipartFormData.swift */; };
		E5CC28FD1D846CB300F7C783 /* NetworkReachabilityManager.swift in Sources */ = {isa = PBXBuildFile; fileRef = E5CC28591D846CB300F7C783 /* NetworkReachabilityManager.swift */; };
		E5CC28FE1D846CB300F7C783 /* Notifications.swift in Sources */ = {isa = PBXBuildFile; fileRef = E5CC285A1D846CB300F7C783 /* Notifications.swift */; };
		E5CC28FF1D846CB300F7C783 /* ParameterEncoding.swift in Sources */ = {isa = PBXBuildFile; fileRef = E5CC285B1D846CB300F7C783 /* ParameterEncoding.swift */; };
		E5CC29001D846CB300F7C783 /* Request.swift in Sources */ = {isa = PBXBuildFile; fileRef = E5CC285C1D846CB300F7C783 /* Request.swift */; };
		E5CC29011D846CB300F7C783 /* Response.swift in Sources */ = {isa = PBXBuildFile; fileRef = E5CC285D1D846CB300F7C783 /* Response.swift */; };
		E5CC29021D846CB300F7C783 /* ResponseSerialization.swift in Sources */ = {isa = PBXBuildFile; fileRef = E5CC285E1D846CB300F7C783 /* ResponseSerialization.swift */; };
		E5CC29031D846CB300F7C783 /* Result.swift in Sources */ = {isa = PBXBuildFile; fileRef = E5CC285F1D846CB300F7C783 /* Result.swift */; };
		E5CC29041D846CB300F7C783 /* ServerTrustPolicy.swift in Sources */ = {isa = PBXBuildFile; fileRef = E5CC28601D846CB300F7C783 /* ServerTrustPolicy.swift */; };
		E5CC29051D846CB300F7C783 /* SessionDelegate.swift in Sources */ = {isa = PBXBuildFile; fileRef = E5CC28611D846CB300F7C783 /* SessionDelegate.swift */; };
		E5CC29061D846CB300F7C783 /* SessionManager.swift in Sources */ = {isa = PBXBuildFile; fileRef = E5CC28621D846CB300F7C783 /* SessionManager.swift */; };
		E5CC29071D846CB300F7C783 /* TaskDelegate.swift in Sources */ = {isa = PBXBuildFile; fileRef = E5CC28631D846CB300F7C783 /* TaskDelegate.swift */; };
		E5CC29081D846CB300F7C783 /* Timeline.swift in Sources */ = {isa = PBXBuildFile; fileRef = E5CC28641D846CB300F7C783 /* Timeline.swift */; };
		E5CC29091D846CB300F7C783 /* Validation.swift in Sources */ = {isa = PBXBuildFile; fileRef = E5CC28651D846CB300F7C783 /* Validation.swift */; };
		E5CC291F1D846CB300F7C783 /* CommandLine.swift in Sources */ = {isa = PBXBuildFile; fileRef = E5CC28AC1D846CB300F7C783 /* CommandLine.swift */; };
		E5CC29201D846CB300F7C783 /* Option.swift in Sources */ = {isa = PBXBuildFile; fileRef = E5CC28AE1D846CB300F7C783 /* Option.swift */; };
		E5CC29211D846CB300F7C783 /* StringExtensions.swift in Sources */ = {isa = PBXBuildFile; fileRef = E5CC28AF1D846CB300F7C783 /* StringExtensions.swift */; };
		E5CC29271D846CB300F7C783 /* FromJSON.swift in Sources */ = {isa = PBXBuildFile; fileRef = E5CC28C21D846CB300F7C783 /* FromJSON.swift */; };
		E5CC29281D846CB300F7C783 /* Map.swift in Sources */ = {isa = PBXBuildFile; fileRef = E5CC28C31D846CB300F7C783 /* Map.swift */; };
		E5CC29291D846CB300F7C783 /* Mappable.swift in Sources */ = {isa = PBXBuildFile; fileRef = E5CC28C41D846CB300F7C783 /* Mappable.swift */; };
		E5CC292A1D846CB300F7C783 /* Mapper.swift in Sources */ = {isa = PBXBuildFile; fileRef = E5CC28C51D846CB300F7C783 /* Mapper.swift */; };
		E5CC292B1D846CB300F7C783 /* Operators.swift in Sources */ = {isa = PBXBuildFile; fileRef = E5CC28C61D846CB300F7C783 /* Operators.swift */; };
		E5CC292C1D846CB300F7C783 /* ToJSON.swift in Sources */ = {isa = PBXBuildFile; fileRef = E5CC28C71D846CB300F7C783 /* ToJSON.swift */; };
		E5CC292D1D846CB300F7C783 /* CustomDateFormatTransform.swift in Sources */ = {isa = PBXBuildFile; fileRef = E5CC28CB1D846CB300F7C783 /* CustomDateFormatTransform.swift */; };
		E5CC292E1D846CB300F7C783 /* DataTransform.swift in Sources */ = {isa = PBXBuildFile; fileRef = E5CC28CC1D846CB300F7C783 /* DataTransform.swift */; };
		E5CC292F1D846CB300F7C783 /* DateFormatterTransform.swift in Sources */ = {isa = PBXBuildFile; fileRef = E5CC28CD1D846CB300F7C783 /* DateFormatterTransform.swift */; };
		E5CC29301D846CB300F7C783 /* DateTransform.swift in Sources */ = {isa = PBXBuildFile; fileRef = E5CC28CE1D846CB300F7C783 /* DateTransform.swift */; };
		E5CC29311D846CB300F7C783 /* DictionaryTransform.swift in Sources */ = {isa = PBXBuildFile; fileRef = E5CC28CF1D846CB300F7C783 /* DictionaryTransform.swift */; };
		E5CC29321D846CB300F7C783 /* EnumTransform.swift in Sources */ = {isa = PBXBuildFile; fileRef = E5CC28D01D846CB300F7C783 /* EnumTransform.swift */; };
		E5CC29331D846CB300F7C783 /* ISO8601DateTransform.swift in Sources */ = {isa = PBXBuildFile; fileRef = E5CC28D11D846CB300F7C783 /* ISO8601DateTransform.swift */; };
		E5CC29341D846CB300F7C783 /* NSDecimalNumberTransform.swift in Sources */ = {isa = PBXBuildFile; fileRef = E5CC28D21D846CB300F7C783 /* NSDecimalNumberTransform.swift */; };
		E5CC29351D846CB300F7C783 /* TransformOf.swift in Sources */ = {isa = PBXBuildFile; fileRef = E5CC28D31D846CB300F7C783 /* TransformOf.swift */; };
		E5CC29361D846CB300F7C783 /* TransformType.swift in Sources */ = {isa = PBXBuildFile; fileRef = E5CC28D41D846CB300F7C783 /* TransformType.swift */; };
		E5CC29371D846CB300F7C783 /* URLTransform.swift in Sources */ = {isa = PBXBuildFile; fileRef = E5CC28D51D846CB300F7C783 /* URLTransform.swift */; };
		E5D085411C550DC500F0090E /* BartlebysCommandsFacade.swift in Sources */ = {isa = PBXBuildFile; fileRef = E5D085401C550DC500F0090E /* BartlebysCommandsFacade.swift */; };
		E5D0869A1C550E1900F0090E /* CryptedDataTransform.swift in Sources */ = {isa = PBXBuildFile; fileRef = E5D085F61C550E1900F0090E /* CryptedDataTransform.swift */; };
		E5D0869B1C550E1900F0090E /* CryptedKeyValueStorage.swift in Sources */ = {isa = PBXBuildFile; fileRef = E5D085F71C550E1900F0090E /* CryptedKeyValueStorage.swift */; };
		E5D0869C1C550E1900F0090E /* CryptedStringKeyValueTransform.swift in Sources */ = {isa = PBXBuildFile; fileRef = E5D085F81C550E1900F0090E /* CryptedStringKeyValueTransform.swift */; };
		E5D0869D1C550E1900F0090E /* CryptedStringTransform.swift in Sources */ = {isa = PBXBuildFile; fileRef = E5D085F91C550E1900F0090E /* CryptedStringTransform.swift */; };
		E5D0869E1C550E1900F0090E /* CryptoHelper.swift in Sources */ = {isa = PBXBuildFile; fileRef = E5D085FA1C550E1900F0090E /* CryptoHelper.swift */; };
/* End PBXBuildFile section */

/* Begin PBXCopyFilesBuildPhase section */
		E50A3AB21C453A6D004BB7E3 /* CopyFiles */ = {
			isa = PBXCopyFilesBuildPhase;
			buildActionMask = 2147483647;
			dstPath = /usr/share/man/man1/;
			dstSubfolderSpec = 0;
			files = (
			);
			runOnlyForDeploymentPostprocessing = 1;
		};
/* End PBXCopyFilesBuildPhase section */

/* Begin PBXFileReference section */
		E50A3AB41C453A6D004BB7E3 /* bartleby */ = {isa = PBXFileReference; explicitFileType = "compiled.mach-o.executable"; includeInIndex = 0; path = bartleby; sourceTree = BUILT_PRODUCTS_DIR; };
		E50A3AB71C453A6D004BB7E3 /* main.swift */ = {isa = PBXFileReference; lastKnownFileType = sourcecode.swift; path = main.swift; sourceTree = "<group>"; };
		E50A3B091C453BB1004BB7E3 /* Bartleby-Bridging-Header.h */ = {isa = PBXFileReference; lastKnownFileType = sourcecode.c.h; path = "Bartleby-Bridging-Header.h"; sourceTree = "<group>"; };
		E50A6F011CC8DE7700F89311 /* CryptedSerializableTransform.swift */ = {isa = PBXFileReference; fileEncoding = 4; lastKnownFileType = sourcecode.swift; path = CryptedSerializableTransform.swift; sourceTree = "<group>"; };
		E548A4821D880577006FF410 /* bartlebyTests.xctest */ = {isa = PBXFileReference; explicitFileType = wrapper.cfbundle; includeInIndex = 0; path = bartlebyTests.xctest; sourceTree = BUILT_PRODUCTS_DIR; };
		E548A4841D880577006FF410 /* bartlebyTests.swift */ = {isa = PBXFileReference; lastKnownFileType = sourcecode.swift; path = bartlebyTests.swift; sourceTree = "<group>"; };
		E548A4861D880577006FF410 /* Info.plist */ = {isa = PBXFileReference; lastKnownFileType = text.plist.xml; path = Info.plist; sourceTree = "<group>"; };
		E5734D651D9A5D8C0056E429 /* BartlebyDocument.swift */ = {isa = PBXFileReference; fileEncoding = 4; lastKnownFileType = sourcecode.swift; path = BartlebyDocument.swift; sourceTree = "<group>"; };
		E5734D671D9A5D8C0056E429 /* LockersCollectionController.swift */ = {isa = PBXFileReference; fileEncoding = 4; lastKnownFileType = sourcecode.swift; path = LockersCollectionController.swift; sourceTree = "<group>"; };
		E5734D681D9A5D8C0056E429 /* PushOperationsCollectionController.swift */ = {isa = PBXFileReference; fileEncoding = 4; lastKnownFileType = sourcecode.swift; path = PushOperationsCollectionController.swift; sourceTree = "<group>"; };
		E5734D691D9A5D8C0056E429 /* UsersCollectionController.swift */ = {isa = PBXFileReference; fileEncoding = 4; lastKnownFileType = sourcecode.swift; path = UsersCollectionController.swift; sourceTree = "<group>"; };
		E5734D6B1D9A5D8C0056E429 /* CollectionMetadatum.swift */ = {isa = PBXFileReference; fileEncoding = 4; lastKnownFileType = sourcecode.swift; path = CollectionMetadatum.swift; sourceTree = "<group>"; };
		E5734D6C1D9A5D8C0056E429 /* Completion.swift */ = {isa = PBXFileReference; fileEncoding = 4; lastKnownFileType = sourcecode.swift; path = Completion.swift; sourceTree = "<group>"; };
		E5734D6D1D9A5D8C0056E429 /* ExternalReference.swift */ = {isa = PBXFileReference; fileEncoding = 4; lastKnownFileType = sourcecode.swift; path = ExternalReference.swift; sourceTree = "<group>"; };
		E5734D6E1D9A5D8C0056E429 /* JData.swift */ = {isa = PBXFileReference; fileEncoding = 4; lastKnownFileType = sourcecode.swift; path = JData.swift; sourceTree = "<group>"; };
		E5734D6F1D9A5D8C0056E429 /* JString.swift */ = {isa = PBXFileReference; fileEncoding = 4; lastKnownFileType = sourcecode.swift; path = JString.swift; sourceTree = "<group>"; };
		E5734D701D9A5D8C0056E429 /* Locker.swift */ = {isa = PBXFileReference; fileEncoding = 4; lastKnownFileType = sourcecode.swift; path = Locker.swift; sourceTree = "<group>"; };
		E5734D711D9A5D8C0056E429 /* Progression.swift */ = {isa = PBXFileReference; fileEncoding = 4; lastKnownFileType = sourcecode.swift; path = Progression.swift; sourceTree = "<group>"; };
		E5734D721D9A5D8C0056E429 /* PushOperation.swift */ = {isa = PBXFileReference; fileEncoding = 4; lastKnownFileType = sourcecode.swift; path = PushOperation.swift; sourceTree = "<group>"; };
		E5734D731D9A5D8C0056E429 /* RegistryMetadata.swift */ = {isa = PBXFileReference; fileEncoding = 4; lastKnownFileType = sourcecode.swift; path = RegistryMetadata.swift; sourceTree = "<group>"; };
		E5734D741D9A5D8C0056E429 /* Tag.swift */ = {isa = PBXFileReference; fileEncoding = 4; lastKnownFileType = sourcecode.swift; path = Tag.swift; sourceTree = "<group>"; };
		E5734D751D9A5D8C0056E429 /* Trigger.swift */ = {isa = PBXFileReference; fileEncoding = 4; lastKnownFileType = sourcecode.swift; path = Trigger.swift; sourceTree = "<group>"; };
		E5734D761D9A5D8C0056E429 /* User.swift */ = {isa = PBXFileReference; fileEncoding = 4; lastKnownFileType = sourcecode.swift; path = User.swift; sourceTree = "<group>"; };
		E5734D781D9A5D8C0056E429 /* CreateLocker.swift */ = {isa = PBXFileReference; fileEncoding = 4; lastKnownFileType = sourcecode.swift; path = CreateLocker.swift; sourceTree = "<group>"; };
		E5734D791D9A5D8C0056E429 /* CreateLockers.swift */ = {isa = PBXFileReference; fileEncoding = 4; lastKnownFileType = sourcecode.swift; path = CreateLockers.swift; sourceTree = "<group>"; };
		E5734D7A1D9A5D8C0056E429 /* CreateUser.swift */ = {isa = PBXFileReference; fileEncoding = 4; lastKnownFileType = sourcecode.swift; path = CreateUser.swift; sourceTree = "<group>"; };
		E5734D7B1D9A5D8C0056E429 /* CreateUsers.swift */ = {isa = PBXFileReference; fileEncoding = 4; lastKnownFileType = sourcecode.swift; path = CreateUsers.swift; sourceTree = "<group>"; };
		E5734D7C1D9A5D8C0056E429 /* DeleteLocker.swift */ = {isa = PBXFileReference; fileEncoding = 4; lastKnownFileType = sourcecode.swift; path = DeleteLocker.swift; sourceTree = "<group>"; };
		E5734D7D1D9A5D8C0056E429 /* DeleteLockers.swift */ = {isa = PBXFileReference; fileEncoding = 4; lastKnownFileType = sourcecode.swift; path = DeleteLockers.swift; sourceTree = "<group>"; };
		E5734D7E1D9A5D8C0056E429 /* DeleteUser.swift */ = {isa = PBXFileReference; fileEncoding = 4; lastKnownFileType = sourcecode.swift; path = DeleteUser.swift; sourceTree = "<group>"; };
		E5734D7F1D9A5D8C0056E429 /* DeleteUsers.swift */ = {isa = PBXFileReference; fileEncoding = 4; lastKnownFileType = sourcecode.swift; path = DeleteUsers.swift; sourceTree = "<group>"; };
		E5734D801D9A5D8C0056E429 /* ReadLockerById.swift */ = {isa = PBXFileReference; fileEncoding = 4; lastKnownFileType = sourcecode.swift; path = ReadLockerById.swift; sourceTree = "<group>"; };
		E5734D811D9A5D8C0056E429 /* ReadLockersByIds.swift */ = {isa = PBXFileReference; fileEncoding = 4; lastKnownFileType = sourcecode.swift; path = ReadLockersByIds.swift; sourceTree = "<group>"; };
		E5734D821D9A5D8C0056E429 /* ReadLockersByQuery.swift */ = {isa = PBXFileReference; fileEncoding = 4; lastKnownFileType = sourcecode.swift; path = ReadLockersByQuery.swift; sourceTree = "<group>"; };
		E5734D831D9A5D8C0056E429 /* ReadUserById.swift */ = {isa = PBXFileReference; fileEncoding = 4; lastKnownFileType = sourcecode.swift; path = ReadUserById.swift; sourceTree = "<group>"; };
		E5734D841D9A5D8C0056E429 /* ReadUsersByIds.swift */ = {isa = PBXFileReference; fileEncoding = 4; lastKnownFileType = sourcecode.swift; path = ReadUsersByIds.swift; sourceTree = "<group>"; };
		E5734D851D9A5D8C0056E429 /* ReadUsersByQuery.swift */ = {isa = PBXFileReference; fileEncoding = 4; lastKnownFileType = sourcecode.swift; path = ReadUsersByQuery.swift; sourceTree = "<group>"; };
		E5734D861D9A5D8C0056E429 /* UpdateLocker.swift */ = {isa = PBXFileReference; fileEncoding = 4; lastKnownFileType = sourcecode.swift; path = UpdateLocker.swift; sourceTree = "<group>"; };
		E5734D871D9A5D8C0056E429 /* UpdateLockers.swift */ = {isa = PBXFileReference; fileEncoding = 4; lastKnownFileType = sourcecode.swift; path = UpdateLockers.swift; sourceTree = "<group>"; };
		E5734D881D9A5D8C0056E429 /* UpdateUser.swift */ = {isa = PBXFileReference; fileEncoding = 4; lastKnownFileType = sourcecode.swift; path = UpdateUser.swift; sourceTree = "<group>"; };
		E5734D891D9A5D8C0056E429 /* UpdateUsers.swift */ = {isa = PBXFileReference; fileEncoding = 4; lastKnownFileType = sourcecode.swift; path = UpdateUsers.swift; sourceTree = "<group>"; };
		E5734D8B1D9A5D8C0056E429 /* UIX.swift */ = {isa = PBXFileReference; fileEncoding = 4; lastKnownFileType = sourcecode.swift; path = UIX.swift; sourceTree = "<group>"; };
		E5734D8E1D9A5D8C0056E429 /* NoCrypto.swift */ = {isa = PBXFileReference; fileEncoding = 4; lastKnownFileType = sourcecode.swift; path = NoCrypto.swift; sourceTree = "<group>"; };
		E5734D911D9A5D8C0056E429 /* EventSource.swift */ = {isa = PBXFileReference; fileEncoding = 4; lastKnownFileType = sourcecode.swift; path = EventSource.swift; sourceTree = "<group>"; };
		E5734D931D9A5D8C0056E429 /* Bartleby.swift */ = {isa = PBXFileReference; fileEncoding = 4; lastKnownFileType = sourcecode.swift; path = Bartleby.swift; sourceTree = "<group>"; };
		E5734D941D9A5D8C0056E429 /* Consignation.swift */ = {isa = PBXFileReference; fileEncoding = 4; lastKnownFileType = sourcecode.swift; path = Consignation.swift; sourceTree = "<group>"; };
		E5734D951D9A5D8C0056E429 /* Consignee.swift */ = {isa = PBXFileReference; fileEncoding = 4; lastKnownFileType = sourcecode.swift; path = Consignee.swift; sourceTree = "<group>"; };
		E5734D961D9A5D8C0056E429 /* Default.swift */ = {isa = PBXFileReference; fileEncoding = 4; lastKnownFileType = sourcecode.swift; path = Default.swift; sourceTree = "<group>"; };
		E5734D981D9A5D8C0056E429 /* BartlebyDocument+AppFacilities.swift */ = {isa = PBXFileReference; fileEncoding = 4; lastKnownFileType = sourcecode.swift; path = "BartlebyDocument+AppFacilities.swift"; sourceTree = "<group>"; };
		E5734D991D9A5D8C0056E429 /* BartlebyDocument+LocalUpsertAndDelete.swift */ = {isa = PBXFileReference; fileEncoding = 4; lastKnownFileType = sourcecode.swift; path = "BartlebyDocument+LocalUpsertAndDelete.swift"; sourceTree = "<group>"; };
		E5734D9A1D9A5D8C0056E429 /* BartlebyDocument+MetaDataImportExport.swift */ = {isa = PBXFileReference; fileEncoding = 4; lastKnownFileType = sourcecode.swift; path = "BartlebyDocument+MetaDataImportExport.swift"; sourceTree = "<group>"; };
		E5734D9B1D9A5D8C0056E429 /* BartlebyDocument+Operations.swift */ = {isa = PBXFileReference; fileEncoding = 4; lastKnownFileType = sourcecode.swift; path = "BartlebyDocument+Operations.swift"; sourceTree = "<group>"; };
		E5734D9C1D9A5D8C0056E429 /* BartlebyDocument+SecurityScopes.swift */ = {isa = PBXFileReference; fileEncoding = 4; lastKnownFileType = sourcecode.swift; path = "BartlebyDocument+SecurityScopes.swift"; sourceTree = "<group>"; };
		E5734D9D1D9A5D8C0056E429 /* BartlebyDocument+SuperIterable.swift */ = {isa = PBXFileReference; fileEncoding = 4; lastKnownFileType = sourcecode.swift; path = "BartlebyDocument+SuperIterable.swift"; sourceTree = "<group>"; };
		E5734D9E1D9A5D8C0056E429 /* BartlebyDocument+Triggers.swift */ = {isa = PBXFileReference; fileEncoding = 4; lastKnownFileType = sourcecode.swift; path = "BartlebyDocument+Triggers.swift"; sourceTree = "<group>"; };
		E5734D9F1D9A5D8C0056E429 /* CollectionMetadatum+Proxy.swift */ = {isa = PBXFileReference; fileEncoding = 4; lastKnownFileType = sourcecode.swift; path = "CollectionMetadatum+Proxy.swift"; sourceTree = "<group>"; };
		E5734DA01D9A5D8C0056E429 /* Completion+Conveniences.swift */ = {isa = PBXFileReference; fileEncoding = 4; lastKnownFileType = sourcecode.swift; path = "Completion+Conveniences.swift"; sourceTree = "<group>"; };
		E5734DA11D9A5D8C0056E429 /* Completion+Result.swift */ = {isa = PBXFileReference; fileEncoding = 4; lastKnownFileType = sourcecode.swift; path = "Completion+Result.swift"; sourceTree = "<group>"; };
		E5734DA21D9A5D8C0056E429 /* ExternalReference+Resolution.swift */ = {isa = PBXFileReference; fileEncoding = 4; lastKnownFileType = sourcecode.swift; path = "ExternalReference+Resolution.swift"; sourceTree = "<group>"; };
		E5734DA31D9A5D8C0056E429 /* NSNotification+Completion.swift */ = {isa = PBXFileReference; fileEncoding = 4; lastKnownFileType = sourcecode.swift; path = "NSNotification+Completion.swift"; sourceTree = "<group>"; };
		E5734DA41D9A5D8C0056E429 /* NSNotification+Progression.swift */ = {isa = PBXFileReference; fileEncoding = 4; lastKnownFileType = sourcecode.swift; path = "NSNotification+Progression.swift"; sourceTree = "<group>"; };
		E5734DA51D9A5D8C0056E429 /* Operation+Conveniences.swift */ = {isa = PBXFileReference; fileEncoding = 4; lastKnownFileType = sourcecode.swift; path = "Operation+Conveniences.swift"; sourceTree = "<group>"; };
		E5734DA61D9A5D8C0056E429 /* Progression+Conveniences.swift */ = {isa = PBXFileReference; fileEncoding = 4; lastKnownFileType = sourcecode.swift; path = "Progression+Conveniences.swift"; sourceTree = "<group>"; };
		E5734DA71D9A5D8C0056E429 /* RegistryMetadata+Facilities.swift */ = {isa = PBXFileReference; fileEncoding = 4; lastKnownFileType = sourcecode.swift; path = "RegistryMetadata+Facilities.swift"; sourceTree = "<group>"; };
		E5734DA81D9A5D8C0056E429 /* RegistryMetadata+Protocol.swift */ = {isa = PBXFileReference; fileEncoding = 4; lastKnownFileType = sourcecode.swift; path = "RegistryMetadata+Protocol.swift"; sourceTree = "<group>"; };
		E5734DA91D9A5D8C0056E429 /* Global.swift */ = {isa = PBXFileReference; fileEncoding = 4; lastKnownFileType = sourcecode.swift; path = Global.swift; sourceTree = "<group>"; };
		E5734DAA1D9A5D8C0056E429 /* Handlers.swift */ = {isa = PBXFileReference; fileEncoding = 4; lastKnownFileType = sourcecode.swift; path = Handlers.swift; sourceTree = "<group>"; };
		E5734DAC1D9A5D8C0056E429 /* JData+Conveniences.swift */ = {isa = PBXFileReference; fileEncoding = 4; lastKnownFileType = sourcecode.swift; path = "JData+Conveniences.swift"; sourceTree = "<group>"; };
		E5734DAD1D9A5D8C0056E429 /* JHTTPCommand.swift */ = {isa = PBXFileReference; fileEncoding = 4; lastKnownFileType = sourcecode.swift; path = JHTTPCommand.swift; sourceTree = "<group>"; };
		E5734DAE1D9A5D8C0056E429 /* JHTTPResponse.swift */ = {isa = PBXFileReference; fileEncoding = 4; lastKnownFileType = sourcecode.swift; path = JHTTPResponse.swift; sourceTree = "<group>"; };
		E5734DAF1D9A5D8C0056E429 /* JObject.swift */ = {isa = PBXFileReference; fileEncoding = 4; lastKnownFileType = sourcecode.swift; path = JObject.swift; sourceTree = "<group>"; };
		E5734DB01D9A5D8C0056E429 /* JSerializer.swift */ = {isa = PBXFileReference; fileEncoding = 4; lastKnownFileType = sourcecode.swift; path = JSerializer.swift; sourceTree = "<group>"; };
		E5734DB11D9A5D8C0056E429 /* JString+Conveniences.swift */ = {isa = PBXFileReference; fileEncoding = 4; lastKnownFileType = sourcecode.swift; path = "JString+Conveniences.swift"; sourceTree = "<group>"; };
		E5734DB41D9A5D8C0056E429 /* ImageTransform.swift */ = {isa = PBXFileReference; fileEncoding = 4; lastKnownFileType = sourcecode.swift; path = ImageTransform.swift; sourceTree = "<group>"; };
		E5734DB61D9A5D8C0056E429 /* BartlebyFileIO.swift */ = {isa = PBXFileReference; fileEncoding = 4; lastKnownFileType = sourcecode.swift; path = BartlebyFileIO.swift; sourceTree = "<group>"; };
		E5734DB71D9A5D8C0056E429 /* Collectible.swift */ = {isa = PBXFileReference; fileEncoding = 4; lastKnownFileType = sourcecode.swift; path = Collectible.swift; sourceTree = "<group>"; };
		E5734DB81D9A5D8C0056E429 /* CollectibleCollection.swift */ = {isa = PBXFileReference; fileEncoding = 4; lastKnownFileType = sourcecode.swift; path = CollectibleCollection.swift; sourceTree = "<group>"; };
		E5734DB91D9A5D8C0056E429 /* CollectionMetadatumProtocol.swift */ = {isa = PBXFileReference; fileEncoding = 4; lastKnownFileType = sourcecode.swift; path = CollectionMetadatumProtocol.swift; sourceTree = "<group>"; };
		E5734DBA1D9A5D8C0056E429 /* Commitable.swift */ = {isa = PBXFileReference; fileEncoding = 4; lastKnownFileType = sourcecode.swift; path = Commitable.swift; sourceTree = "<group>"; };
		E5734DBB1D9A5D8C0056E429 /* CryptoDelegate.swift */ = {isa = PBXFileReference; fileEncoding = 4; lastKnownFileType = sourcecode.swift; path = CryptoDelegate.swift; sourceTree = "<group>"; };
		E5734DBC1D9A5D8C0056E429 /* Descriptible.swift */ = {isa = PBXFileReference; fileEncoding = 4; lastKnownFileType = sourcecode.swift; path = Descriptible.swift; sourceTree = "<group>"; };
		E5734DBD1D9A5D8C0056E429 /* DictionaryRepresentation.swift */ = {isa = PBXFileReference; fileEncoding = 4; lastKnownFileType = sourcecode.swift; path = DictionaryRepresentation.swift; sourceTree = "<group>"; };
		E5734DBE1D9A5D8C0056E429 /* Distribuable.swift */ = {isa = PBXFileReference; fileEncoding = 4; lastKnownFileType = sourcecode.swift; path = Distribuable.swift; sourceTree = "<group>"; };
		E5734DBF1D9A5D8C0056E429 /* ForwardableState.swift */ = {isa = PBXFileReference; fileEncoding = 4; lastKnownFileType = sourcecode.swift; path = ForwardableState.swift; sourceTree = "<group>"; };
		E5734DC01D9A5D8C0056E429 /* HTTPCommand.swift */ = {isa = PBXFileReference; fileEncoding = 4; lastKnownFileType = sourcecode.swift; path = HTTPCommand.swift; sourceTree = "<group>"; };
		E5734DC11D9A5D8C0056E429 /* HTTPResponse.swift */ = {isa = PBXFileReference; fileEncoding = 4; lastKnownFileType = sourcecode.swift; path = HTTPResponse.swift; sourceTree = "<group>"; };
		E5734DC21D9A5D8C0056E429 /* Identifiable.swift */ = {isa = PBXFileReference; fileEncoding = 4; lastKnownFileType = sourcecode.swift; path = Identifiable.swift; sourceTree = "<group>"; };
		E5734DC31D9A5D8C0056E429 /* Initializable.swift */ = {isa = PBXFileReference; fileEncoding = 4; lastKnownFileType = sourcecode.swift; path = Initializable.swift; sourceTree = "<group>"; };
		E5734DC41D9A5D8C0056E429 /* Invocable.swift */ = {isa = PBXFileReference; fileEncoding = 4; lastKnownFileType = sourcecode.swift; path = Invocable.swift; sourceTree = "<group>"; };
		E5734DC51D9A5D8C0056E429 /* JSONString.swift */ = {isa = PBXFileReference; fileEncoding = 4; lastKnownFileType = sourcecode.swift; path = JSONString.swift; sourceTree = "<group>"; };
		E5734DC61D9A5D8C0056E429 /* Monitoring.swift */ = {isa = PBXFileReference; fileEncoding = 4; lastKnownFileType = sourcecode.swift; path = Monitoring.swift; sourceTree = "<group>"; };
		E5734DC71D9A5D8C0056E429 /* RegistryMetadataProtocol.swift */ = {isa = PBXFileReference; fileEncoding = 4; lastKnownFileType = sourcecode.swift; path = RegistryMetadataProtocol.swift; sourceTree = "<group>"; };
		E5734DC81D9A5D8C0056E429 /* Serializable.swift */ = {isa = PBXFileReference; fileEncoding = 4; lastKnownFileType = sourcecode.swift; path = Serializable.swift; sourceTree = "<group>"; };
		E5734DC91D9A5D8C0056E429 /* Serializer.swift */ = {isa = PBXFileReference; fileEncoding = 4; lastKnownFileType = sourcecode.swift; path = Serializer.swift; sourceTree = "<group>"; };
		E5734DCA1D9A5D8C0056E429 /* SuperIterable.swift */ = {isa = PBXFileReference; fileEncoding = 4; lastKnownFileType = sourcecode.swift; path = SuperIterable.swift; sourceTree = "<group>"; };
		E5734DCB1D9A5D8C0056E429 /* Supervisable.swift */ = {isa = PBXFileReference; fileEncoding = 4; lastKnownFileType = sourcecode.swift; path = Supervisable.swift; sourceTree = "<group>"; };
		E5734DCC1D9A5D8C0056E429 /* UniversalType.swift */ = {isa = PBXFileReference; fileEncoding = 4; lastKnownFileType = sourcecode.swift; path = UniversalType.swift; sourceTree = "<group>"; };
		E5734DCD1D9A5D8C0056E429 /* UserProtocol.swift */ = {isa = PBXFileReference; fileEncoding = 4; lastKnownFileType = sourcecode.swift; path = UserProtocol.swift; sourceTree = "<group>"; };
		E5734DCE1D9A5D8C0056E429 /* Registry.swift */ = {isa = PBXFileReference; fileEncoding = 4; lastKnownFileType = sourcecode.swift; path = Registry.swift; sourceTree = "<group>"; };
		E5734DCF1D9A5D8C0056E429 /* StatusOfCompletion.swift */ = {isa = PBXFileReference; fileEncoding = 4; lastKnownFileType = sourcecode.swift; path = StatusOfCompletion.swift; sourceTree = "<group>"; };
		E5734DD11D9A5D8C0056E429 /* NSUndomanager+RegisterUndo.swift */ = {isa = PBXFileReference; fileEncoding = 4; lastKnownFileType = sourcecode.swift; path = "NSUndomanager+RegisterUndo.swift"; sourceTree = "<group>"; };
		E5734DD21D9A5D8C0056E429 /* User+Auth.swift */ = {isa = PBXFileReference; fileEncoding = 4; lastKnownFileType = sourcecode.swift; path = "User+Auth.swift"; sourceTree = "<group>"; };
		E5734DD41D9A5D8C0056E429 /* LoginUser.swift */ = {isa = PBXFileReference; fileEncoding = 4; lastKnownFileType = sourcecode.swift; path = LoginUser.swift; sourceTree = "<group>"; };
		E5734DD51D9A5D8C0056E429 /* LogoutUser.swift */ = {isa = PBXFileReference; fileEncoding = 4; lastKnownFileType = sourcecode.swift; path = LogoutUser.swift; sourceTree = "<group>"; };
		E5734DD61D9A5D8C0056E429 /* TriggersAfterIndex.swift */ = {isa = PBXFileReference; fileEncoding = 4; lastKnownFileType = sourcecode.swift; path = TriggersAfterIndex.swift; sourceTree = "<group>"; };
		E5734DD71D9A5D8C0056E429 /* TriggersByIds.swift */ = {isa = PBXFileReference; fileEncoding = 4; lastKnownFileType = sourcecode.swift; path = TriggersByIds.swift; sourceTree = "<group>"; };
		E5734DD81D9A5D8C0056E429 /* TriggersForIndexes.swift */ = {isa = PBXFileReference; fileEncoding = 4; lastKnownFileType = sourcecode.swift; path = TriggersForIndexes.swift; sourceTree = "<group>"; };
		E5734DD91D9A5D8C0056E429 /* VerifyLocker.swift */ = {isa = PBXFileReference; fileEncoding = 4; lastKnownFileType = sourcecode.swift; path = VerifyLocker.swift; sourceTree = "<group>"; };
		E5734DDA1D9A5D8C0056E429 /* README.md */ = {isa = PBXFileReference; fileEncoding = 4; lastKnownFileType = net.daringfireball.markdown; path = README.md; sourceTree = "<group>"; };
		E5734DDC1D9A5D8C0056E429 /* BFileManager.swift */ = {isa = PBXFileReference; fileEncoding = 4; lastKnownFileType = sourcecode.swift; path = BFileManager.swift; sourceTree = "<group>"; };
		E5734DDD1D9A5D8C0056E429 /* HTTPManager.swift */ = {isa = PBXFileReference; fileEncoding = 4; lastKnownFileType = sourcecode.swift; path = HTTPManager.swift; sourceTree = "<group>"; };
		E5734DDE1D9A5D8C0056E429 /* Pluralization.swift */ = {isa = PBXFileReference; fileEncoding = 4; lastKnownFileType = sourcecode.swift; path = Pluralization.swift; sourceTree = "<group>"; };
		E5734DDF1D9A5D8C0056E429 /* PString.swift */ = {isa = PBXFileReference; fileEncoding = 4; lastKnownFileType = sourcecode.swift; path = PString.swift; sourceTree = "<group>"; };
		E5CC28521D846CB300F7C783 /* AFError.swift */ = {isa = PBXFileReference; fileEncoding = 4; lastKnownFileType = sourcecode.swift; path = AFError.swift; sourceTree = "<group>"; };
		E5CC28541D846CB300F7C783 /* Alamofire.swift */ = {isa = PBXFileReference; fileEncoding = 4; lastKnownFileType = sourcecode.swift; path = Alamofire.swift; sourceTree = "<group>"; };
		E5CC28551D846CB300F7C783 /* DispatchQueue+Alamofire.swift */ = {isa = PBXFileReference; fileEncoding = 4; lastKnownFileType = sourcecode.swift; path = "DispatchQueue+Alamofire.swift"; sourceTree = "<group>"; };
		E5CC28581D846CB300F7C783 /* MultipartFormData.swift */ = {isa = PBXFileReference; fileEncoding = 4; lastKnownFileType = sourcecode.swift; path = MultipartFormData.swift; sourceTree = "<group>"; };
		E5CC28591D846CB300F7C783 /* NetworkReachabilityManager.swift */ = {isa = PBXFileReference; fileEncoding = 4; lastKnownFileType = sourcecode.swift; path = NetworkReachabilityManager.swift; sourceTree = "<group>"; };
		E5CC285A1D846CB300F7C783 /* Notifications.swift */ = {isa = PBXFileReference; fileEncoding = 4; lastKnownFileType = sourcecode.swift; path = Notifications.swift; sourceTree = "<group>"; };
		E5CC285B1D846CB300F7C783 /* ParameterEncoding.swift */ = {isa = PBXFileReference; fileEncoding = 4; lastKnownFileType = sourcecode.swift; path = ParameterEncoding.swift; sourceTree = "<group>"; };
		E5CC285C1D846CB300F7C783 /* Request.swift */ = {isa = PBXFileReference; fileEncoding = 4; lastKnownFileType = sourcecode.swift; lineEnding = 0; path = Request.swift; sourceTree = "<group>"; xcLanguageSpecificationIdentifier = xcode.lang.swift; };
		E5CC285D1D846CB300F7C783 /* Response.swift */ = {isa = PBXFileReference; fileEncoding = 4; lastKnownFileType = sourcecode.swift; path = Response.swift; sourceTree = "<group>"; };
		E5CC285E1D846CB300F7C783 /* ResponseSerialization.swift */ = {isa = PBXFileReference; fileEncoding = 4; lastKnownFileType = sourcecode.swift; path = ResponseSerialization.swift; sourceTree = "<group>"; };
		E5CC285F1D846CB300F7C783 /* Result.swift */ = {isa = PBXFileReference; fileEncoding = 4; lastKnownFileType = sourcecode.swift; path = Result.swift; sourceTree = "<group>"; };
		E5CC28601D846CB300F7C783 /* ServerTrustPolicy.swift */ = {isa = PBXFileReference; fileEncoding = 4; lastKnownFileType = sourcecode.swift; lineEnding = 0; path = ServerTrustPolicy.swift; sourceTree = "<group>"; xcLanguageSpecificationIdentifier = xcode.lang.swift; };
		E5CC28611D846CB300F7C783 /* SessionDelegate.swift */ = {isa = PBXFileReference; fileEncoding = 4; lastKnownFileType = sourcecode.swift; lineEnding = 0; path = SessionDelegate.swift; sourceTree = "<group>"; xcLanguageSpecificationIdentifier = xcode.lang.swift; };
		E5CC28621D846CB300F7C783 /* SessionManager.swift */ = {isa = PBXFileReference; fileEncoding = 4; lastKnownFileType = sourcecode.swift; path = SessionManager.swift; sourceTree = "<group>"; };
		E5CC28631D846CB300F7C783 /* TaskDelegate.swift */ = {isa = PBXFileReference; fileEncoding = 4; lastKnownFileType = sourcecode.swift; path = TaskDelegate.swift; sourceTree = "<group>"; };
		E5CC28641D846CB300F7C783 /* Timeline.swift */ = {isa = PBXFileReference; fileEncoding = 4; lastKnownFileType = sourcecode.swift; path = Timeline.swift; sourceTree = "<group>"; };
		E5CC28651D846CB300F7C783 /* Validation.swift */ = {isa = PBXFileReference; fileEncoding = 4; lastKnownFileType = sourcecode.swift; path = Validation.swift; sourceTree = "<group>"; };
		E5CC28AC1D846CB300F7C783 /* CommandLine.swift */ = {isa = PBXFileReference; fileEncoding = 4; lastKnownFileType = sourcecode.swift; path = CommandLine.swift; sourceTree = "<group>"; };
		E5CC28AE1D846CB300F7C783 /* Option.swift */ = {isa = PBXFileReference; fileEncoding = 4; lastKnownFileType = sourcecode.swift; path = Option.swift; sourceTree = "<group>"; };
		E5CC28AF1D846CB300F7C783 /* StringExtensions.swift */ = {isa = PBXFileReference; fileEncoding = 4; lastKnownFileType = sourcecode.swift; path = StringExtensions.swift; sourceTree = "<group>"; };
		E5CC28C21D846CB300F7C783 /* FromJSON.swift */ = {isa = PBXFileReference; fileEncoding = 4; lastKnownFileType = sourcecode.swift; path = FromJSON.swift; sourceTree = "<group>"; };
		E5CC28C31D846CB300F7C783 /* Map.swift */ = {isa = PBXFileReference; fileEncoding = 4; lastKnownFileType = sourcecode.swift; path = Map.swift; sourceTree = "<group>"; };
		E5CC28C41D846CB300F7C783 /* Mappable.swift */ = {isa = PBXFileReference; fileEncoding = 4; lastKnownFileType = sourcecode.swift; path = Mappable.swift; sourceTree = "<group>"; xcLanguageSpecificationIdentifier = xcode.lang.swift; };
		E5CC28C51D846CB300F7C783 /* Mapper.swift */ = {isa = PBXFileReference; fileEncoding = 4; lastKnownFileType = sourcecode.swift; path = Mapper.swift; sourceTree = "<group>"; xcLanguageSpecificationIdentifier = xcode.lang.swift; };
		E5CC28C61D846CB300F7C783 /* Operators.swift */ = {isa = PBXFileReference; fileEncoding = 4; lastKnownFileType = sourcecode.swift; path = Operators.swift; sourceTree = "<group>"; };
		E5CC28C71D846CB300F7C783 /* ToJSON.swift */ = {isa = PBXFileReference; fileEncoding = 4; lastKnownFileType = sourcecode.swift; path = ToJSON.swift; sourceTree = "<group>"; };
		E5CC28CB1D846CB300F7C783 /* CustomDateFormatTransform.swift */ = {isa = PBXFileReference; fileEncoding = 4; lastKnownFileType = sourcecode.swift; path = CustomDateFormatTransform.swift; sourceTree = "<group>"; };
		E5CC28CC1D846CB300F7C783 /* DataTransform.swift */ = {isa = PBXFileReference; fileEncoding = 4; lastKnownFileType = sourcecode.swift; path = DataTransform.swift; sourceTree = "<group>"; };
		E5CC28CD1D846CB300F7C783 /* DateFormatterTransform.swift */ = {isa = PBXFileReference; fileEncoding = 4; lastKnownFileType = sourcecode.swift; path = DateFormatterTransform.swift; sourceTree = "<group>"; };
		E5CC28CE1D846CB300F7C783 /* DateTransform.swift */ = {isa = PBXFileReference; fileEncoding = 4; lastKnownFileType = sourcecode.swift; path = DateTransform.swift; sourceTree = "<group>"; };
		E5CC28CF1D846CB300F7C783 /* DictionaryTransform.swift */ = {isa = PBXFileReference; fileEncoding = 4; lastKnownFileType = sourcecode.swift; path = DictionaryTransform.swift; sourceTree = "<group>"; };
		E5CC28D01D846CB300F7C783 /* EnumTransform.swift */ = {isa = PBXFileReference; fileEncoding = 4; lastKnownFileType = sourcecode.swift; path = EnumTransform.swift; sourceTree = "<group>"; };
		E5CC28D11D846CB300F7C783 /* ISO8601DateTransform.swift */ = {isa = PBXFileReference; fileEncoding = 4; lastKnownFileType = sourcecode.swift; path = ISO8601DateTransform.swift; sourceTree = "<group>"; };
		E5CC28D21D846CB300F7C783 /* NSDecimalNumberTransform.swift */ = {isa = PBXFileReference; fileEncoding = 4; lastKnownFileType = sourcecode.swift; path = NSDecimalNumberTransform.swift; sourceTree = "<group>"; };
		E5CC28D31D846CB300F7C783 /* TransformOf.swift */ = {isa = PBXFileReference; fileEncoding = 4; lastKnownFileType = sourcecode.swift; path = TransformOf.swift; sourceTree = "<group>"; };
		E5CC28D41D846CB300F7C783 /* TransformType.swift */ = {isa = PBXFileReference; fileEncoding = 4; lastKnownFileType = sourcecode.swift; path = TransformType.swift; sourceTree = "<group>"; };
		E5CC28D51D846CB300F7C783 /* URLTransform.swift */ = {isa = PBXFileReference; fileEncoding = 4; lastKnownFileType = sourcecode.swift; path = URLTransform.swift; sourceTree = "<group>"; };
		E5D085401C550DC500F0090E /* BartlebysCommandsFacade.swift */ = {isa = PBXFileReference; fileEncoding = 4; lastKnownFileType = sourcecode.swift; path = BartlebysCommandsFacade.swift; sourceTree = "<group>"; };
		E5D085F61C550E1900F0090E /* CryptedDataTransform.swift */ = {isa = PBXFileReference; fileEncoding = 4; lastKnownFileType = sourcecode.swift; path = CryptedDataTransform.swift; sourceTree = "<group>"; };
		E5D085F71C550E1900F0090E /* CryptedKeyValueStorage.swift */ = {isa = PBXFileReference; fileEncoding = 4; lastKnownFileType = sourcecode.swift; path = CryptedKeyValueStorage.swift; sourceTree = "<group>"; };
		E5D085F81C550E1900F0090E /* CryptedStringKeyValueTransform.swift */ = {isa = PBXFileReference; fileEncoding = 4; lastKnownFileType = sourcecode.swift; path = CryptedStringKeyValueTransform.swift; sourceTree = "<group>"; };
		E5D085F91C550E1900F0090E /* CryptedStringTransform.swift */ = {isa = PBXFileReference; fileEncoding = 4; lastKnownFileType = sourcecode.swift; path = CryptedStringTransform.swift; sourceTree = "<group>"; };
		E5D085FA1C550E1900F0090E /* CryptoHelper.swift */ = {isa = PBXFileReference; fileEncoding = 4; lastKnownFileType = sourcecode.swift; path = CryptoHelper.swift; sourceTree = "<group>"; };
		E5D086D01C550EFD00F0090E /* README.md */ = {isa = PBXFileReference; fileEncoding = 4; lastKnownFileType = net.daringfireball.markdown; path = README.md; sourceTree = "<group>"; };
/* End PBXFileReference section */

/* Begin PBXFrameworksBuildPhase section */
		E50A3AB11C453A6D004BB7E3 /* Frameworks */ = {
			isa = PBXFrameworksBuildPhase;
			buildActionMask = 2147483647;
			files = (
			);
			runOnlyForDeploymentPostprocessing = 0;
		};
		E548A47F1D880577006FF410 /* Frameworks */ = {
			isa = PBXFrameworksBuildPhase;
			buildActionMask = 2147483647;
			files = (
			);
			runOnlyForDeploymentPostprocessing = 0;
		};
/* End PBXFrameworksBuildPhase section */

/* Begin PBXGroup section */
		E50A3AAB1C453A6D004BB7E3 = {
			isa = PBXGroup;
			children = (
				E50A3ABE1C453AC1004BB7E3 /* Embedded-Modules */,
				E50A3AB61C453A6D004BB7E3 /* bartleby */,
				E548A4831D880577006FF410 /* bartlebyTests */,
			);
			sourceTree = "<group>";
		};
		E50A3AB51C453A6D004BB7E3 /* Products */ = {
			isa = PBXGroup;
			children = (
				E50A3AB41C453A6D004BB7E3 /* bartleby */,
				E548A4821D880577006FF410 /* bartlebyTests.xctest */,
			);
			name = Products;
			path = ..;
			sourceTree = "<group>";
		};
		E50A3AB61C453A6D004BB7E3 /* bartleby */ = {
			isa = PBXGroup;
			children = (
				E50A3AB71C453A6D004BB7E3 /* main.swift */,
				E50A3AB51C453A6D004BB7E3 /* Products */,
				E50A3B091C453BB1004BB7E3 /* Bartleby-Bridging-Header.h */,
				E5D085401C550DC500F0090E /* BartlebysCommandsFacade.swift */,
				E5D086D01C550EFD00F0090E /* README.md */,
			);
			path = bartleby;
			sourceTree = "<group>";
		};
		E50A3ABE1C453AC1004BB7E3 /* Embedded-Modules */ = {
			isa = PBXGroup;
			children = (
				E5734D631D9A5D8C0056E429 /* Bartleby.xOS */,
				E5B98E001CC0DC9B00A7ECD1 /* Vendors */,
				E5D085F51C550E1900F0090E /* CryptoHelper */,
			);
			name = "Embedded-Modules";
			sourceTree = "<group>";
		};
		E548A4831D880577006FF410 /* bartlebyTests */ = {
			isa = PBXGroup;
			children = (
				E548A4841D880577006FF410 /* bartlebyTests.swift */,
				E548A4861D880577006FF410 /* Info.plist */,
			);
			path = bartlebyTests;
			sourceTree = "<group>";
		};
		E5734D631D9A5D8C0056E429 /* Bartleby.xOS */ = {
			isa = PBXGroup;
			children = (
				E5734D641D9A5D8C0056E429 /* _generated */,
				E5734D8A1D9A5D8C0056E429 /* adapters */,
				E5734D8C1D9A5D8C0056E429 /* components */,
				E5734D921D9A5D8C0056E429 /* core */,
				E5734DD01D9A5D8C0056E429 /* extensions */,
				E5734DD31D9A5D8C0056E429 /* operations */,
				E5734DDA1D9A5D8C0056E429 /* README.md */,
				E5734DDB1D9A5D8C0056E429 /* tools */,
			);
			name = Bartleby.xOS;
			path = ../Bartleby.xOS;
			sourceTree = "<group>";
		};
		E5734D641D9A5D8C0056E429 /* _generated */ = {
			isa = PBXGroup;
			children = (
				E5734D651D9A5D8C0056E429 /* BartlebyDocument.swift */,
				E5734D661D9A5D8C0056E429 /* collectionControllers */,
				E5734D6A1D9A5D8C0056E429 /* models */,
				E5734D771D9A5D8C0056E429 /* operations */,
			);
			path = _generated;
			sourceTree = "<group>";
		};
		E5734D661D9A5D8C0056E429 /* collectionControllers */ = {
			isa = PBXGroup;
			children = (
				E5734D671D9A5D8C0056E429 /* LockersCollectionController.swift */,
				E5734D681D9A5D8C0056E429 /* PushOperationsCollectionController.swift */,
				E5734D691D9A5D8C0056E429 /* UsersCollectionController.swift */,
			);
			path = collectionControllers;
			sourceTree = "<group>";
		};
		E5734D6A1D9A5D8C0056E429 /* models */ = {
			isa = PBXGroup;
			children = (
				E5734D6B1D9A5D8C0056E429 /* CollectionMetadatum.swift */,
				E5734D6C1D9A5D8C0056E429 /* Completion.swift */,
				E5734D6D1D9A5D8C0056E429 /* ExternalReference.swift */,
				E5734D6E1D9A5D8C0056E429 /* JData.swift */,
				E5734D6F1D9A5D8C0056E429 /* JString.swift */,
				E5734D701D9A5D8C0056E429 /* Locker.swift */,
				E5734D711D9A5D8C0056E429 /* Progression.swift */,
				E5734D721D9A5D8C0056E429 /* PushOperation.swift */,
				E5734D731D9A5D8C0056E429 /* RegistryMetadata.swift */,
				E5734D741D9A5D8C0056E429 /* Tag.swift */,
				E5734D751D9A5D8C0056E429 /* Trigger.swift */,
				E5734D761D9A5D8C0056E429 /* User.swift */,
			);
			path = models;
			sourceTree = "<group>";
		};
		E5734D771D9A5D8C0056E429 /* operations */ = {
			isa = PBXGroup;
			children = (
				E5734D781D9A5D8C0056E429 /* CreateLocker.swift */,
				E5734D791D9A5D8C0056E429 /* CreateLockers.swift */,
				E5734D7A1D9A5D8C0056E429 /* CreateUser.swift */,
				E5734D7B1D9A5D8C0056E429 /* CreateUsers.swift */,
				E5734D7C1D9A5D8C0056E429 /* DeleteLocker.swift */,
				E5734D7D1D9A5D8C0056E429 /* DeleteLockers.swift */,
				E5734D7E1D9A5D8C0056E429 /* DeleteUser.swift */,
				E5734D7F1D9A5D8C0056E429 /* DeleteUsers.swift */,
				E5734D801D9A5D8C0056E429 /* ReadLockerById.swift */,
				E5734D811D9A5D8C0056E429 /* ReadLockersByIds.swift */,
				E5734D821D9A5D8C0056E429 /* ReadLockersByQuery.swift */,
				E5734D831D9A5D8C0056E429 /* ReadUserById.swift */,
				E5734D841D9A5D8C0056E429 /* ReadUsersByIds.swift */,
				E5734D851D9A5D8C0056E429 /* ReadUsersByQuery.swift */,
				E5734D861D9A5D8C0056E429 /* UpdateLocker.swift */,
				E5734D871D9A5D8C0056E429 /* UpdateLockers.swift */,
				E5734D881D9A5D8C0056E429 /* UpdateUser.swift */,
				E5734D891D9A5D8C0056E429 /* UpdateUsers.swift */,
			);
			path = operations;
			sourceTree = "<group>";
		};
		E5734D8A1D9A5D8C0056E429 /* adapters */ = {
			isa = PBXGroup;
			children = (
				E5734D8B1D9A5D8C0056E429 /* UIX.swift */,
			);
			path = adapters;
			sourceTree = "<group>";
		};
		E5734D8C1D9A5D8C0056E429 /* components */ = {
			isa = PBXGroup;
			children = (
				E5734D8D1D9A5D8C0056E429 /* crypto */,
				E5734D8F1D9A5D8C0056E429 /* third-party */,
			);
			path = components;
			sourceTree = "<group>";
		};
		E5734D8D1D9A5D8C0056E429 /* crypto */ = {
			isa = PBXGroup;
			children = (
				E5734D8E1D9A5D8C0056E429 /* NoCrypto.swift */,
			);
			path = crypto;
			sourceTree = "<group>";
		};
		E5734D8F1D9A5D8C0056E429 /* third-party */ = {
			isa = PBXGroup;
			children = (
				E5734D901D9A5D8C0056E429 /* EventSource */,
			);
			path = "third-party";
			sourceTree = "<group>";
		};
		E5734D901D9A5D8C0056E429 /* EventSource */ = {
			isa = PBXGroup;
			children = (
				E5734D911D9A5D8C0056E429 /* EventSource.swift */,
			);
			path = EventSource;
			sourceTree = "<group>";
		};
		E5734D921D9A5D8C0056E429 /* core */ = {
			isa = PBXGroup;
			children = (
				E5734D931D9A5D8C0056E429 /* Bartleby.swift */,
				E5734D941D9A5D8C0056E429 /* Consignation.swift */,
				E5734D951D9A5D8C0056E429 /* Consignee.swift */,
				E5734D961D9A5D8C0056E429 /* Default.swift */,
				E5734D971D9A5D8C0056E429 /* extensions */,
				E5734DA91D9A5D8C0056E429 /* Global.swift */,
				E5734DAA1D9A5D8C0056E429 /* Handlers.swift */,
				E5734DAB1D9A5D8C0056E429 /* json */,
				E5734DB51D9A5D8C0056E429 /* protocols */,
				E5734DCE1D9A5D8C0056E429 /* Registry.swift */,
				E5734DCF1D9A5D8C0056E429 /* StatusOfCompletion.swift */,
			);
			path = core;
			sourceTree = "<group>";
		};
		E5734D971D9A5D8C0056E429 /* extensions */ = {
			isa = PBXGroup;
			children = (
				E5734D981D9A5D8C0056E429 /* BartlebyDocument+AppFacilities.swift */,
				E5734D991D9A5D8C0056E429 /* BartlebyDocument+LocalUpsertAndDelete.swift */,
				E5734D9A1D9A5D8C0056E429 /* BartlebyDocument+MetaDataImportExport.swift */,
				E5734D9B1D9A5D8C0056E429 /* BartlebyDocument+Operations.swift */,
				E5734D9C1D9A5D8C0056E429 /* BartlebyDocument+SecurityScopes.swift */,
				E5734D9D1D9A5D8C0056E429 /* BartlebyDocument+SuperIterable.swift */,
				E5734D9E1D9A5D8C0056E429 /* BartlebyDocument+Triggers.swift */,
				E5734D9F1D9A5D8C0056E429 /* CollectionMetadatum+Proxy.swift */,
				E5734DA01D9A5D8C0056E429 /* Completion+Conveniences.swift */,
				E5734DA11D9A5D8C0056E429 /* Completion+Result.swift */,
				E5734DA21D9A5D8C0056E429 /* ExternalReference+Resolution.swift */,
				E5734DA31D9A5D8C0056E429 /* NSNotification+Completion.swift */,
				E5734DA41D9A5D8C0056E429 /* NSNotification+Progression.swift */,
				E5734DA51D9A5D8C0056E429 /* Operation+Conveniences.swift */,
				E5734DA61D9A5D8C0056E429 /* Progression+Conveniences.swift */,
				E5734DA71D9A5D8C0056E429 /* RegistryMetadata+Facilities.swift */,
				E5734DA81D9A5D8C0056E429 /* RegistryMetadata+Protocol.swift */,
			);
			path = extensions;
			sourceTree = "<group>";
		};
		E5734DAB1D9A5D8C0056E429 /* json */ = {
			isa = PBXGroup;
			children = (
				E5734DAC1D9A5D8C0056E429 /* JData+Conveniences.swift */,
				E5734DAD1D9A5D8C0056E429 /* JHTTPCommand.swift */,
				E5734DAE1D9A5D8C0056E429 /* JHTTPResponse.swift */,
				E5734DAF1D9A5D8C0056E429 /* JObject.swift */,
				E5734DB01D9A5D8C0056E429 /* JSerializer.swift */,
				E5734DB11D9A5D8C0056E429 /* JString+Conveniences.swift */,
				E5734DB21D9A5D8C0056E429 /* transforms */,
			);
			path = json;
			sourceTree = "<group>";
		};
		E5734DB21D9A5D8C0056E429 /* transforms */ = {
			isa = PBXGroup;
			children = (
				E5734DB41D9A5D8C0056E429 /* ImageTransform.swift */,
			);
			path = transforms;
			sourceTree = "<group>";
		};
		E5734DB51D9A5D8C0056E429 /* protocols */ = {
			isa = PBXGroup;
			children = (
				E5734DB61D9A5D8C0056E429 /* BartlebyFileIO.swift */,
				E5734DB71D9A5D8C0056E429 /* Collectible.swift */,
				E5734DB81D9A5D8C0056E429 /* CollectibleCollection.swift */,
				E5734DB91D9A5D8C0056E429 /* CollectionMetadatumProtocol.swift */,
				E5734DBA1D9A5D8C0056E429 /* Commitable.swift */,
				E5734DBB1D9A5D8C0056E429 /* CryptoDelegate.swift */,
				E5734DBC1D9A5D8C0056E429 /* Descriptible.swift */,
				E5734DBD1D9A5D8C0056E429 /* DictionaryRepresentation.swift */,
				E5734DBE1D9A5D8C0056E429 /* Distribuable.swift */,
				E5734DBF1D9A5D8C0056E429 /* ForwardableState.swift */,
				E5734DC01D9A5D8C0056E429 /* HTTPCommand.swift */,
				E5734DC11D9A5D8C0056E429 /* HTTPResponse.swift */,
				E5734DC21D9A5D8C0056E429 /* Identifiable.swift */,
				E5734DC31D9A5D8C0056E429 /* Initializable.swift */,
				E5734DC41D9A5D8C0056E429 /* Invocable.swift */,
				E5734DC51D9A5D8C0056E429 /* JSONString.swift */,
				E5734DC61D9A5D8C0056E429 /* Monitoring.swift */,
				E5734DC71D9A5D8C0056E429 /* RegistryMetadataProtocol.swift */,
				E5734DC81D9A5D8C0056E429 /* Serializable.swift */,
				E5734DC91D9A5D8C0056E429 /* Serializer.swift */,
				E5734DCA1D9A5D8C0056E429 /* SuperIterable.swift */,
				E5734DCB1D9A5D8C0056E429 /* Supervisable.swift */,
				E5734DCC1D9A5D8C0056E429 /* UniversalType.swift */,
				E5734DCD1D9A5D8C0056E429 /* UserProtocol.swift */,
			);
			path = protocols;
			sourceTree = "<group>";
		};
		E5734DD01D9A5D8C0056E429 /* extensions */ = {
			isa = PBXGroup;
			children = (
				E5734DD11D9A5D8C0056E429 /* NSUndomanager+RegisterUndo.swift */,
				E5734DD21D9A5D8C0056E429 /* User+Auth.swift */,
			);
			path = extensions;
			sourceTree = "<group>";
		};
		E5734DD31D9A5D8C0056E429 /* operations */ = {
			isa = PBXGroup;
			children = (
				E5734DD41D9A5D8C0056E429 /* LoginUser.swift */,
				E5734DD51D9A5D8C0056E429 /* LogoutUser.swift */,
				E5734DD61D9A5D8C0056E429 /* TriggersAfterIndex.swift */,
				E5734DD71D9A5D8C0056E429 /* TriggersByIds.swift */,
				E5734DD81D9A5D8C0056E429 /* TriggersForIndexes.swift */,
				E5734DD91D9A5D8C0056E429 /* VerifyLocker.swift */,
			);
			path = operations;
			sourceTree = "<group>";
		};
		E5734DDB1D9A5D8C0056E429 /* tools */ = {
			isa = PBXGroup;
			children = (
				E5734DDC1D9A5D8C0056E429 /* BFileManager.swift */,
				E5734DDD1D9A5D8C0056E429 /* HTTPManager.swift */,
				E5734DDE1D9A5D8C0056E429 /* Pluralization.swift */,
				E5734DDF1D9A5D8C0056E429 /* PString.swift */,
			);
			path = tools;
			sourceTree = "<group>";
		};
		E5B98E001CC0DC9B00A7ECD1 /* Vendors */ = {
			isa = PBXGroup;
			children = (
				E5CC28341D846CB300F7C783 /* Alamofire */,
				E5CC28A91D846CB300F7C783 /* CommandLine */,
				E5CC28BD1D846CB300F7C783 /* ObjectMapper */,
			);
			name = Vendors;
			path = ../Vendors;
			sourceTree = "<group>";
		};
		E5CC28341D846CB300F7C783 /* Alamofire */ = {
			isa = PBXGroup;
			children = (
				E5CC28511D846CB300F7C783 /* Source */,
			);
			path = Alamofire;
			sourceTree = "<group>";
		};
		E5CC28511D846CB300F7C783 /* Source */ = {
			isa = PBXGroup;
			children = (
				E5CC28521D846CB300F7C783 /* AFError.swift */,
				E5CC28541D846CB300F7C783 /* Alamofire.swift */,
				E5CC28551D846CB300F7C783 /* DispatchQueue+Alamofire.swift */,
				E5CC28581D846CB300F7C783 /* MultipartFormData.swift */,
				E5CC28591D846CB300F7C783 /* NetworkReachabilityManager.swift */,
				E5CC285A1D846CB300F7C783 /* Notifications.swift */,
				E5CC285B1D846CB300F7C783 /* ParameterEncoding.swift */,
				E5CC285C1D846CB300F7C783 /* Request.swift */,
				E5CC285D1D846CB300F7C783 /* Response.swift */,
				E5CC285E1D846CB300F7C783 /* ResponseSerialization.swift */,
				E5CC285F1D846CB300F7C783 /* Result.swift */,
				E5CC28601D846CB300F7C783 /* ServerTrustPolicy.swift */,
				E5CC28611D846CB300F7C783 /* SessionDelegate.swift */,
				E5CC28621D846CB300F7C783 /* SessionManager.swift */,
				E5CC28631D846CB300F7C783 /* TaskDelegate.swift */,
				E5CC28641D846CB300F7C783 /* Timeline.swift */,
				E5CC28651D846CB300F7C783 /* Validation.swift */,
			);
			path = Source;
			sourceTree = "<group>";
		};
		E5CC28A91D846CB300F7C783 /* CommandLine */ = {
			isa = PBXGroup;
			children = (
				E5CC28AB1D846CB300F7C783 /* CommandLineKit */,
			);
			path = CommandLine;
			sourceTree = "<group>";
		};
		E5CC28AB1D846CB300F7C783 /* CommandLineKit */ = {
			isa = PBXGroup;
			children = (
				E5CC28AC1D846CB300F7C783 /* CommandLine.swift */,
				E5CC28AE1D846CB300F7C783 /* Option.swift */,
				E5CC28AF1D846CB300F7C783 /* StringExtensions.swift */,
			);
			path = CommandLineKit;
			sourceTree = "<group>";
		};
		E5CC28BD1D846CB300F7C783 /* ObjectMapper */ = {
			isa = PBXGroup;
			children = (
				E5CC28C01D846CB300F7C783 /* ObjectMapper */,
			);
			path = ObjectMapper;
			sourceTree = "<group>";
		};
		E5CC28C01D846CB300F7C783 /* ObjectMapper */ = {
			isa = PBXGroup;
			children = (
				E5CC28C11D846CB300F7C783 /* Core */,
				E5CC28CA1D846CB300F7C783 /* Transforms */,
			);
			path = ObjectMapper;
			sourceTree = "<group>";
		};
		E5CC28C11D846CB300F7C783 /* Core */ = {
			isa = PBXGroup;
			children = (
				E5CC28C21D846CB300F7C783 /* FromJSON.swift */,
				E5CC28C31D846CB300F7C783 /* Map.swift */,
				E5CC28C41D846CB300F7C783 /* Mappable.swift */,
				E5CC28C51D846CB300F7C783 /* Mapper.swift */,
				E5CC28C61D846CB300F7C783 /* Operators.swift */,
				E5CC28C71D846CB300F7C783 /* ToJSON.swift */,
			);
			path = Core;
			sourceTree = "<group>";
		};
		E5CC28CA1D846CB300F7C783 /* Transforms */ = {
			isa = PBXGroup;
			children = (
				E5CC28CB1D846CB300F7C783 /* CustomDateFormatTransform.swift */,
				E5CC28CC1D846CB300F7C783 /* DataTransform.swift */,
				E5CC28CD1D846CB300F7C783 /* DateFormatterTransform.swift */,
				E5CC28CE1D846CB300F7C783 /* DateTransform.swift */,
				E5CC28CF1D846CB300F7C783 /* DictionaryTransform.swift */,
				E5CC28D01D846CB300F7C783 /* EnumTransform.swift */,
				E5CC28D11D846CB300F7C783 /* ISO8601DateTransform.swift */,
				E5CC28D21D846CB300F7C783 /* NSDecimalNumberTransform.swift */,
				E5CC28D31D846CB300F7C783 /* TransformOf.swift */,
				E5CC28D41D846CB300F7C783 /* TransformType.swift */,
				E5CC28D51D846CB300F7C783 /* URLTransform.swift */,
			);
			path = Transforms;
			sourceTree = "<group>";
		};
		E5D085F51C550E1900F0090E /* CryptoHelper */ = {
			isa = PBXGroup;
			children = (
				E50A6F011CC8DE7700F89311 /* CryptedSerializableTransform.swift */,
				E5D085F61C550E1900F0090E /* CryptedDataTransform.swift */,
				E5D085F71C550E1900F0090E /* CryptedKeyValueStorage.swift */,
				E5D085F81C550E1900F0090E /* CryptedStringKeyValueTransform.swift */,
				E5D085F91C550E1900F0090E /* CryptedStringTransform.swift */,
				E5D085FA1C550E1900F0090E /* CryptoHelper.swift */,
			);
			name = CryptoHelper;
			path = ../CryptoHelper;
			sourceTree = "<group>";
		};
/* End PBXGroup section */

/* Begin PBXNativeTarget section */
		E50A3AB31C453A6D004BB7E3 /* bartleby */ = {
			isa = PBXNativeTarget;
			buildConfigurationList = E50A3ABB1C453A6D004BB7E3 /* Build configuration list for PBXNativeTarget "bartleby" */;
			buildPhases = (
				E50A3AB01C453A6D004BB7E3 /* Sources */,
				E50A3AB11C453A6D004BB7E3 /* Frameworks */,
				E50A3AB21C453A6D004BB7E3 /* CopyFiles */,
				5B728E5E1CEC6DBA00047469 /* ShellScript */,
			);
			buildRules = (
			);
			dependencies = (
			);
			name = bartleby;
			productName = bartleby;
			productReference = E50A3AB41C453A6D004BB7E3 /* bartleby */;
			productType = "com.apple.product-type.tool";
		};
		E548A4811D880577006FF410 /* bartlebyTests */ = {
			isa = PBXNativeTarget;
			buildConfigurationList = E548A4891D880577006FF410 /* Build configuration list for PBXNativeTarget "bartlebyTests" */;
			buildPhases = (
				E548A47E1D880577006FF410 /* Sources */,
				E548A47F1D880577006FF410 /* Frameworks */,
				E548A4801D880577006FF410 /* Resources */,
			);
			buildRules = (
			);
			dependencies = (
			);
			name = bartlebyTests;
			productName = bartlebyTests;
			productReference = E548A4821D880577006FF410 /* bartlebyTests.xctest */;
			productType = "com.apple.product-type.bundle.unit-test";
		};
/* End PBXNativeTarget section */

/* Begin PBXProject section */
		E50A3AAC1C453A6D004BB7E3 /* Project object */ = {
			isa = PBXProject;
			attributes = {
				LastSwiftUpdateCheck = 0800;
				LastUpgradeCheck = 0800;
				ORGANIZATIONNAME = "Benoit Pereira da silva";
				TargetAttributes = {
					E50A3AB31C453A6D004BB7E3 = {
						CreatedOnToolsVersion = 7.2;
						LastSwiftMigration = 0800;
					};
					E548A4811D880577006FF410 = {
						CreatedOnToolsVersion = 8.0;
						ProvisioningStyle = Automatic;
					};
				};
			};
			buildConfigurationList = E50A3AAF1C453A6D004BB7E3 /* Build configuration list for PBXProject "bartleby" */;
			compatibilityVersion = "Xcode 6.3";
			developmentRegion = English;
			hasScannedForEncodings = 0;
			knownRegions = (
				en,
				Base,
			);
			mainGroup = E50A3AAB1C453A6D004BB7E3;
			productRefGroup = E50A3AB51C453A6D004BB7E3 /* Products */;
			projectDirPath = "";
			projectRoot = "";
			targets = (
				E50A3AB31C453A6D004BB7E3 /* bartleby */,
				E548A4811D880577006FF410 /* bartlebyTests */,
			);
		};
/* End PBXProject section */

/* Begin PBXResourcesBuildPhase section */
		E548A4801D880577006FF410 /* Resources */ = {
			isa = PBXResourcesBuildPhase;
			buildActionMask = 2147483647;
			files = (
			);
			runOnlyForDeploymentPostprocessing = 0;
		};
/* End PBXResourcesBuildPhase section */

/* Begin PBXShellScriptBuildPhase section */
		5B728E5E1CEC6DBA00047469 /* ShellScript */ = {
			isa = PBXShellScriptBuildPhase;
			buildActionMask = 2147483647;
			files = (
			);
			inputPaths = (
			);
			outputPaths = (
			);
			runOnlyForDeploymentPostprocessing = 0;
			shellPath = /bin/sh;
			shellScript = "if [ -e /usr/local/bin ]; then\n    cp ${TARGET_BUILD_DIR}/${TARGET_NAME} /usr/local/bin/${TARGET_NAME}\nfi";
		};
/* End PBXShellScriptBuildPhase section */

/* Begin PBXSourcesBuildPhase section */
		E50A3AB01C453A6D004BB7E3 /* Sources */ = {
			isa = PBXSourcesBuildPhase;
			buildActionMask = 2147483647;
			files = (
				E5D085411C550DC500F0090E /* BartlebysCommandsFacade.swift in Sources */,
				E5734DF71D9A5D8C0056E429 /* DeleteUsers.swift in Sources */,
				E5CC292D1D846CB300F7C783 /* CustomDateFormatTransform.swift in Sources */,
				E5734E231D9A5D8C0056E429 /* ImageTransform.swift in Sources */,
				E5CC29091D846CB300F7C783 /* Validation.swift in Sources */,
				E5CC29321D846CB300F7C783 /* EnumTransform.swift in Sources */,
				E5734DF81D9A5D8C0056E429 /* ReadLockerById.swift in Sources */,
				E5734E481D9A5D8C0056E429 /* HTTPManager.swift in Sources */,
				E5734DF31D9A5D8C0056E429 /* CreateUsers.swift in Sources */,
				E5734DF11D9A5D8C0056E429 /* CreateLockers.swift in Sources */,
				E5734E3A1D9A5D8C0056E429 /* UniversalType.swift in Sources */,
				E5734E451D9A5D8C0056E429 /* VerifyLocker.swift in Sources */,
				E5CC29311D846CB300F7C783 /* DictionaryTransform.swift in Sources */,
				E5CC29271D846CB300F7C783 /* FromJSON.swift in Sources */,
				E5734E311D9A5D8C0056E429 /* Initializable.swift in Sources */,
				E5734E021D9A5D8C0056E429 /* UIX.swift in Sources */,
				E5734DE91D9A5D8C0056E429 /* Locker.swift in Sources */,
				E5734DF61D9A5D8C0056E429 /* DeleteUser.swift in Sources */,
				E5734DFE1D9A5D8C0056E429 /* UpdateLocker.swift in Sources */,
				E5734E211D9A5D8C0056E429 /* JString+Conveniences.swift in Sources */,
				E5734E111D9A5D8C0056E429 /* Completion+Conveniences.swift in Sources */,
				E5734E001D9A5D8C0056E429 /* UpdateUser.swift in Sources */,
				E5734DFD1D9A5D8C0056E429 /* ReadUsersByQuery.swift in Sources */,
				E5734E3B1D9A5D8C0056E429 /* UserProtocol.swift in Sources */,
				E5CC292E1D846CB300F7C783 /* DataTransform.swift in Sources */,
				E5734E431D9A5D8C0056E429 /* TriggersByIds.swift in Sources */,
				E5734E3D1D9A5D8C0056E429 /* StatusOfCompletion.swift in Sources */,
				E5734E0A1D9A5D8C0056E429 /* BartlebyDocument+LocalUpsertAndDelete.swift in Sources */,
				E5734E2F1D9A5D8C0056E429 /* HTTPResponse.swift in Sources */,
				E5734E271D9A5D8C0056E429 /* CollectionMetadatumProtocol.swift in Sources */,
				E5734E341D9A5D8C0056E429 /* Monitoring.swift in Sources */,
				E5734DF51D9A5D8C0056E429 /* DeleteLockers.swift in Sources */,
				E5CC29021D846CB300F7C783 /* ResponseSerialization.swift in Sources */,
				E5734DE71D9A5D8C0056E429 /* JData.swift in Sources */,
				E5734E2D1D9A5D8C0056E429 /* ForwardableState.swift in Sources */,
				E5734E1F1D9A5D8C0056E429 /* JObject.swift in Sources */,
				E5734E1C1D9A5D8C0056E429 /* JData+Conveniences.swift in Sources */,
				E5734E131D9A5D8C0056E429 /* ExternalReference+Resolution.swift in Sources */,
				E5CC29001D846CB300F7C783 /* Request.swift in Sources */,
				E5734E471D9A5D8C0056E429 /* BFileManager.swift in Sources */,
				E5734DFB1D9A5D8C0056E429 /* ReadUserById.swift in Sources */,
				E5734E401D9A5D8C0056E429 /* LoginUser.swift in Sources */,
				E5D0869E1C550E1900F0090E /* CryptoHelper.swift in Sources */,
				E5734E291D9A5D8C0056E429 /* CryptoDelegate.swift in Sources */,
				E5CC28FA1D846CB300F7C783 /* Alamofire.swift in Sources */,
				E5734E441D9A5D8C0056E429 /* TriggersForIndexes.swift in Sources */,
				E5734DE31D9A5D8C0056E429 /* UsersCollectionController.swift in Sources */,
				E5734E3E1D9A5D8C0056E429 /* NSUndomanager+RegisterUndo.swift in Sources */,
				E5734E081D9A5D8C0056E429 /* Default.swift in Sources */,
				E5CC29351D846CB300F7C783 /* TransformOf.swift in Sources */,
				E5CC28FB1D846CB300F7C783 /* DispatchQueue+Alamofire.swift in Sources */,
				E50A3AB81C453A6D004BB7E3 /* main.swift in Sources */,
				E5734E251D9A5D8C0056E429 /* Collectible.swift in Sources */,
				E5CC28FF1D846CB300F7C783 /* ParameterEncoding.swift in Sources */,
				E5734E391D9A5D8C0056E429 /* Supervisable.swift in Sources */,
				E5734DE61D9A5D8C0056E429 /* ExternalReference.swift in Sources */,
				E5734E171D9A5D8C0056E429 /* Progression+Conveniences.swift in Sources */,
				E5CC292A1D846CB300F7C783 /* Mapper.swift in Sources */,
				E5734E0C1D9A5D8C0056E429 /* BartlebyDocument+Operations.swift in Sources */,
				E5734DEB1D9A5D8C0056E429 /* PushOperation.swift in Sources */,
				E5CC291F1D846CB300F7C783 /* CommandLine.swift in Sources */,
				E5734DE41D9A5D8C0056E429 /* CollectionMetadatum.swift in Sources */,
				E5734E0E1D9A5D8C0056E429 /* BartlebyDocument+SuperIterable.swift in Sources */,
				E5734E1B1D9A5D8C0056E429 /* Handlers.swift in Sources */,
				E5CC29071D846CB300F7C783 /* TaskDelegate.swift in Sources */,
				E5734E031D9A5D8C0056E429 /* NoCrypto.swift in Sources */,
				E5734E201D9A5D8C0056E429 /* JSerializer.swift in Sources */,
				E5734E0B1D9A5D8C0056E429 /* BartlebyDocument+MetaDataImportExport.swift in Sources */,
				E5734E1D1D9A5D8C0056E429 /* JHTTPCommand.swift in Sources */,
				E5734E2A1D9A5D8C0056E429 /* Descriptible.swift in Sources */,
				E5734DEA1D9A5D8C0056E429 /* Progression.swift in Sources */,
				E5734E061D9A5D8C0056E429 /* Consignation.swift in Sources */,
				E5734E241D9A5D8C0056E429 /* BartlebyFileIO.swift in Sources */,
				E5734E261D9A5D8C0056E429 /* CollectibleCollection.swift in Sources */,
				E5CC29301D846CB300F7C783 /* DateTransform.swift in Sources */,
				E5D0869A1C550E1900F0090E /* CryptedDataTransform.swift in Sources */,
				E5734E161D9A5D8C0056E429 /* Operation+Conveniences.swift in Sources */,
				E5734DEC1D9A5D8C0056E429 /* RegistryMetadata.swift in Sources */,
				E5734DEE1D9A5D8C0056E429 /* Trigger.swift in Sources */,
				E5734E301D9A5D8C0056E429 /* Identifiable.swift in Sources */,
				E5734DFA1D9A5D8C0056E429 /* ReadLockersByQuery.swift in Sources */,
				E5734DF21D9A5D8C0056E429 /* CreateUser.swift in Sources */,
				E5734E361D9A5D8C0056E429 /* Serializable.swift in Sources */,
				E5CC29211D846CB300F7C783 /* StringExtensions.swift in Sources */,
				E50A6F021CC8DE7700F89311 /* CryptedSerializableTransform.swift in Sources */,
				E5734E4A1D9A5D8C0056E429 /* PString.swift in Sources */,
				E5CC28FE1D846CB300F7C783 /* Notifications.swift in Sources */,
				E5CC29371D846CB300F7C783 /* URLTransform.swift in Sources */,
				E5734DED1D9A5D8C0056E429 /* Tag.swift in Sources */,
				E5734E071D9A5D8C0056E429 /* Consignee.swift in Sources */,
				E5734E101D9A5D8C0056E429 /* CollectionMetadatum+Proxy.swift in Sources */,
				E5734E1E1D9A5D8C0056E429 /* JHTTPResponse.swift in Sources */,
				E5CC28FD1D846CB300F7C783 /* NetworkReachabilityManager.swift in Sources */,
				E5D0869C1C550E1900F0090E /* CryptedStringKeyValueTransform.swift in Sources */,
				E5734E2C1D9A5D8C0056E429 /* Distribuable.swift in Sources */,
				E5CC292C1D846CB300F7C783 /* ToJSON.swift in Sources */,
				E5734E041D9A5D8C0056E429 /* EventSource.swift in Sources */,
				E5D0869B1C550E1900F0090E /* CryptedKeyValueStorage.swift in Sources */,
				E5734DE51D9A5D8C0056E429 /* Completion.swift in Sources */,
				E5734E091D9A5D8C0056E429 /* BartlebyDocument+AppFacilities.swift in Sources */,
				E5734DFF1D9A5D8C0056E429 /* UpdateLockers.swift in Sources */,
				E5CC29291D846CB300F7C783 /* Mappable.swift in Sources */,
				E5734E2B1D9A5D8C0056E429 /* DictionaryRepresentation.swift in Sources */,
				E5CC29011D846CB300F7C783 /* Response.swift in Sources */,
				E5734E011D9A5D8C0056E429 /* UpdateUsers.swift in Sources */,
				E5734DF41D9A5D8C0056E429 /* DeleteLocker.swift in Sources */,
				E5CC29341D846CB300F7C783 /* NSDecimalNumberTransform.swift in Sources */,
				E5734E411D9A5D8C0056E429 /* LogoutUser.swift in Sources */,
				E5734DE01D9A5D8C0056E429 /* BartlebyDocument.swift in Sources */,
				E5734DF01D9A5D8C0056E429 /* CreateLocker.swift in Sources */,
				E5734E351D9A5D8C0056E429 /* RegistryMetadataProtocol.swift in Sources */,
				E5734E381D9A5D8C0056E429 /* SuperIterable.swift in Sources */,
				E5734E3F1D9A5D8C0056E429 /* User+Auth.swift in Sources */,
				E5CC29051D846CB300F7C783 /* SessionDelegate.swift in Sources */,
				E5734E3C1D9A5D8C0056E429 /* Registry.swift in Sources */,
				E5CC29361D846CB300F7C783 /* TransformType.swift in Sources */,
				E5734E281D9A5D8C0056E429 /* Commitable.swift in Sources */,
				E5CC29041D846CB300F7C783 /* ServerTrustPolicy.swift in Sources */,
				E5CC29281D846CB300F7C783 /* Map.swift in Sources */,
				E5734E141D9A5D8C0056E429 /* NSNotification+Completion.swift in Sources */,
				E5734DEF1D9A5D8C0056E429 /* User.swift in Sources */,
				E5CC29061D846CB300F7C783 /* SessionManager.swift in Sources */,
				E5734DE11D9A5D8C0056E429 /* LockersCollectionController.swift in Sources */,
				E5734E0D1D9A5D8C0056E429 /* BartlebyDocument+SecurityScopes.swift in Sources */,
				E5734DE81D9A5D8C0056E429 /* JString.swift in Sources */,
				E5CC29031D846CB300F7C783 /* Result.swift in Sources */,
				E5734DE21D9A5D8C0056E429 /* PushOperationsCollectionController.swift in Sources */,
				E5734E191D9A5D8C0056E429 /* RegistryMetadata+Protocol.swift in Sources */,
				E5CC28FC1D846CB300F7C783 /* MultipartFormData.swift in Sources */,
				E5CC29081D846CB300F7C783 /* Timeline.swift in Sources */,
				E5734E051D9A5D8C0056E429 /* Bartleby.swift in Sources */,
				E5734E121D9A5D8C0056E429 /* Completion+Result.swift in Sources */,
				E5CC292F1D846CB300F7C783 /* DateFormatterTransform.swift in Sources */,
				E5CC28F91D846CB300F7C783 /* AFError.swift in Sources */,
				E5734E331D9A5D8C0056E429 /* JSONString.swift in Sources */,
				E5CC29331D846CB300F7C783 /* ISO8601DateTransform.swift in Sources */,
				E5D0869D1C550E1900F0090E /* CryptedStringTransform.swift in Sources */,
				E5734E421D9A5D8C0056E429 /* TriggersAfterIndex.swift in Sources */,
				E5734E371D9A5D8C0056E429 /* Serializer.swift in Sources */,
				E5734E1A1D9A5D8C0056E429 /* Global.swift in Sources */,
				E5CC29201D846CB300F7C783 /* Option.swift in Sources */,
				E5734E151D9A5D8C0056E429 /* NSNotification+Progression.swift in Sources */,
				E5734DF91D9A5D8C0056E429 /* ReadLockersByIds.swift in Sources */,
				E5734E181D9A5D8C0056E429 /* RegistryMetadata+Facilities.swift in Sources */,
				E5734DFC1D9A5D8C0056E429 /* ReadUsersByIds.swift in Sources */,
				E5CC292B1D846CB300F7C783 /* Operators.swift in Sources */,
				E5734E321D9A5D8C0056E429 /* Invocable.swift in Sources */,
				E5734E0F1D9A5D8C0056E429 /* BartlebyDocument+Triggers.swift in Sources */,
				E5734E491D9A5D8C0056E429 /* Pluralization.swift in Sources */,
				E5734E2E1D9A5D8C0056E429 /* HTTPCommand.swift in Sources */,
			);
			runOnlyForDeploymentPostprocessing = 0;
		};
		E548A47E1D880577006FF410 /* Sources */ = {
			isa = PBXSourcesBuildPhase;
			buildActionMask = 2147483647;
			files = (
				E548A4851D880577006FF410 /* bartlebyTests.swift in Sources */,
			);
			runOnlyForDeploymentPostprocessing = 0;
		};
/* End PBXSourcesBuildPhase section */

/* Begin XCBuildConfiguration section */
		E50A3AB91C453A6D004BB7E3 /* Debug */ = {
			isa = XCBuildConfiguration;
			buildSettings = {
				ALWAYS_SEARCH_USER_PATHS = NO;
				CLANG_CXX_LANGUAGE_STANDARD = "gnu++0x";
				CLANG_CXX_LIBRARY = "libc++";
				CLANG_ENABLE_MODULES = YES;
				CLANG_ENABLE_OBJC_ARC = YES;
				CLANG_WARN_BOOL_CONVERSION = YES;
				CLANG_WARN_CONSTANT_CONVERSION = YES;
				CLANG_WARN_DIRECT_OBJC_ISA_USAGE = YES_ERROR;
				CLANG_WARN_EMPTY_BODY = YES;
				CLANG_WARN_ENUM_CONVERSION = YES;
				CLANG_WARN_INFINITE_RECURSION = YES;
				CLANG_WARN_INT_CONVERSION = YES;
				CLANG_WARN_OBJC_ROOT_CLASS = YES_ERROR;
				CLANG_WARN_SUSPICIOUS_MOVE = YES;
				CLANG_WARN_UNREACHABLE_CODE = YES;
				CLANG_WARN__DUPLICATE_METHOD_MATCH = YES;
				CODE_SIGN_IDENTITY = "-";
				COPY_PHASE_STRIP = NO;
				DEBUG_INFORMATION_FORMAT = dwarf;
				ENABLE_STRICT_OBJC_MSGSEND = YES;
				ENABLE_TESTABILITY = YES;
				GCC_C_LANGUAGE_STANDARD = gnu99;
				GCC_DYNAMIC_NO_PIC = NO;
				GCC_NO_COMMON_BLOCKS = YES;
				GCC_OPTIMIZATION_LEVEL = 0;
				GCC_PREPROCESSOR_DEFINITIONS = (
					"DEBUG=1",
					"$(inherited)",
				);
				GCC_WARN_64_TO_32_BIT_CONVERSION = YES;
				GCC_WARN_ABOUT_RETURN_TYPE = YES_ERROR;
				GCC_WARN_UNDECLARED_SELECTOR = YES;
				GCC_WARN_UNINITIALIZED_AUTOS = YES_AGGRESSIVE;
				GCC_WARN_UNUSED_FUNCTION = YES;
				GCC_WARN_UNUSED_VARIABLE = YES;
				MACOSX_DEPLOYMENT_TARGET = 10.11;
				MTL_ENABLE_DEBUG_INFO = YES;
				ONLY_ACTIVE_ARCH = YES;
				SDKROOT = macosx;
				SWIFT_OPTIMIZATION_LEVEL = "-Onone";
			};
			name = Debug;
		};
		E50A3ABA1C453A6D004BB7E3 /* Release */ = {
			isa = XCBuildConfiguration;
			buildSettings = {
				ALWAYS_SEARCH_USER_PATHS = NO;
				CLANG_CXX_LANGUAGE_STANDARD = "gnu++0x";
				CLANG_CXX_LIBRARY = "libc++";
				CLANG_ENABLE_MODULES = YES;
				CLANG_ENABLE_OBJC_ARC = YES;
				CLANG_WARN_BOOL_CONVERSION = YES;
				CLANG_WARN_CONSTANT_CONVERSION = YES;
				CLANG_WARN_DIRECT_OBJC_ISA_USAGE = YES_ERROR;
				CLANG_WARN_EMPTY_BODY = YES;
				CLANG_WARN_ENUM_CONVERSION = YES;
				CLANG_WARN_INFINITE_RECURSION = YES;
				CLANG_WARN_INT_CONVERSION = YES;
				CLANG_WARN_OBJC_ROOT_CLASS = YES_ERROR;
				CLANG_WARN_SUSPICIOUS_MOVE = YES;
				CLANG_WARN_UNREACHABLE_CODE = YES;
				CLANG_WARN__DUPLICATE_METHOD_MATCH = YES;
				CODE_SIGN_IDENTITY = "-";
				COPY_PHASE_STRIP = NO;
				DEBUG_INFORMATION_FORMAT = "dwarf-with-dsym";
				ENABLE_NS_ASSERTIONS = NO;
				ENABLE_STRICT_OBJC_MSGSEND = YES;
				GCC_C_LANGUAGE_STANDARD = gnu99;
				GCC_NO_COMMON_BLOCKS = YES;
				GCC_WARN_64_TO_32_BIT_CONVERSION = YES;
				GCC_WARN_ABOUT_RETURN_TYPE = YES_ERROR;
				GCC_WARN_UNDECLARED_SELECTOR = YES;
				GCC_WARN_UNINITIALIZED_AUTOS = YES_AGGRESSIVE;
				GCC_WARN_UNUSED_FUNCTION = YES;
				GCC_WARN_UNUSED_VARIABLE = YES;
				MACOSX_DEPLOYMENT_TARGET = 10.11;
				MTL_ENABLE_DEBUG_INFO = NO;
				SDKROOT = macosx;
				SWIFT_OPTIMIZATION_LEVEL = "-Owholemodule";
			};
			name = Release;
		};
		E50A3ABC1C453A6D004BB7E3 /* Debug */ = {
			isa = XCBuildConfiguration;
			buildSettings = {
				OTHER_CFLAGS = "-DUSE_EMBEDDED_MODULES";
				OTHER_OSACOMPILEFLAGS = "";
				OTHER_SWIFT_FLAGS = "-DUSE_EMBEDDED_MODULES";
				PRODUCT_NAME = "$(TARGET_NAME)";
				SWIFT_OBJC_BRIDGING_HEADER = "bartleby/Bartleby-Bridging-Header.h";
				SWIFT_VERSION = 3.0;
			};
			name = Debug;
		};
		E50A3ABD1C453A6D004BB7E3 /* Release */ = {
			isa = XCBuildConfiguration;
			buildSettings = {
				OTHER_CFLAGS = "-DUSE_EMBEDDED_MODULES";
				OTHER_OSACOMPILEFLAGS = "";
				OTHER_SWIFT_FLAGS = "-DUSE_EMBEDDED_MODULES";
				PRODUCT_NAME = "$(TARGET_NAME)";
				SWIFT_OBJC_BRIDGING_HEADER = "bartleby/Bartleby-Bridging-Header.h";
				SWIFT_VERSION = 3.0;
			};
			name = Release;
		};
		E548A4871D880577006FF410 /* Debug */ = {
			isa = XCBuildConfiguration;
			buildSettings = {
				CLANG_ANALYZER_NONNULL = YES;
				CLANG_WARN_DOCUMENTATION_COMMENTS = YES;
				CLANG_WARN_SUSPICIOUS_MOVES = YES;
				COMBINE_HIDPI_IMAGES = YES;
				INFOPLIST_FILE = bartlebyTests/Info.plist;
				LD_RUNPATH_SEARCH_PATHS = "$(inherited) @executable_path/../Frameworks @loader_path/../Frameworks";
				PRODUCT_BUNDLE_IDENTIFIER = fr.chaosmos.bartlebyTests;
				PRODUCT_NAME = "$(TARGET_NAME)";
				SWIFT_ACTIVE_COMPILATION_CONDITIONS = DEBUG;
				SWIFT_VERSION = 3.0;
			};
			name = Debug;
		};
		E548A4881D880577006FF410 /* Release */ = {
			isa = XCBuildConfiguration;
			buildSettings = {
				CLANG_ANALYZER_NONNULL = YES;
				CLANG_WARN_DOCUMENTATION_COMMENTS = YES;
				CLANG_WARN_SUSPICIOUS_MOVES = YES;
				COMBINE_HIDPI_IMAGES = YES;
				INFOPLIST_FILE = bartlebyTests/Info.plist;
				LD_RUNPATH_SEARCH_PATHS = "$(inherited) @executable_path/../Frameworks @loader_path/../Frameworks";
				PRODUCT_BUNDLE_IDENTIFIER = fr.chaosmos.bartlebyTests;
				PRODUCT_NAME = "$(TARGET_NAME)";
				SWIFT_VERSION = 3.0;
			};
			name = Release;
		};
/* End XCBuildConfiguration section */

/* Begin XCConfigurationList section */
		E50A3AAF1C453A6D004BB7E3 /* Build configuration list for PBXProject "bartleby" */ = {
			isa = XCConfigurationList;
			buildConfigurations = (
				E50A3AB91C453A6D004BB7E3 /* Debug */,
				E50A3ABA1C453A6D004BB7E3 /* Release */,
			);
			defaultConfigurationIsVisible = 0;
			defaultConfigurationName = Release;
		};
		E50A3ABB1C453A6D004BB7E3 /* Build configuration list for PBXNativeTarget "bartleby" */ = {
			isa = XCConfigurationList;
			buildConfigurations = (
				E50A3ABC1C453A6D004BB7E3 /* Debug */,
				E50A3ABD1C453A6D004BB7E3 /* Release */,
			);
			defaultConfigurationIsVisible = 0;
			defaultConfigurationName = Release;
		};
		E548A4891D880577006FF410 /* Build configuration list for PBXNativeTarget "bartlebyTests" */ = {
			isa = XCConfigurationList;
			buildConfigurations = (
				E548A4871D880577006FF410 /* Debug */,
				E548A4881D880577006FF410 /* Release */,
			);
			defaultConfigurationIsVisible = 0;
			defaultConfigurationName = Release;
		};
/* End XCConfigurationList section */
	};
	rootObject = E50A3AAC1C453A6D004BB7E3 /* Project object */;
}
