// !$*UTF8*$!
{
	archiveVersion = 1;
	classes = {
	};
	objectVersion = 47;
	objects = {

/* Begin PBXBuildFile section */
		E50A3AB81C453A6D004BB7E3 /* main.swift in Sources */ = {isa = PBXBuildFile; fileRef = E50A3AB71C453A6D004BB7E3 /* main.swift */; };
		E50A6F021CC8DE7700F89311 /* CryptedSerializableTransform.swift in Sources */ = {isa = PBXBuildFile; fileRef = E50A6F011CC8DE7700F89311 /* CryptedSerializableTransform.swift */; };
		E512972E1DBA858E00D94478 /* BartlebyDocument.swift in Sources */ = {isa = PBXBuildFile; fileRef = E51296A81DBA858E00D94478 /* BartlebyDocument.swift */; };
		E512972F1DBA858E00D94478 /* LockersManagedCollection.swift in Sources */ = {isa = PBXBuildFile; fileRef = E51296AA1DBA858E00D94478 /* LockersManagedCollection.swift */; };
		E51297301DBA858E00D94478 /* PushOperationsManagedCollection.swift in Sources */ = {isa = PBXBuildFile; fileRef = E51296AB1DBA858E00D94478 /* PushOperationsManagedCollection.swift */; };
		E51297311DBA858E00D94478 /* UsersManagedCollection.swift in Sources */ = {isa = PBXBuildFile; fileRef = E51296AC1DBA858E00D94478 /* UsersManagedCollection.swift */; };
		E51297321DBA858E00D94478 /* Acknowledgment.swift in Sources */ = {isa = PBXBuildFile; fileRef = E51296AE1DBA858E00D94478 /* Acknowledgment.swift */; };
		E51297331DBA858E00D94478 /* BartlebyObject.swift in Sources */ = {isa = PBXBuildFile; fileRef = E51296AF1DBA858E00D94478 /* BartlebyObject.swift */; };
		E51297341DBA858E00D94478 /* CollectionMetadatum.swift in Sources */ = {isa = PBXBuildFile; fileRef = E51296B01DBA858E00D94478 /* CollectionMetadatum.swift */; };
		E51297351DBA858E00D94478 /* Completion.swift in Sources */ = {isa = PBXBuildFile; fileRef = E51296B11DBA858E00D94478 /* Completion.swift */; };
		E51297361DBA858E00D94478 /* ExternalReference.swift in Sources */ = {isa = PBXBuildFile; fileRef = E51296B21DBA858E00D94478 /* ExternalReference.swift */; };
		E51297371DBA858E00D94478 /* JData.swift in Sources */ = {isa = PBXBuildFile; fileRef = E51296B31DBA858E00D94478 /* JData.swift */; };
		E51297381DBA858E00D94478 /* JString.swift in Sources */ = {isa = PBXBuildFile; fileRef = E51296B41DBA858E00D94478 /* JString.swift */; };
		E51297391DBA858E00D94478 /* KeyedChanges.swift in Sources */ = {isa = PBXBuildFile; fileRef = E51296B51DBA858E00D94478 /* KeyedChanges.swift */; };
		E512973A1DBA858E00D94478 /* Locker.swift in Sources */ = {isa = PBXBuildFile; fileRef = E51296B61DBA858E00D94478 /* Locker.swift */; };
		E512973C1DBA858E00D94478 /* LogEntry.swift in Sources */ = {isa = PBXBuildFile; fileRef = E51296B81DBA858E00D94478 /* LogEntry.swift */; };
		E512973D1DBA858E00D94478 /* Progression.swift in Sources */ = {isa = PBXBuildFile; fileRef = E51296B91DBA858E00D94478 /* Progression.swift */; };
		E512973E1DBA858E00D94478 /* PushOperation.swift in Sources */ = {isa = PBXBuildFile; fileRef = E51296BA1DBA858E00D94478 /* PushOperation.swift */; };
		E512973F1DBA858E00D94478 /* RegistryMetadata.swift in Sources */ = {isa = PBXBuildFile; fileRef = E51296BB1DBA858E00D94478 /* RegistryMetadata.swift */; };
		E51297401DBA858E00D94478 /* Tag.swift in Sources */ = {isa = PBXBuildFile; fileRef = E51296BC1DBA858E00D94478 /* Tag.swift */; };
		E51297411DBA858E00D94478 /* Trigger.swift in Sources */ = {isa = PBXBuildFile; fileRef = E51296BD1DBA858E00D94478 /* Trigger.swift */; };
		E51297421DBA858E00D94478 /* User.swift in Sources */ = {isa = PBXBuildFile; fileRef = E51296BE1DBA858E00D94478 /* User.swift */; };
		E51297431DBA858E00D94478 /* CreateLocker.swift in Sources */ = {isa = PBXBuildFile; fileRef = E51296C01DBA858E00D94478 /* CreateLocker.swift */; };
		E51297441DBA858E00D94478 /* CreateLockers.swift in Sources */ = {isa = PBXBuildFile; fileRef = E51296C11DBA858E00D94478 /* CreateLockers.swift */; };
		E51297451DBA858E00D94478 /* CreateUser.swift in Sources */ = {isa = PBXBuildFile; fileRef = E51296C21DBA858E00D94478 /* CreateUser.swift */; };
		E51297461DBA858E00D94478 /* CreateUsers.swift in Sources */ = {isa = PBXBuildFile; fileRef = E51296C31DBA858E00D94478 /* CreateUsers.swift */; };
		E51297471DBA858E00D94478 /* DeleteLocker.swift in Sources */ = {isa = PBXBuildFile; fileRef = E51296C41DBA858E00D94478 /* DeleteLocker.swift */; };
		E51297481DBA858E00D94478 /* DeleteLockers.swift in Sources */ = {isa = PBXBuildFile; fileRef = E51296C51DBA858E00D94478 /* DeleteLockers.swift */; };
		E51297491DBA858E00D94478 /* DeleteUser.swift in Sources */ = {isa = PBXBuildFile; fileRef = E51296C61DBA858E00D94478 /* DeleteUser.swift */; };
		E512974A1DBA858E00D94478 /* DeleteUsers.swift in Sources */ = {isa = PBXBuildFile; fileRef = E51296C71DBA858E00D94478 /* DeleteUsers.swift */; };
		E512974B1DBA858E00D94478 /* ReadLockerById.swift in Sources */ = {isa = PBXBuildFile; fileRef = E51296C81DBA858E00D94478 /* ReadLockerById.swift */; };
		E512974C1DBA858E00D94478 /* ReadLockersByIds.swift in Sources */ = {isa = PBXBuildFile; fileRef = E51296C91DBA858E00D94478 /* ReadLockersByIds.swift */; };
		E512974D1DBA858E00D94478 /* ReadLockersByQuery.swift in Sources */ = {isa = PBXBuildFile; fileRef = E51296CA1DBA858E00D94478 /* ReadLockersByQuery.swift */; };
		E512974E1DBA858E00D94478 /* ReadUserById.swift in Sources */ = {isa = PBXBuildFile; fileRef = E51296CB1DBA858E00D94478 /* ReadUserById.swift */; };
		E512974F1DBA858E00D94478 /* ReadUsersByIds.swift in Sources */ = {isa = PBXBuildFile; fileRef = E51296CC1DBA858E00D94478 /* ReadUsersByIds.swift */; };
		E51297501DBA858E00D94478 /* ReadUsersByQuery.swift in Sources */ = {isa = PBXBuildFile; fileRef = E51296CD1DBA858E00D94478 /* ReadUsersByQuery.swift */; };
		E51297511DBA858E00D94478 /* UpdateLocker.swift in Sources */ = {isa = PBXBuildFile; fileRef = E51296CE1DBA858E00D94478 /* UpdateLocker.swift */; };
		E51297521DBA858E00D94478 /* UpdateLockers.swift in Sources */ = {isa = PBXBuildFile; fileRef = E51296CF1DBA858E00D94478 /* UpdateLockers.swift */; };
		E51297531DBA858E00D94478 /* UpdateUser.swift in Sources */ = {isa = PBXBuildFile; fileRef = E51296D01DBA858E00D94478 /* UpdateUser.swift */; };
		E51297541DBA858E00D94478 /* UpdateUsers.swift in Sources */ = {isa = PBXBuildFile; fileRef = E51296D11DBA858E00D94478 /* UpdateUsers.swift */; };
		E51297551DBA858E00D94478 /* UIX.swift in Sources */ = {isa = PBXBuildFile; fileRef = E51296D31DBA858E00D94478 /* UIX.swift */; };
		E51297561DBA858E00D94478 /* NoCrypto.swift in Sources */ = {isa = PBXBuildFile; fileRef = E51296D61DBA858E00D94478 /* NoCrypto.swift */; };
		E51297571DBA858E00D94478 /* EventSource.swift in Sources */ = {isa = PBXBuildFile; fileRef = E51296D91DBA858E00D94478 /* EventSource.swift */; };
		E51297581DBA858E00D94478 /* Bartleby.swift in Sources */ = {isa = PBXBuildFile; fileRef = E51296DB1DBA858E00D94478 /* Bartleby.swift */; };
		E51297591DBA858E00D94478 /* Consignation.swift in Sources */ = {isa = PBXBuildFile; fileRef = E51296DC1DBA858E00D94478 /* Consignation.swift */; };
		E512975A1DBA858E00D94478 /* Consignee.swift in Sources */ = {isa = PBXBuildFile; fileRef = E51296DD1DBA858E00D94478 /* Consignee.swift */; };
		E512975B1DBA858E00D94478 /* Default.swift in Sources */ = {isa = PBXBuildFile; fileRef = E51296DE1DBA858E00D94478 /* Default.swift */; };
		E512975C1DBA858E00D94478 /* BartlebyDocument+AppFacilities.swift in Sources */ = {isa = PBXBuildFile; fileRef = E51296E01DBA858E00D94478 /* BartlebyDocument+AppFacilities.swift */; };
		E512975D1DBA858E00D94478 /* BartlebyDocument+LocalUpsertAndDelete.swift in Sources */ = {isa = PBXBuildFile; fileRef = E51296E11DBA858E00D94478 /* BartlebyDocument+LocalUpsertAndDelete.swift */; };
		E512975E1DBA858E00D94478 /* BartlebyDocument+Logs.swift in Sources */ = {isa = PBXBuildFile; fileRef = E51296E21DBA858E00D94478 /* BartlebyDocument+Logs.swift */; };
		E512975F1DBA858E00D94478 /* BartlebyDocument+MetaDataImportExport.swift in Sources */ = {isa = PBXBuildFile; fileRef = E51296E31DBA858E00D94478 /* BartlebyDocument+MetaDataImportExport.swift */; };
		E51297601DBA858E00D94478 /* BartlebyDocument+Operations.swift in Sources */ = {isa = PBXBuildFile; fileRef = E51296E41DBA858E00D94478 /* BartlebyDocument+Operations.swift */; };
		E51297611DBA858E00D94478 /* BartlebyDocument+SecurityScopes.swift in Sources */ = {isa = PBXBuildFile; fileRef = E51296E51DBA858E00D94478 /* BartlebyDocument+SecurityScopes.swift */; };
		E51297621DBA858E00D94478 /* BartlebyDocument+SuperIterable.swift in Sources */ = {isa = PBXBuildFile; fileRef = E51296E61DBA858E00D94478 /* BartlebyDocument+SuperIterable.swift */; };
		E51297631DBA858E00D94478 /* BartlebyDocument+Triggers.swift in Sources */ = {isa = PBXBuildFile; fileRef = E51296E71DBA858E00D94478 /* BartlebyDocument+Triggers.swift */; };
		E51297641DBA858E00D94478 /* BartlebyObject+BaseImplementation.swift in Sources */ = {isa = PBXBuildFile; fileRef = E51296E81DBA858E00D94478 /* BartlebyObject+BaseImplementation.swift */; };
		E51297651DBA858E00D94478 /* CollectionMetadatum+Proxy.swift in Sources */ = {isa = PBXBuildFile; fileRef = E51296E91DBA858E00D94478 /* CollectionMetadatum+Proxy.swift */; };
		E51297661DBA858E00D94478 /* Completion+Conveniences.swift in Sources */ = {isa = PBXBuildFile; fileRef = E51296EA1DBA858E00D94478 /* Completion+Conveniences.swift */; };
		E51297671DBA858E00D94478 /* Completion+Result.swift in Sources */ = {isa = PBXBuildFile; fileRef = E51296EB1DBA858E00D94478 /* Completion+Result.swift */; };
		E51297681DBA858E00D94478 /* ExternalReference+Resolution.swift in Sources */ = {isa = PBXBuildFile; fileRef = E51296EC1DBA858E00D94478 /* ExternalReference+Resolution.swift */; };
		E51297691DBA858E00D94478 /* LogEntry+Conveniences.swift in Sources */ = {isa = PBXBuildFile; fileRef = E51296ED1DBA858E00D94478 /* LogEntry+Conveniences.swift */; };
		E512976A1DBA858E00D94478 /* NSNotification+Completion.swift in Sources */ = {isa = PBXBuildFile; fileRef = E51296EE1DBA858E00D94478 /* NSNotification+Completion.swift */; };
		E512976B1DBA858E00D94478 /* NSNotification+Progression.swift in Sources */ = {isa = PBXBuildFile; fileRef = E51296EF1DBA858E00D94478 /* NSNotification+Progression.swift */; };
		E512976C1DBA858E00D94478 /* Progression+Conveniences.swift in Sources */ = {isa = PBXBuildFile; fileRef = E51296F01DBA858E00D94478 /* Progression+Conveniences.swift */; };
		E512976D1DBA858E00D94478 /* PushOperation+Conveniences.swift in Sources */ = {isa = PBXBuildFile; fileRef = E51296F11DBA858E00D94478 /* PushOperation+Conveniences.swift */; };
		E512976E1DBA858E00D94478 /* RegistryMetadata+Facilities.swift in Sources */ = {isa = PBXBuildFile; fileRef = E51296F21DBA858E00D94478 /* RegistryMetadata+Facilities.swift */; };
		E512976F1DBA858E00D94478 /* RegistryMetadata+Protocol.swift in Sources */ = {isa = PBXBuildFile; fileRef = E51296F31DBA858E00D94478 /* RegistryMetadata+Protocol.swift */; };
		E51297701DBA858E00D94478 /* Global.swift in Sources */ = {isa = PBXBuildFile; fileRef = E51296F41DBA858E00D94478 /* Global.swift */; };
		E51297711DBA858E00D94478 /* Handlers.swift in Sources */ = {isa = PBXBuildFile; fileRef = E51296F51DBA858E00D94478 /* Handlers.swift */; };
		E51297721DBA858E00D94478 /* JData+Conveniences.swift in Sources */ = {isa = PBXBuildFile; fileRef = E51296F71DBA858E00D94478 /* JData+Conveniences.swift */; };
		E51297731DBA858E00D94478 /* JHTTPCommand.swift in Sources */ = {isa = PBXBuildFile; fileRef = E51296F81DBA858E00D94478 /* JHTTPCommand.swift */; };
		E51297741DBA858E00D94478 /* JHTTPResponse.swift in Sources */ = {isa = PBXBuildFile; fileRef = E51296F91DBA858E00D94478 /* JHTTPResponse.swift */; };
		E51297751DBA858E00D94478 /* JSerializer.swift in Sources */ = {isa = PBXBuildFile; fileRef = E51296FA1DBA858E00D94478 /* JSerializer.swift */; };
		E51297761DBA858E00D94478 /* JString+Conveniences.swift in Sources */ = {isa = PBXBuildFile; fileRef = E51296FB1DBA858E00D94478 /* JString+Conveniences.swift */; };
		E51297771DBA858E00D94478 /* ImageTransform.swift in Sources */ = {isa = PBXBuildFile; fileRef = E51296FD1DBA858E00D94478 /* ImageTransform.swift */; };
		E51297781DBA858E00D94478 /* BartlebyCollection.swift in Sources */ = {isa = PBXBuildFile; fileRef = E51296FF1DBA858E00D94478 /* BartlebyCollection.swift */; };
		E51297791DBA858E00D94478 /* BartlebyFileIO.swift in Sources */ = {isa = PBXBuildFile; fileRef = E51297001DBA858E00D94478 /* BartlebyFileIO.swift */; };
		E512977A1DBA858E00D94478 /* ChangesInspectable.swift in Sources */ = {isa = PBXBuildFile; fileRef = E51297011DBA858E00D94478 /* ChangesInspectable.swift */; };
		E512977B1DBA858E00D94478 /* Collectible.swift in Sources */ = {isa = PBXBuildFile; fileRef = E51297021DBA858E00D94478 /* Collectible.swift */; };
		E512977C1DBA858E00D94478 /* CollectibleCollection.swift in Sources */ = {isa = PBXBuildFile; fileRef = E51297031DBA858E00D94478 /* CollectibleCollection.swift */; };
		E512977D1DBA858E00D94478 /* CollectionMetadatumProtocol.swift in Sources */ = {isa = PBXBuildFile; fileRef = E51297041DBA858E00D94478 /* CollectionMetadatumProtocol.swift */; };
		E512977E1DBA858E00D94478 /* Commitable.swift in Sources */ = {isa = PBXBuildFile; fileRef = E51297051DBA858E00D94478 /* Commitable.swift */; };
		E512977F1DBA858E00D94478 /* CryptoDelegate.swift in Sources */ = {isa = PBXBuildFile; fileRef = E51297061DBA858E00D94478 /* CryptoDelegate.swift */; };
		E51297801DBA858E00D94478 /* Descriptible.swift in Sources */ = {isa = PBXBuildFile; fileRef = E51297071DBA858E00D94478 /* Descriptible.swift */; };
		E51297811DBA858E00D94478 /* DictionaryRepresentation.swift in Sources */ = {isa = PBXBuildFile; fileRef = E51297081DBA858E00D94478 /* DictionaryRepresentation.swift */; };
		E51297821DBA858E00D94478 /* Distribuable.swift in Sources */ = {isa = PBXBuildFile; fileRef = E51297091DBA858E00D94478 /* Distribuable.swift */; };
		E51297831DBA858E00D94478 /* Exposed.swift in Sources */ = {isa = PBXBuildFile; fileRef = E512970A1DBA858E00D94478 /* Exposed.swift */; };
		E51297841DBA858E00D94478 /* HTTPCommand.swift in Sources */ = {isa = PBXBuildFile; fileRef = E512970B1DBA858E00D94478 /* HTTPCommand.swift */; };
		E51297851DBA858E00D94478 /* HTTPResponse.swift in Sources */ = {isa = PBXBuildFile; fileRef = E512970C1DBA858E00D94478 /* HTTPResponse.swift */; };
		E51297861DBA858E00D94478 /* Identifiable.swift in Sources */ = {isa = PBXBuildFile; fileRef = E512970D1DBA858E00D94478 /* Identifiable.swift */; };
		E51297871DBA858E00D94478 /* Initializable.swift in Sources */ = {isa = PBXBuildFile; fileRef = E512970E1DBA858E00D94478 /* Initializable.swift */; };
		E51297881DBA858E00D94478 /* IterableCollectibleCollection.swift in Sources */ = {isa = PBXBuildFile; fileRef = E512970F1DBA858E00D94478 /* IterableCollectibleCollection.swift */; };
		E51297891DBA858E00D94478 /* JSONString.swift in Sources */ = {isa = PBXBuildFile; fileRef = E51297101DBA858E00D94478 /* JSONString.swift */; };
		E512978A1DBA858E00D94478 /* LogEntriesObserver.swift in Sources */ = {isa = PBXBuildFile; fileRef = E51297111DBA858E00D94478 /* LogEntriesObserver.swift */; };
		E512978B1DBA858E00D94478 /* Monitoring.swift in Sources */ = {isa = PBXBuildFile; fileRef = E51297121DBA858E00D94478 /* Monitoring.swift */; };
		E512978C1DBA858E00D94478 /* Referenced.swift in Sources */ = {isa = PBXBuildFile; fileRef = E51297131DBA858E00D94478 /* Referenced.swift */; };
		E512978D1DBA858E00D94478 /* RegistryMetadataProtocol.swift in Sources */ = {isa = PBXBuildFile; fileRef = E51297141DBA858E00D94478 /* RegistryMetadataProtocol.swift */; };
		E512978E1DBA858E00D94478 /* Serializable.swift in Sources */ = {isa = PBXBuildFile; fileRef = E51297151DBA858E00D94478 /* Serializable.swift */; };
		E512978F1DBA858E00D94478 /* Serializer.swift in Sources */ = {isa = PBXBuildFile; fileRef = E51297161DBA858E00D94478 /* Serializer.swift */; };
		E51297901DBA858E00D94478 /* SuperIterable.swift in Sources */ = {isa = PBXBuildFile; fileRef = E51297171DBA858E00D94478 /* SuperIterable.swift */; };
		E51297911DBA858E00D94478 /* Supervisable.swift in Sources */ = {isa = PBXBuildFile; fileRef = E51297181DBA858E00D94478 /* Supervisable.swift */; };
		E51297921DBA858E00D94478 /* UniversalType.swift in Sources */ = {isa = PBXBuildFile; fileRef = E51297191DBA858E00D94478 /* UniversalType.swift */; };
		E51297931DBA858E00D94478 /* UserProtocol.swift in Sources */ = {isa = PBXBuildFile; fileRef = E512971A1DBA858E00D94478 /* UserProtocol.swift */; };
		E51297941DBA858E00D94478 /* Registry.swift in Sources */ = {isa = PBXBuildFile; fileRef = E512971B1DBA858E00D94478 /* Registry.swift */; };
		E51297951DBA858E00D94478 /* StatusOfCompletion.swift in Sources */ = {isa = PBXBuildFile; fileRef = E512971C1DBA858E00D94478 /* StatusOfCompletion.swift */; };
		E51297961DBA858E00D94478 /* NSObject+Bartleby.swift in Sources */ = {isa = PBXBuildFile; fileRef = E512971E1DBA858E00D94478 /* NSObject+Bartleby.swift */; };
		E51297971DBA858E00D94478 /* NSUndomanager+RegisterUndo.swift in Sources */ = {isa = PBXBuildFile; fileRef = E512971F1DBA858E00D94478 /* NSUndomanager+RegisterUndo.swift */; };
		E51297981DBA858E00D94478 /* User+Auth.swift in Sources */ = {isa = PBXBuildFile; fileRef = E51297201DBA858E00D94478 /* User+Auth.swift */; };
		E51297991DBA858E00D94478 /* LoginUser.swift in Sources */ = {isa = PBXBuildFile; fileRef = E51297221DBA858E00D94478 /* LoginUser.swift */; };
		E512979A1DBA858E00D94478 /* LogoutUser.swift in Sources */ = {isa = PBXBuildFile; fileRef = E51297231DBA858E00D94478 /* LogoutUser.swift */; };
		E512979B1DBA858E00D94478 /* TriggersAfterIndex.swift in Sources */ = {isa = PBXBuildFile; fileRef = E51297241DBA858E00D94478 /* TriggersAfterIndex.swift */; };
		E512979C1DBA858E00D94478 /* TriggersByIds.swift in Sources */ = {isa = PBXBuildFile; fileRef = E51297251DBA858E00D94478 /* TriggersByIds.swift */; };
		E512979D1DBA858E00D94478 /* TriggersForIndexes.swift in Sources */ = {isa = PBXBuildFile; fileRef = E51297261DBA858E00D94478 /* TriggersForIndexes.swift */; };
		E512979E1DBA858E00D94478 /* VerifyLocker.swift in Sources */ = {isa = PBXBuildFile; fileRef = E51297271DBA858E00D94478 /* VerifyLocker.swift */; };
		E51297A01DBA858E00D94478 /* BFileManager.swift in Sources */ = {isa = PBXBuildFile; fileRef = E512972A1DBA858E00D94478 /* BFileManager.swift */; };
		E51297A11DBA858E00D94478 /* HTTPManager.swift in Sources */ = {isa = PBXBuildFile; fileRef = E512972B1DBA858E00D94478 /* HTTPManager.swift */; };
		E51297A21DBA858E00D94478 /* Pluralization.swift in Sources */ = {isa = PBXBuildFile; fileRef = E512972C1DBA858E00D94478 /* Pluralization.swift */; };
		E51297A31DBA858E00D94478 /* PString.swift in Sources */ = {isa = PBXBuildFile; fileRef = E512972D1DBA858E00D94478 /* PString.swift */; };
		E548A4851D880577006FF410 /* bartlebyTests.swift in Sources */ = {isa = PBXBuildFile; fileRef = E548A4841D880577006FF410 /* bartlebyTests.swift */; };
		E5CC28F91D846CB300F7C783 /* AFError.swift in Sources */ = {isa = PBXBuildFile; fileRef = E5CC28521D846CB300F7C783 /* AFError.swift */; };
		E5CC28FA1D846CB300F7C783 /* Alamofire.swift in Sources */ = {isa = PBXBuildFile; fileRef = E5CC28541D846CB300F7C783 /* Alamofire.swift */; };
		E5CC28FB1D846CB300F7C783 /* DispatchQueue+Alamofire.swift in Sources */ = {isa = PBXBuildFile; fileRef = E5CC28551D846CB300F7C783 /* DispatchQueue+Alamofire.swift */; };
		E5CC28FC1D846CB300F7C783 /* MultipartFormData.swift in Sources */ = {isa = PBXBuildFile; fileRef = E5CC28581D846CB300F7C783 /* MultipartFormData.swift */; };
		E5CC28FD1D846CB300F7C783 /* NetworkReachabilityManager.swift in Sources */ = {isa = PBXBuildFile; fileRef = E5CC28591D846CB300F7C783 /* NetworkReachabilityManager.swift */; };
		E5CC28FE1D846CB300F7C783 /* Notifications.swift in Sources */ = {isa = PBXBuildFile; fileRef = E5CC285A1D846CB300F7C783 /* Notifications.swift */; };
		E5CC28FF1D846CB300F7C783 /* ParameterEncoding.swift in Sources */ = {isa = PBXBuildFile; fileRef = E5CC285B1D846CB300F7C783 /* ParameterEncoding.swift */; };
		E5CC29001D846CB300F7C783 /* Request.swift in Sources */ = {isa = PBXBuildFile; fileRef = E5CC285C1D846CB300F7C783 /* Request.swift */; };
		E5CC29011D846CB300F7C783 /* Response.swift in Sources */ = {isa = PBXBuildFile; fileRef = E5CC285D1D846CB300F7C783 /* Response.swift */; };
		E5CC29021D846CB300F7C783 /* ResponseSerialization.swift in Sources */ = {isa = PBXBuildFile; fileRef = E5CC285E1D846CB300F7C783 /* ResponseSerialization.swift */; };
		E5CC29031D846CB300F7C783 /* Result.swift in Sources */ = {isa = PBXBuildFile; fileRef = E5CC285F1D846CB300F7C783 /* Result.swift */; };
		E5CC29041D846CB300F7C783 /* ServerTrustPolicy.swift in Sources */ = {isa = PBXBuildFile; fileRef = E5CC28601D846CB300F7C783 /* ServerTrustPolicy.swift */; };
		E5CC29051D846CB300F7C783 /* SessionDelegate.swift in Sources */ = {isa = PBXBuildFile; fileRef = E5CC28611D846CB300F7C783 /* SessionDelegate.swift */; };
		E5CC29061D846CB300F7C783 /* SessionManager.swift in Sources */ = {isa = PBXBuildFile; fileRef = E5CC28621D846CB300F7C783 /* SessionManager.swift */; };
		E5CC29071D846CB300F7C783 /* TaskDelegate.swift in Sources */ = {isa = PBXBuildFile; fileRef = E5CC28631D846CB300F7C783 /* TaskDelegate.swift */; };
		E5CC29081D846CB300F7C783 /* Timeline.swift in Sources */ = {isa = PBXBuildFile; fileRef = E5CC28641D846CB300F7C783 /* Timeline.swift */; };
		E5CC29091D846CB300F7C783 /* Validation.swift in Sources */ = {isa = PBXBuildFile; fileRef = E5CC28651D846CB300F7C783 /* Validation.swift */; };
		E5CC291F1D846CB300F7C783 /* CommandLine.swift in Sources */ = {isa = PBXBuildFile; fileRef = E5CC28AC1D846CB300F7C783 /* CommandLine.swift */; };
		E5CC29201D846CB300F7C783 /* Option.swift in Sources */ = {isa = PBXBuildFile; fileRef = E5CC28AE1D846CB300F7C783 /* Option.swift */; };
		E5CC29211D846CB300F7C783 /* StringExtensions.swift in Sources */ = {isa = PBXBuildFile; fileRef = E5CC28AF1D846CB300F7C783 /* StringExtensions.swift */; };
		E5CC29271D846CB300F7C783 /* FromJSON.swift in Sources */ = {isa = PBXBuildFile; fileRef = E5CC28C21D846CB300F7C783 /* FromJSON.swift */; };
		E5CC29281D846CB300F7C783 /* Map.swift in Sources */ = {isa = PBXBuildFile; fileRef = E5CC28C31D846CB300F7C783 /* Map.swift */; };
		E5CC29291D846CB300F7C783 /* Mappable.swift in Sources */ = {isa = PBXBuildFile; fileRef = E5CC28C41D846CB300F7C783 /* Mappable.swift */; };
		E5CC292A1D846CB300F7C783 /* Mapper.swift in Sources */ = {isa = PBXBuildFile; fileRef = E5CC28C51D846CB300F7C783 /* Mapper.swift */; };
		E5CC292B1D846CB300F7C783 /* Operators.swift in Sources */ = {isa = PBXBuildFile; fileRef = E5CC28C61D846CB300F7C783 /* Operators.swift */; };
		E5CC292C1D846CB300F7C783 /* ToJSON.swift in Sources */ = {isa = PBXBuildFile; fileRef = E5CC28C71D846CB300F7C783 /* ToJSON.swift */; };
		E5CC292D1D846CB300F7C783 /* CustomDateFormatTransform.swift in Sources */ = {isa = PBXBuildFile; fileRef = E5CC28CB1D846CB300F7C783 /* CustomDateFormatTransform.swift */; };
		E5CC292E1D846CB300F7C783 /* DataTransform.swift in Sources */ = {isa = PBXBuildFile; fileRef = E5CC28CC1D846CB300F7C783 /* DataTransform.swift */; };
		E5CC292F1D846CB300F7C783 /* DateFormatterTransform.swift in Sources */ = {isa = PBXBuildFile; fileRef = E5CC28CD1D846CB300F7C783 /* DateFormatterTransform.swift */; };
		E5CC29301D846CB300F7C783 /* DateTransform.swift in Sources */ = {isa = PBXBuildFile; fileRef = E5CC28CE1D846CB300F7C783 /* DateTransform.swift */; };
		E5CC29311D846CB300F7C783 /* DictionaryTransform.swift in Sources */ = {isa = PBXBuildFile; fileRef = E5CC28CF1D846CB300F7C783 /* DictionaryTransform.swift */; };
		E5CC29321D846CB300F7C783 /* EnumTransform.swift in Sources */ = {isa = PBXBuildFile; fileRef = E5CC28D01D846CB300F7C783 /* EnumTransform.swift */; };
		E5CC29331D846CB300F7C783 /* ISO8601DateTransform.swift in Sources */ = {isa = PBXBuildFile; fileRef = E5CC28D11D846CB300F7C783 /* ISO8601DateTransform.swift */; };
		E5CC29341D846CB300F7C783 /* NSDecimalNumberTransform.swift in Sources */ = {isa = PBXBuildFile; fileRef = E5CC28D21D846CB300F7C783 /* NSDecimalNumberTransform.swift */; };
		E5CC29351D846CB300F7C783 /* TransformOf.swift in Sources */ = {isa = PBXBuildFile; fileRef = E5CC28D31D846CB300F7C783 /* TransformOf.swift */; };
		E5CC29361D846CB300F7C783 /* TransformType.swift in Sources */ = {isa = PBXBuildFile; fileRef = E5CC28D41D846CB300F7C783 /* TransformType.swift */; };
		E5CC29371D846CB300F7C783 /* URLTransform.swift in Sources */ = {isa = PBXBuildFile; fileRef = E5CC28D51D846CB300F7C783 /* URLTransform.swift */; };
		E5D085411C550DC500F0090E /* BartlebysCommandsFacade.swift in Sources */ = {isa = PBXBuildFile; fileRef = E5D085401C550DC500F0090E /* BartlebysCommandsFacade.swift */; };
		E5D0869A1C550E1900F0090E /* CryptedDataTransform.swift in Sources */ = {isa = PBXBuildFile; fileRef = E5D085F61C550E1900F0090E /* CryptedDataTransform.swift */; };
		E5D0869B1C550E1900F0090E /* CryptedKeyValueStorage.swift in Sources */ = {isa = PBXBuildFile; fileRef = E5D085F71C550E1900F0090E /* CryptedKeyValueStorage.swift */; };
		E5D0869C1C550E1900F0090E /* CryptedStringKeyValueTransform.swift in Sources */ = {isa = PBXBuildFile; fileRef = E5D085F81C550E1900F0090E /* CryptedStringKeyValueTransform.swift */; };
		E5D0869D1C550E1900F0090E /* CryptedStringTransform.swift in Sources */ = {isa = PBXBuildFile; fileRef = E5D085F91C550E1900F0090E /* CryptedStringTransform.swift */; };
		E5D0869E1C550E1900F0090E /* CryptoHelper.swift in Sources */ = {isa = PBXBuildFile; fileRef = E5D085FA1C550E1900F0090E /* CryptoHelper.swift */; };
/* End PBXBuildFile section */

/* Begin PBXCopyFilesBuildPhase section */
		E50A3AB21C453A6D004BB7E3 /* CopyFiles */ = {
			isa = PBXCopyFilesBuildPhase;
			buildActionMask = 2147483647;
			dstPath = /usr/share/man/man1/;
			dstSubfolderSpec = 0;
			files = (
			);
			runOnlyForDeploymentPostprocessing = 1;
		};
/* End PBXCopyFilesBuildPhase section */

/* Begin PBXFileReference section */
		E50A3AB41C453A6D004BB7E3 /* bartleby */ = {isa = PBXFileReference; explicitFileType = "compiled.mach-o.executable"; includeInIndex = 0; path = bartleby; sourceTree = BUILT_PRODUCTS_DIR; };
		E50A3AB71C453A6D004BB7E3 /* main.swift */ = {isa = PBXFileReference; lastKnownFileType = sourcecode.swift; path = main.swift; sourceTree = "<group>"; };
		E50A3B091C453BB1004BB7E3 /* Bartleby-Bridging-Header.h */ = {isa = PBXFileReference; lastKnownFileType = sourcecode.c.h; path = "Bartleby-Bridging-Header.h"; sourceTree = "<group>"; };
		E50A6F011CC8DE7700F89311 /* CryptedSerializableTransform.swift */ = {isa = PBXFileReference; fileEncoding = 4; lastKnownFileType = sourcecode.swift; path = CryptedSerializableTransform.swift; sourceTree = "<group>"; };
		E51296A81DBA858E00D94478 /* BartlebyDocument.swift */ = {isa = PBXFileReference; fileEncoding = 4; lastKnownFileType = sourcecode.swift; path = BartlebyDocument.swift; sourceTree = "<group>"; };
		E51296AA1DBA858E00D94478 /* LockersManagedCollection.swift */ = {isa = PBXFileReference; fileEncoding = 4; lastKnownFileType = sourcecode.swift; path = LockersManagedCollection.swift; sourceTree = "<group>"; };
		E51296AB1DBA858E00D94478 /* PushOperationsManagedCollection.swift */ = {isa = PBXFileReference; fileEncoding = 4; lastKnownFileType = sourcecode.swift; path = PushOperationsManagedCollection.swift; sourceTree = "<group>"; };
		E51296AC1DBA858E00D94478 /* UsersManagedCollection.swift */ = {isa = PBXFileReference; fileEncoding = 4; lastKnownFileType = sourcecode.swift; path = UsersManagedCollection.swift; sourceTree = "<group>"; };
		E51296AE1DBA858E00D94478 /* Acknowledgment.swift */ = {isa = PBXFileReference; fileEncoding = 4; lastKnownFileType = sourcecode.swift; path = Acknowledgment.swift; sourceTree = "<group>"; };
		E51296AF1DBA858E00D94478 /* BartlebyObject.swift */ = {isa = PBXFileReference; fileEncoding = 4; lastKnownFileType = sourcecode.swift; path = BartlebyObject.swift; sourceTree = "<group>"; };
		E51296B01DBA858E00D94478 /* CollectionMetadatum.swift */ = {isa = PBXFileReference; fileEncoding = 4; lastKnownFileType = sourcecode.swift; path = CollectionMetadatum.swift; sourceTree = "<group>"; };
		E51296B11DBA858E00D94478 /* Completion.swift */ = {isa = PBXFileReference; fileEncoding = 4; lastKnownFileType = sourcecode.swift; path = Completion.swift; sourceTree = "<group>"; };
		E51296B21DBA858E00D94478 /* ExternalReference.swift */ = {isa = PBXFileReference; fileEncoding = 4; lastKnownFileType = sourcecode.swift; path = ExternalReference.swift; sourceTree = "<group>"; };
		E51296B31DBA858E00D94478 /* JData.swift */ = {isa = PBXFileReference; fileEncoding = 4; lastKnownFileType = sourcecode.swift; path = JData.swift; sourceTree = "<group>"; };
		E51296B41DBA858E00D94478 /* JString.swift */ = {isa = PBXFileReference; fileEncoding = 4; lastKnownFileType = sourcecode.swift; path = JString.swift; sourceTree = "<group>"; };
		E51296B51DBA858E00D94478 /* KeyedChanges.swift */ = {isa = PBXFileReference; fileEncoding = 4; lastKnownFileType = sourcecode.swift; path = KeyedChanges.swift; sourceTree = "<group>"; };
		E51296B61DBA858E00D94478 /* Locker.swift */ = {isa = PBXFileReference; fileEncoding = 4; lastKnownFileType = sourcecode.swift; path = Locker.swift; sourceTree = "<group>"; };
		E51296B81DBA858E00D94478 /* LogEntry.swift */ = {isa = PBXFileReference; fileEncoding = 4; lastKnownFileType = sourcecode.swift; path = LogEntry.swift; sourceTree = "<group>"; };
		E51296B91DBA858E00D94478 /* Progression.swift */ = {isa = PBXFileReference; fileEncoding = 4; lastKnownFileType = sourcecode.swift; path = Progression.swift; sourceTree = "<group>"; };
		E51296BA1DBA858E00D94478 /* PushOperation.swift */ = {isa = PBXFileReference; fileEncoding = 4; lastKnownFileType = sourcecode.swift; path = PushOperation.swift; sourceTree = "<group>"; };
		E51296BB1DBA858E00D94478 /* RegistryMetadata.swift */ = {isa = PBXFileReference; fileEncoding = 4; lastKnownFileType = sourcecode.swift; path = RegistryMetadata.swift; sourceTree = "<group>"; };
		E51296BC1DBA858E00D94478 /* Tag.swift */ = {isa = PBXFileReference; fileEncoding = 4; lastKnownFileType = sourcecode.swift; path = Tag.swift; sourceTree = "<group>"; };
		E51296BD1DBA858E00D94478 /* Trigger.swift */ = {isa = PBXFileReference; fileEncoding = 4; lastKnownFileType = sourcecode.swift; path = Trigger.swift; sourceTree = "<group>"; };
		E51296BE1DBA858E00D94478 /* User.swift */ = {isa = PBXFileReference; fileEncoding = 4; lastKnownFileType = sourcecode.swift; path = User.swift; sourceTree = "<group>"; };
		E51296C01DBA858E00D94478 /* CreateLocker.swift */ = {isa = PBXFileReference; fileEncoding = 4; lastKnownFileType = sourcecode.swift; path = CreateLocker.swift; sourceTree = "<group>"; };
		E51296C11DBA858E00D94478 /* CreateLockers.swift */ = {isa = PBXFileReference; fileEncoding = 4; lastKnownFileType = sourcecode.swift; path = CreateLockers.swift; sourceTree = "<group>"; };
		E51296C21DBA858E00D94478 /* CreateUser.swift */ = {isa = PBXFileReference; fileEncoding = 4; lastKnownFileType = sourcecode.swift; path = CreateUser.swift; sourceTree = "<group>"; };
		E51296C31DBA858E00D94478 /* CreateUsers.swift */ = {isa = PBXFileReference; fileEncoding = 4; lastKnownFileType = sourcecode.swift; path = CreateUsers.swift; sourceTree = "<group>"; };
		E51296C41DBA858E00D94478 /* DeleteLocker.swift */ = {isa = PBXFileReference; fileEncoding = 4; lastKnownFileType = sourcecode.swift; path = DeleteLocker.swift; sourceTree = "<group>"; };
		E51296C51DBA858E00D94478 /* DeleteLockers.swift */ = {isa = PBXFileReference; fileEncoding = 4; lastKnownFileType = sourcecode.swift; path = DeleteLockers.swift; sourceTree = "<group>"; };
		E51296C61DBA858E00D94478 /* DeleteUser.swift */ = {isa = PBXFileReference; fileEncoding = 4; lastKnownFileType = sourcecode.swift; path = DeleteUser.swift; sourceTree = "<group>"; };
		E51296C71DBA858E00D94478 /* DeleteUsers.swift */ = {isa = PBXFileReference; fileEncoding = 4; lastKnownFileType = sourcecode.swift; path = DeleteUsers.swift; sourceTree = "<group>"; };
		E51296C81DBA858E00D94478 /* ReadLockerById.swift */ = {isa = PBXFileReference; fileEncoding = 4; lastKnownFileType = sourcecode.swift; path = ReadLockerById.swift; sourceTree = "<group>"; };
		E51296C91DBA858E00D94478 /* ReadLockersByIds.swift */ = {isa = PBXFileReference; fileEncoding = 4; lastKnownFileType = sourcecode.swift; path = ReadLockersByIds.swift; sourceTree = "<group>"; };
		E51296CA1DBA858E00D94478 /* ReadLockersByQuery.swift */ = {isa = PBXFileReference; fileEncoding = 4; lastKnownFileType = sourcecode.swift; path = ReadLockersByQuery.swift; sourceTree = "<group>"; };
		E51296CB1DBA858E00D94478 /* ReadUserById.swift */ = {isa = PBXFileReference; fileEncoding = 4; lastKnownFileType = sourcecode.swift; path = ReadUserById.swift; sourceTree = "<group>"; };
		E51296CC1DBA858E00D94478 /* ReadUsersByIds.swift */ = {isa = PBXFileReference; fileEncoding = 4; lastKnownFileType = sourcecode.swift; path = ReadUsersByIds.swift; sourceTree = "<group>"; };
		E51296CD1DBA858E00D94478 /* ReadUsersByQuery.swift */ = {isa = PBXFileReference; fileEncoding = 4; lastKnownFileType = sourcecode.swift; path = ReadUsersByQuery.swift; sourceTree = "<group>"; };
		E51296CE1DBA858E00D94478 /* UpdateLocker.swift */ = {isa = PBXFileReference; fileEncoding = 4; lastKnownFileType = sourcecode.swift; path = UpdateLocker.swift; sourceTree = "<group>"; };
		E51296CF1DBA858E00D94478 /* UpdateLockers.swift */ = {isa = PBXFileReference; fileEncoding = 4; lastKnownFileType = sourcecode.swift; path = UpdateLockers.swift; sourceTree = "<group>"; };
		E51296D01DBA858E00D94478 /* UpdateUser.swift */ = {isa = PBXFileReference; fileEncoding = 4; lastKnownFileType = sourcecode.swift; path = UpdateUser.swift; sourceTree = "<group>"; };
		E51296D11DBA858E00D94478 /* UpdateUsers.swift */ = {isa = PBXFileReference; fileEncoding = 4; lastKnownFileType = sourcecode.swift; path = UpdateUsers.swift; sourceTree = "<group>"; };
		E51296D31DBA858E00D94478 /* UIX.swift */ = {isa = PBXFileReference; fileEncoding = 4; lastKnownFileType = sourcecode.swift; path = UIX.swift; sourceTree = "<group>"; };
		E51296D61DBA858E00D94478 /* NoCrypto.swift */ = {isa = PBXFileReference; fileEncoding = 4; lastKnownFileType = sourcecode.swift; path = NoCrypto.swift; sourceTree = "<group>"; };
		E51296D91DBA858E00D94478 /* EventSource.swift */ = {isa = PBXFileReference; fileEncoding = 4; lastKnownFileType = sourcecode.swift; path = EventSource.swift; sourceTree = "<group>"; };
		E51296DB1DBA858E00D94478 /* Bartleby.swift */ = {isa = PBXFileReference; fileEncoding = 4; lastKnownFileType = sourcecode.swift; path = Bartleby.swift; sourceTree = "<group>"; };
		E51296DC1DBA858E00D94478 /* Consignation.swift */ = {isa = PBXFileReference; fileEncoding = 4; lastKnownFileType = sourcecode.swift; path = Consignation.swift; sourceTree = "<group>"; };
		E51296DD1DBA858E00D94478 /* Consignee.swift */ = {isa = PBXFileReference; fileEncoding = 4; lastKnownFileType = sourcecode.swift; path = Consignee.swift; sourceTree = "<group>"; };
		E51296DE1DBA858E00D94478 /* Default.swift */ = {isa = PBXFileReference; fileEncoding = 4; lastKnownFileType = sourcecode.swift; path = Default.swift; sourceTree = "<group>"; };
		E51296E01DBA858E00D94478 /* BartlebyDocument+AppFacilities.swift */ = {isa = PBXFileReference; fileEncoding = 4; lastKnownFileType = sourcecode.swift; path = "BartlebyDocument+AppFacilities.swift"; sourceTree = "<group>"; };
		E51296E11DBA858E00D94478 /* BartlebyDocument+LocalUpsertAndDelete.swift */ = {isa = PBXFileReference; fileEncoding = 4; lastKnownFileType = sourcecode.swift; path = "BartlebyDocument+LocalUpsertAndDelete.swift"; sourceTree = "<group>"; };
		E51296E21DBA858E00D94478 /* BartlebyDocument+Logs.swift */ = {isa = PBXFileReference; fileEncoding = 4; lastKnownFileType = sourcecode.swift; path = "BartlebyDocument+Logs.swift"; sourceTree = "<group>"; };
		E51296E31DBA858E00D94478 /* BartlebyDocument+MetaDataImportExport.swift */ = {isa = PBXFileReference; fileEncoding = 4; lastKnownFileType = sourcecode.swift; path = "BartlebyDocument+MetaDataImportExport.swift"; sourceTree = "<group>"; };
		E51296E41DBA858E00D94478 /* BartlebyDocument+Operations.swift */ = {isa = PBXFileReference; fileEncoding = 4; lastKnownFileType = sourcecode.swift; path = "BartlebyDocument+Operations.swift"; sourceTree = "<group>"; };
		E51296E51DBA858E00D94478 /* BartlebyDocument+SecurityScopes.swift */ = {isa = PBXFileReference; fileEncoding = 4; lastKnownFileType = sourcecode.swift; path = "BartlebyDocument+SecurityScopes.swift"; sourceTree = "<group>"; };
		E51296E61DBA858E00D94478 /* BartlebyDocument+SuperIterable.swift */ = {isa = PBXFileReference; fileEncoding = 4; lastKnownFileType = sourcecode.swift; path = "BartlebyDocument+SuperIterable.swift"; sourceTree = "<group>"; };
		E51296E71DBA858E00D94478 /* BartlebyDocument+Triggers.swift */ = {isa = PBXFileReference; fileEncoding = 4; lastKnownFileType = sourcecode.swift; path = "BartlebyDocument+Triggers.swift"; sourceTree = "<group>"; };
		E51296E81DBA858E00D94478 /* BartlebyObject+BaseImplementation.swift */ = {isa = PBXFileReference; fileEncoding = 4; lastKnownFileType = sourcecode.swift; path = "BartlebyObject+BaseImplementation.swift"; sourceTree = "<group>"; };
		E51296E91DBA858E00D94478 /* CollectionMetadatum+Proxy.swift */ = {isa = PBXFileReference; fileEncoding = 4; lastKnownFileType = sourcecode.swift; path = "CollectionMetadatum+Proxy.swift"; sourceTree = "<group>"; };
		E51296EA1DBA858E00D94478 /* Completion+Conveniences.swift */ = {isa = PBXFileReference; fileEncoding = 4; lastKnownFileType = sourcecode.swift; path = "Completion+Conveniences.swift"; sourceTree = "<group>"; };
		E51296EB1DBA858E00D94478 /* Completion+Result.swift */ = {isa = PBXFileReference; fileEncoding = 4; lastKnownFileType = sourcecode.swift; path = "Completion+Result.swift"; sourceTree = "<group>"; };
		E51296EC1DBA858E00D94478 /* ExternalReference+Resolution.swift */ = {isa = PBXFileReference; fileEncoding = 4; lastKnownFileType = sourcecode.swift; path = "ExternalReference+Resolution.swift"; sourceTree = "<group>"; };
		E51296ED1DBA858E00D94478 /* LogEntry+Conveniences.swift */ = {isa = PBXFileReference; fileEncoding = 4; lastKnownFileType = sourcecode.swift; path = "LogEntry+Conveniences.swift"; sourceTree = "<group>"; };
		E51296EE1DBA858E00D94478 /* NSNotification+Completion.swift */ = {isa = PBXFileReference; fileEncoding = 4; lastKnownFileType = sourcecode.swift; path = "NSNotification+Completion.swift"; sourceTree = "<group>"; };
		E51296EF1DBA858E00D94478 /* NSNotification+Progression.swift */ = {isa = PBXFileReference; fileEncoding = 4; lastKnownFileType = sourcecode.swift; path = "NSNotification+Progression.swift"; sourceTree = "<group>"; };
		E51296F01DBA858E00D94478 /* Progression+Conveniences.swift */ = {isa = PBXFileReference; fileEncoding = 4; lastKnownFileType = sourcecode.swift; path = "Progression+Conveniences.swift"; sourceTree = "<group>"; };
		E51296F11DBA858E00D94478 /* PushOperation+Conveniences.swift */ = {isa = PBXFileReference; fileEncoding = 4; lastKnownFileType = sourcecode.swift; path = "PushOperation+Conveniences.swift"; sourceTree = "<group>"; };
		E51296F21DBA858E00D94478 /* RegistryMetadata+Facilities.swift */ = {isa = PBXFileReference; fileEncoding = 4; lastKnownFileType = sourcecode.swift; path = "RegistryMetadata+Facilities.swift"; sourceTree = "<group>"; };
		E51296F31DBA858E00D94478 /* RegistryMetadata+Protocol.swift */ = {isa = PBXFileReference; fileEncoding = 4; lastKnownFileType = sourcecode.swift; path = "RegistryMetadata+Protocol.swift"; sourceTree = "<group>"; };
		E51296F41DBA858E00D94478 /* Global.swift */ = {isa = PBXFileReference; fileEncoding = 4; lastKnownFileType = sourcecode.swift; path = Global.swift; sourceTree = "<group>"; };
		E51296F51DBA858E00D94478 /* Handlers.swift */ = {isa = PBXFileReference; fileEncoding = 4; lastKnownFileType = sourcecode.swift; path = Handlers.swift; sourceTree = "<group>"; };
		E51296F71DBA858E00D94478 /* JData+Conveniences.swift */ = {isa = PBXFileReference; fileEncoding = 4; lastKnownFileType = sourcecode.swift; path = "JData+Conveniences.swift"; sourceTree = "<group>"; };
		E51296F81DBA858E00D94478 /* JHTTPCommand.swift */ = {isa = PBXFileReference; fileEncoding = 4; lastKnownFileType = sourcecode.swift; path = JHTTPCommand.swift; sourceTree = "<group>"; };
		E51296F91DBA858E00D94478 /* JHTTPResponse.swift */ = {isa = PBXFileReference; fileEncoding = 4; lastKnownFileType = sourcecode.swift; path = JHTTPResponse.swift; sourceTree = "<group>"; };
		E51296FA1DBA858E00D94478 /* JSerializer.swift */ = {isa = PBXFileReference; fileEncoding = 4; lastKnownFileType = sourcecode.swift; path = JSerializer.swift; sourceTree = "<group>"; };
		E51296FB1DBA858E00D94478 /* JString+Conveniences.swift */ = {isa = PBXFileReference; fileEncoding = 4; lastKnownFileType = sourcecode.swift; path = "JString+Conveniences.swift"; sourceTree = "<group>"; };
		E51296FD1DBA858E00D94478 /* ImageTransform.swift */ = {isa = PBXFileReference; fileEncoding = 4; lastKnownFileType = sourcecode.swift; path = ImageTransform.swift; sourceTree = "<group>"; };
		E51296FF1DBA858E00D94478 /* BartlebyCollection.swift */ = {isa = PBXFileReference; fileEncoding = 4; lastKnownFileType = sourcecode.swift; path = BartlebyCollection.swift; sourceTree = "<group>"; };
		E51297001DBA858E00D94478 /* BartlebyFileIO.swift */ = {isa = PBXFileReference; fileEncoding = 4; lastKnownFileType = sourcecode.swift; path = BartlebyFileIO.swift; sourceTree = "<group>"; };
		E51297011DBA858E00D94478 /* ChangesInspectable.swift */ = {isa = PBXFileReference; fileEncoding = 4; lastKnownFileType = sourcecode.swift; path = ChangesInspectable.swift; sourceTree = "<group>"; };
		E51297021DBA858E00D94478 /* Collectible.swift */ = {isa = PBXFileReference; fileEncoding = 4; lastKnownFileType = sourcecode.swift; path = Collectible.swift; sourceTree = "<group>"; };
		E51297031DBA858E00D94478 /* CollectibleCollection.swift */ = {isa = PBXFileReference; fileEncoding = 4; lastKnownFileType = sourcecode.swift; path = CollectibleCollection.swift; sourceTree = "<group>"; };
		E51297041DBA858E00D94478 /* CollectionMetadatumProtocol.swift */ = {isa = PBXFileReference; fileEncoding = 4; lastKnownFileType = sourcecode.swift; path = CollectionMetadatumProtocol.swift; sourceTree = "<group>"; };
		E51297051DBA858E00D94478 /* Commitable.swift */ = {isa = PBXFileReference; fileEncoding = 4; lastKnownFileType = sourcecode.swift; path = Commitable.swift; sourceTree = "<group>"; };
		E51297061DBA858E00D94478 /* CryptoDelegate.swift */ = {isa = PBXFileReference; fileEncoding = 4; lastKnownFileType = sourcecode.swift; path = CryptoDelegate.swift; sourceTree = "<group>"; };
		E51297071DBA858E00D94478 /* Descriptible.swift */ = {isa = PBXFileReference; fileEncoding = 4; lastKnownFileType = sourcecode.swift; path = Descriptible.swift; sourceTree = "<group>"; };
		E51297081DBA858E00D94478 /* DictionaryRepresentation.swift */ = {isa = PBXFileReference; fileEncoding = 4; lastKnownFileType = sourcecode.swift; path = DictionaryRepresentation.swift; sourceTree = "<group>"; };
		E51297091DBA858E00D94478 /* Distribuable.swift */ = {isa = PBXFileReference; fileEncoding = 4; lastKnownFileType = sourcecode.swift; path = Distribuable.swift; sourceTree = "<group>"; };
		E512970A1DBA858E00D94478 /* Exposed.swift */ = {isa = PBXFileReference; fileEncoding = 4; lastKnownFileType = sourcecode.swift; path = Exposed.swift; sourceTree = "<group>"; };
		E512970B1DBA858E00D94478 /* HTTPCommand.swift */ = {isa = PBXFileReference; fileEncoding = 4; lastKnownFileType = sourcecode.swift; path = HTTPCommand.swift; sourceTree = "<group>"; };
		E512970C1DBA858E00D94478 /* HTTPResponse.swift */ = {isa = PBXFileReference; fileEncoding = 4; lastKnownFileType = sourcecode.swift; path = HTTPResponse.swift; sourceTree = "<group>"; };
		E512970D1DBA858E00D94478 /* Identifiable.swift */ = {isa = PBXFileReference; fileEncoding = 4; lastKnownFileType = sourcecode.swift; path = Identifiable.swift; sourceTree = "<group>"; };
		E512970E1DBA858E00D94478 /* Initializable.swift */ = {isa = PBXFileReference; fileEncoding = 4; lastKnownFileType = sourcecode.swift; path = Initializable.swift; sourceTree = "<group>"; };
		E512970F1DBA858E00D94478 /* IterableCollectibleCollection.swift */ = {isa = PBXFileReference; fileEncoding = 4; lastKnownFileType = sourcecode.swift; path = IterableCollectibleCollection.swift; sourceTree = "<group>"; };
		E51297101DBA858E00D94478 /* JSONString.swift */ = {isa = PBXFileReference; fileEncoding = 4; lastKnownFileType = sourcecode.swift; path = JSONString.swift; sourceTree = "<group>"; };
		E51297111DBA858E00D94478 /* LogEntriesObserver.swift */ = {isa = PBXFileReference; fileEncoding = 4; lastKnownFileType = sourcecode.swift; path = LogEntriesObserver.swift; sourceTree = "<group>"; };
		E51297121DBA858E00D94478 /* Monitoring.swift */ = {isa = PBXFileReference; fileEncoding = 4; lastKnownFileType = sourcecode.swift; path = Monitoring.swift; sourceTree = "<group>"; };
		E51297131DBA858E00D94478 /* Referenced.swift */ = {isa = PBXFileReference; fileEncoding = 4; lastKnownFileType = sourcecode.swift; path = Referenced.swift; sourceTree = "<group>"; };
		E51297141DBA858E00D94478 /* RegistryMetadataProtocol.swift */ = {isa = PBXFileReference; fileEncoding = 4; lastKnownFileType = sourcecode.swift; path = RegistryMetadataProtocol.swift; sourceTree = "<group>"; };
		E51297151DBA858E00D94478 /* Serializable.swift */ = {isa = PBXFileReference; fileEncoding = 4; lastKnownFileType = sourcecode.swift; path = Serializable.swift; sourceTree = "<group>"; };
		E51297161DBA858E00D94478 /* Serializer.swift */ = {isa = PBXFileReference; fileEncoding = 4; lastKnownFileType = sourcecode.swift; path = Serializer.swift; sourceTree = "<group>"; };
		E51297171DBA858E00D94478 /* SuperIterable.swift */ = {isa = PBXFileReference; fileEncoding = 4; lastKnownFileType = sourcecode.swift; path = SuperIterable.swift; sourceTree = "<group>"; };
		E51297181DBA858E00D94478 /* Supervisable.swift */ = {isa = PBXFileReference; fileEncoding = 4; lastKnownFileType = sourcecode.swift; path = Supervisable.swift; sourceTree = "<group>"; };
		E51297191DBA858E00D94478 /* UniversalType.swift */ = {isa = PBXFileReference; fileEncoding = 4; lastKnownFileType = sourcecode.swift; path = UniversalType.swift; sourceTree = "<group>"; };
		E512971A1DBA858E00D94478 /* UserProtocol.swift */ = {isa = PBXFileReference; fileEncoding = 4; lastKnownFileType = sourcecode.swift; path = UserProtocol.swift; sourceTree = "<group>"; };
		E512971B1DBA858E00D94478 /* Registry.swift */ = {isa = PBXFileReference; fileEncoding = 4; lastKnownFileType = sourcecode.swift; path = Registry.swift; sourceTree = "<group>"; };
		E512971C1DBA858E00D94478 /* StatusOfCompletion.swift */ = {isa = PBXFileReference; fileEncoding = 4; lastKnownFileType = sourcecode.swift; path = StatusOfCompletion.swift; sourceTree = "<group>"; };
		E512971E1DBA858E00D94478 /* NSObject+Bartleby.swift */ = {isa = PBXFileReference; fileEncoding = 4; lastKnownFileType = sourcecode.swift; path = "NSObject+Bartleby.swift"; sourceTree = "<group>"; };
		E512971F1DBA858E00D94478 /* NSUndomanager+RegisterUndo.swift */ = {isa = PBXFileReference; fileEncoding = 4; lastKnownFileType = sourcecode.swift; path = "NSUndomanager+RegisterUndo.swift"; sourceTree = "<group>"; };
		E51297201DBA858E00D94478 /* User+Auth.swift */ = {isa = PBXFileReference; fileEncoding = 4; lastKnownFileType = sourcecode.swift; path = "User+Auth.swift"; sourceTree = "<group>"; };
		E51297221DBA858E00D94478 /* LoginUser.swift */ = {isa = PBXFileReference; fileEncoding = 4; lastKnownFileType = sourcecode.swift; path = LoginUser.swift; sourceTree = "<group>"; };
		E51297231DBA858E00D94478 /* LogoutUser.swift */ = {isa = PBXFileReference; fileEncoding = 4; lastKnownFileType = sourcecode.swift; path = LogoutUser.swift; sourceTree = "<group>"; };
		E51297241DBA858E00D94478 /* TriggersAfterIndex.swift */ = {isa = PBXFileReference; fileEncoding = 4; lastKnownFileType = sourcecode.swift; path = TriggersAfterIndex.swift; sourceTree = "<group>"; };
		E51297251DBA858E00D94478 /* TriggersByIds.swift */ = {isa = PBXFileReference; fileEncoding = 4; lastKnownFileType = sourcecode.swift; path = TriggersByIds.swift; sourceTree = "<group>"; };
		E51297261DBA858E00D94478 /* TriggersForIndexes.swift */ = {isa = PBXFileReference; fileEncoding = 4; lastKnownFileType = sourcecode.swift; path = TriggersForIndexes.swift; sourceTree = "<group>"; };
		E51297271DBA858E00D94478 /* VerifyLocker.swift */ = {isa = PBXFileReference; fileEncoding = 4; lastKnownFileType = sourcecode.swift; path = VerifyLocker.swift; sourceTree = "<group>"; };
		E512972A1DBA858E00D94478 /* BFileManager.swift */ = {isa = PBXFileReference; fileEncoding = 4; lastKnownFileType = sourcecode.swift; path = BFileManager.swift; sourceTree = "<group>"; };
		E512972B1DBA858E00D94478 /* HTTPManager.swift */ = {isa = PBXFileReference; fileEncoding = 4; lastKnownFileType = sourcecode.swift; path = HTTPManager.swift; sourceTree = "<group>"; };
		E512972C1DBA858E00D94478 /* Pluralization.swift */ = {isa = PBXFileReference; fileEncoding = 4; lastKnownFileType = sourcecode.swift; path = Pluralization.swift; sourceTree = "<group>"; };
		E512972D1DBA858E00D94478 /* PString.swift */ = {isa = PBXFileReference; fileEncoding = 4; lastKnownFileType = sourcecode.swift; path = PString.swift; sourceTree = "<group>"; };
		E548A4821D880577006FF410 /* bartlebyTests.xctest */ = {isa = PBXFileReference; explicitFileType = wrapper.cfbundle; includeInIndex = 0; path = bartlebyTests.xctest; sourceTree = BUILT_PRODUCTS_DIR; };
		E548A4841D880577006FF410 /* bartlebyTests.swift */ = {isa = PBXFileReference; lastKnownFileType = sourcecode.swift; path = bartlebyTests.swift; sourceTree = "<group>"; };
		E548A4861D880577006FF410 /* Info.plist */ = {isa = PBXFileReference; lastKnownFileType = text.plist.xml; path = Info.plist; sourceTree = "<group>"; };
		E5CC28521D846CB300F7C783 /* AFError.swift */ = {isa = PBXFileReference; fileEncoding = 4; lastKnownFileType = sourcecode.swift; path = AFError.swift; sourceTree = "<group>"; };
		E5CC28541D846CB300F7C783 /* Alamofire.swift */ = {isa = PBXFileReference; fileEncoding = 4; lastKnownFileType = sourcecode.swift; path = Alamofire.swift; sourceTree = "<group>"; };
		E5CC28551D846CB300F7C783 /* DispatchQueue+Alamofire.swift */ = {isa = PBXFileReference; fileEncoding = 4; lastKnownFileType = sourcecode.swift; path = "DispatchQueue+Alamofire.swift"; sourceTree = "<group>"; };
		E5CC28581D846CB300F7C783 /* MultipartFormData.swift */ = {isa = PBXFileReference; fileEncoding = 4; lastKnownFileType = sourcecode.swift; path = MultipartFormData.swift; sourceTree = "<group>"; };
		E5CC28591D846CB300F7C783 /* NetworkReachabilityManager.swift */ = {isa = PBXFileReference; fileEncoding = 4; lastKnownFileType = sourcecode.swift; path = NetworkReachabilityManager.swift; sourceTree = "<group>"; };
		E5CC285A1D846CB300F7C783 /* Notifications.swift */ = {isa = PBXFileReference; fileEncoding = 4; lastKnownFileType = sourcecode.swift; path = Notifications.swift; sourceTree = "<group>"; };
		E5CC285B1D846CB300F7C783 /* ParameterEncoding.swift */ = {isa = PBXFileReference; fileEncoding = 4; lastKnownFileType = sourcecode.swift; path = ParameterEncoding.swift; sourceTree = "<group>"; };
		E5CC285C1D846CB300F7C783 /* Request.swift */ = {isa = PBXFileReference; fileEncoding = 4; lastKnownFileType = sourcecode.swift; lineEnding = 0; path = Request.swift; sourceTree = "<group>"; xcLanguageSpecificationIdentifier = xcode.lang.swift; };
		E5CC285D1D846CB300F7C783 /* Response.swift */ = {isa = PBXFileReference; fileEncoding = 4; lastKnownFileType = sourcecode.swift; path = Response.swift; sourceTree = "<group>"; };
		E5CC285E1D846CB300F7C783 /* ResponseSerialization.swift */ = {isa = PBXFileReference; fileEncoding = 4; lastKnownFileType = sourcecode.swift; path = ResponseSerialization.swift; sourceTree = "<group>"; };
		E5CC285F1D846CB300F7C783 /* Result.swift */ = {isa = PBXFileReference; fileEncoding = 4; lastKnownFileType = sourcecode.swift; path = Result.swift; sourceTree = "<group>"; };
		E5CC28601D846CB300F7C783 /* ServerTrustPolicy.swift */ = {isa = PBXFileReference; fileEncoding = 4; lastKnownFileType = sourcecode.swift; lineEnding = 0; path = ServerTrustPolicy.swift; sourceTree = "<group>"; xcLanguageSpecificationIdentifier = xcode.lang.swift; };
		E5CC28611D846CB300F7C783 /* SessionDelegate.swift */ = {isa = PBXFileReference; fileEncoding = 4; lastKnownFileType = sourcecode.swift; lineEnding = 0; path = SessionDelegate.swift; sourceTree = "<group>"; xcLanguageSpecificationIdentifier = xcode.lang.swift; };
		E5CC28621D846CB300F7C783 /* SessionManager.swift */ = {isa = PBXFileReference; fileEncoding = 4; lastKnownFileType = sourcecode.swift; path = SessionManager.swift; sourceTree = "<group>"; };
		E5CC28631D846CB300F7C783 /* TaskDelegate.swift */ = {isa = PBXFileReference; fileEncoding = 4; lastKnownFileType = sourcecode.swift; path = TaskDelegate.swift; sourceTree = "<group>"; };
		E5CC28641D846CB300F7C783 /* Timeline.swift */ = {isa = PBXFileReference; fileEncoding = 4; lastKnownFileType = sourcecode.swift; path = Timeline.swift; sourceTree = "<group>"; };
		E5CC28651D846CB300F7C783 /* Validation.swift */ = {isa = PBXFileReference; fileEncoding = 4; lastKnownFileType = sourcecode.swift; path = Validation.swift; sourceTree = "<group>"; };
		E5CC28AC1D846CB300F7C783 /* CommandLine.swift */ = {isa = PBXFileReference; fileEncoding = 4; lastKnownFileType = sourcecode.swift; path = CommandLine.swift; sourceTree = "<group>"; };
		E5CC28AE1D846CB300F7C783 /* Option.swift */ = {isa = PBXFileReference; fileEncoding = 4; lastKnownFileType = sourcecode.swift; path = Option.swift; sourceTree = "<group>"; };
		E5CC28AF1D846CB300F7C783 /* StringExtensions.swift */ = {isa = PBXFileReference; fileEncoding = 4; lastKnownFileType = sourcecode.swift; path = StringExtensions.swift; sourceTree = "<group>"; };
		E5CC28C21D846CB300F7C783 /* FromJSON.swift */ = {isa = PBXFileReference; fileEncoding = 4; lastKnownFileType = sourcecode.swift; path = FromJSON.swift; sourceTree = "<group>"; };
		E5CC28C31D846CB300F7C783 /* Map.swift */ = {isa = PBXFileReference; fileEncoding = 4; lastKnownFileType = sourcecode.swift; path = Map.swift; sourceTree = "<group>"; };
		E5CC28C41D846CB300F7C783 /* Mappable.swift */ = {isa = PBXFileReference; fileEncoding = 4; lastKnownFileType = sourcecode.swift; path = Mappable.swift; sourceTree = "<group>"; xcLanguageSpecificationIdentifier = xcode.lang.swift; };
		E5CC28C51D846CB300F7C783 /* Mapper.swift */ = {isa = PBXFileReference; fileEncoding = 4; lastKnownFileType = sourcecode.swift; path = Mapper.swift; sourceTree = "<group>"; xcLanguageSpecificationIdentifier = xcode.lang.swift; };
		E5CC28C61D846CB300F7C783 /* Operators.swift */ = {isa = PBXFileReference; fileEncoding = 4; lastKnownFileType = sourcecode.swift; path = Operators.swift; sourceTree = "<group>"; xcLanguageSpecificationIdentifier = xcode.lang.swift; };
		E5CC28C71D846CB300F7C783 /* ToJSON.swift */ = {isa = PBXFileReference; fileEncoding = 4; lastKnownFileType = sourcecode.swift; path = ToJSON.swift; sourceTree = "<group>"; };
		E5CC28CB1D846CB300F7C783 /* CustomDateFormatTransform.swift */ = {isa = PBXFileReference; fileEncoding = 4; lastKnownFileType = sourcecode.swift; path = CustomDateFormatTransform.swift; sourceTree = "<group>"; };
		E5CC28CC1D846CB300F7C783 /* DataTransform.swift */ = {isa = PBXFileReference; fileEncoding = 4; lastKnownFileType = sourcecode.swift; path = DataTransform.swift; sourceTree = "<group>"; };
		E5CC28CD1D846CB300F7C783 /* DateFormatterTransform.swift */ = {isa = PBXFileReference; fileEncoding = 4; lastKnownFileType = sourcecode.swift; path = DateFormatterTransform.swift; sourceTree = "<group>"; };
		E5CC28CE1D846CB300F7C783 /* DateTransform.swift */ = {isa = PBXFileReference; fileEncoding = 4; lastKnownFileType = sourcecode.swift; path = DateTransform.swift; sourceTree = "<group>"; };
		E5CC28CF1D846CB300F7C783 /* DictionaryTransform.swift */ = {isa = PBXFileReference; fileEncoding = 4; lastKnownFileType = sourcecode.swift; path = DictionaryTransform.swift; sourceTree = "<group>"; };
		E5CC28D01D846CB300F7C783 /* EnumTransform.swift */ = {isa = PBXFileReference; fileEncoding = 4; lastKnownFileType = sourcecode.swift; path = EnumTransform.swift; sourceTree = "<group>"; };
		E5CC28D11D846CB300F7C783 /* ISO8601DateTransform.swift */ = {isa = PBXFileReference; fileEncoding = 4; lastKnownFileType = sourcecode.swift; path = ISO8601DateTransform.swift; sourceTree = "<group>"; };
		E5CC28D21D846CB300F7C783 /* NSDecimalNumberTransform.swift */ = {isa = PBXFileReference; fileEncoding = 4; lastKnownFileType = sourcecode.swift; path = NSDecimalNumberTransform.swift; sourceTree = "<group>"; };
		E5CC28D31D846CB300F7C783 /* TransformOf.swift */ = {isa = PBXFileReference; fileEncoding = 4; lastKnownFileType = sourcecode.swift; path = TransformOf.swift; sourceTree = "<group>"; };
		E5CC28D41D846CB300F7C783 /* TransformType.swift */ = {isa = PBXFileReference; fileEncoding = 4; lastKnownFileType = sourcecode.swift; path = TransformType.swift; sourceTree = "<group>"; };
		E5CC28D51D846CB300F7C783 /* URLTransform.swift */ = {isa = PBXFileReference; fileEncoding = 4; lastKnownFileType = sourcecode.swift; path = URLTransform.swift; sourceTree = "<group>"; };
		E5D085401C550DC500F0090E /* BartlebysCommandsFacade.swift */ = {isa = PBXFileReference; fileEncoding = 4; lastKnownFileType = sourcecode.swift; path = BartlebysCommandsFacade.swift; sourceTree = "<group>"; };
		E5D085F61C550E1900F0090E /* CryptedDataTransform.swift */ = {isa = PBXFileReference; fileEncoding = 4; lastKnownFileType = sourcecode.swift; path = CryptedDataTransform.swift; sourceTree = "<group>"; };
		E5D085F71C550E1900F0090E /* CryptedKeyValueStorage.swift */ = {isa = PBXFileReference; fileEncoding = 4; lastKnownFileType = sourcecode.swift; path = CryptedKeyValueStorage.swift; sourceTree = "<group>"; };
		E5D085F81C550E1900F0090E /* CryptedStringKeyValueTransform.swift */ = {isa = PBXFileReference; fileEncoding = 4; lastKnownFileType = sourcecode.swift; path = CryptedStringKeyValueTransform.swift; sourceTree = "<group>"; };
		E5D085F91C550E1900F0090E /* CryptedStringTransform.swift */ = {isa = PBXFileReference; fileEncoding = 4; lastKnownFileType = sourcecode.swift; path = CryptedStringTransform.swift; sourceTree = "<group>"; };
		E5D085FA1C550E1900F0090E /* CryptoHelper.swift */ = {isa = PBXFileReference; fileEncoding = 4; lastKnownFileType = sourcecode.swift; path = CryptoHelper.swift; sourceTree = "<group>"; };
		E5D086D01C550EFD00F0090E /* README.md */ = {isa = PBXFileReference; fileEncoding = 4; lastKnownFileType = net.daringfireball.markdown; path = README.md; sourceTree = "<group>"; };
/* End PBXFileReference section */

/* Begin PBXFrameworksBuildPhase section */
		E50A3AB11C453A6D004BB7E3 /* Frameworks */ = {
			isa = PBXFrameworksBuildPhase;
			buildActionMask = 2147483647;
			files = (
			);
			runOnlyForDeploymentPostprocessing = 0;
		};
		E548A47F1D880577006FF410 /* Frameworks */ = {
			isa = PBXFrameworksBuildPhase;
			buildActionMask = 2147483647;
			files = (
			);
			runOnlyForDeploymentPostprocessing = 0;
		};
/* End PBXFrameworksBuildPhase section */

/* Begin PBXGroup section */
		E50A3AAB1C453A6D004BB7E3 = {
			isa = PBXGroup;
			children = (
				E50A3ABE1C453AC1004BB7E3 /* Embedded-Modules */,
				E50A3AB61C453A6D004BB7E3 /* bartleby */,
				E548A4831D880577006FF410 /* bartlebyTests */,
			);
			sourceTree = "<group>";
		};
		E50A3AB51C453A6D004BB7E3 /* Products */ = {
			isa = PBXGroup;
			children = (
				E50A3AB41C453A6D004BB7E3 /* bartleby */,
				E548A4821D880577006FF410 /* bartlebyTests.xctest */,
			);
			name = Products;
			path = ..;
			sourceTree = "<group>";
		};
		E50A3AB61C453A6D004BB7E3 /* bartleby */ = {
			isa = PBXGroup;
			children = (
				E50A3AB71C453A6D004BB7E3 /* main.swift */,
				E50A3AB51C453A6D004BB7E3 /* Products */,
				E50A3B091C453BB1004BB7E3 /* Bartleby-Bridging-Header.h */,
				E5D085401C550DC500F0090E /* BartlebysCommandsFacade.swift */,
				E5D086D01C550EFD00F0090E /* README.md */,
			);
			path = bartleby;
			sourceTree = "<group>";
		};
		E50A3ABE1C453AC1004BB7E3 /* Embedded-Modules */ = {
			isa = PBXGroup;
			children = (
				E51296A61DBA858E00D94478 /* Bartleby.xOS */,
				E5B98E001CC0DC9B00A7ECD1 /* Vendors */,
				E5D085F51C550E1900F0090E /* CryptoHelper */,
			);
			name = "Embedded-Modules";
			sourceTree = "<group>";
		};
		E51296A61DBA858E00D94478 /* Bartleby.xOS */ = {
			isa = PBXGroup;
			children = (
				E51296A71DBA858E00D94478 /* _generated */,
				E51296D21DBA858E00D94478 /* adapters */,
				E51296D41DBA858E00D94478 /* components */,
				E51296DA1DBA858E00D94478 /* core */,
				E512971D1DBA858E00D94478 /* extensions */,
				E51297211DBA858E00D94478 /* operations */,
				E51297291DBA858E00D94478 /* tools */,
			);
			name = Bartleby.xOS;
			path = ../Bartleby.xOS;
			sourceTree = "<group>";
		};
		E51296A71DBA858E00D94478 /* _generated */ = {
			isa = PBXGroup;
			children = (
				E51296A81DBA858E00D94478 /* BartlebyDocument.swift */,
				E51296A91DBA858E00D94478 /* managedCollections */,
				E51296AD1DBA858E00D94478 /* models */,
				E51296BF1DBA858E00D94478 /* operations */,
			);
			path = _generated;
			sourceTree = "<group>";
		};
		E51296A91DBA858E00D94478 /* managedCollections */ = {
			isa = PBXGroup;
			children = (
				E51296AA1DBA858E00D94478 /* LockersManagedCollection.swift */,
				E51296AB1DBA858E00D94478 /* PushOperationsManagedCollection.swift */,
				E51296AC1DBA858E00D94478 /* UsersManagedCollection.swift */,
			);
			path = managedCollections;
			sourceTree = "<group>";
		};
		E51296AD1DBA858E00D94478 /* models */ = {
			isa = PBXGroup;
			children = (
				E51296AE1DBA858E00D94478 /* Acknowledgment.swift */,
				E51296AF1DBA858E00D94478 /* BartlebyObject.swift */,
				E51296B01DBA858E00D94478 /* CollectionMetadatum.swift */,
				E51296B11DBA858E00D94478 /* Completion.swift */,
				E51296B21DBA858E00D94478 /* ExternalReference.swift */,
				E51296B31DBA858E00D94478 /* JData.swift */,
				E51296B41DBA858E00D94478 /* JString.swift */,
				E51296B51DBA858E00D94478 /* KeyedChanges.swift */,
				E51296B61DBA858E00D94478 /* Locker.swift */,
				E51296B81DBA858E00D94478 /* LogEntry.swift */,
				E51296B91DBA858E00D94478 /* Progression.swift */,
				E51296BA1DBA858E00D94478 /* PushOperation.swift */,
				E51296BB1DBA858E00D94478 /* RegistryMetadata.swift */,
				E51296BC1DBA858E00D94478 /* Tag.swift */,
				E51296BD1DBA858E00D94478 /* Trigger.swift */,
				E51296BE1DBA858E00D94478 /* User.swift */,
			);
			path = models;
			sourceTree = "<group>";
		};
		E51296BF1DBA858E00D94478 /* operations */ = {
			isa = PBXGroup;
			children = (
				E51296C01DBA858E00D94478 /* CreateLocker.swift */,
				E51296C11DBA858E00D94478 /* CreateLockers.swift */,
				E51296C21DBA858E00D94478 /* CreateUser.swift */,
				E51296C31DBA858E00D94478 /* CreateUsers.swift */,
				E51296C41DBA858E00D94478 /* DeleteLocker.swift */,
				E51296C51DBA858E00D94478 /* DeleteLockers.swift */,
				E51296C61DBA858E00D94478 /* DeleteUser.swift */,
				E51296C71DBA858E00D94478 /* DeleteUsers.swift */,
				E51296C81DBA858E00D94478 /* ReadLockerById.swift */,
				E51296C91DBA858E00D94478 /* ReadLockersByIds.swift */,
				E51296CA1DBA858E00D94478 /* ReadLockersByQuery.swift */,
				E51296CB1DBA858E00D94478 /* ReadUserById.swift */,
				E51296CC1DBA858E00D94478 /* ReadUsersByIds.swift */,
				E51296CD1DBA858E00D94478 /* ReadUsersByQuery.swift */,
				E51296CE1DBA858E00D94478 /* UpdateLocker.swift */,
				E51296CF1DBA858E00D94478 /* UpdateLockers.swift */,
				E51296D01DBA858E00D94478 /* UpdateUser.swift */,
				E51296D11DBA858E00D94478 /* UpdateUsers.swift */,
			);
			path = operations;
			sourceTree = "<group>";
		};
		E51296D21DBA858E00D94478 /* adapters */ = {
			isa = PBXGroup;
			children = (
				E51296D31DBA858E00D94478 /* UIX.swift */,
			);
			path = adapters;
			sourceTree = "<group>";
		};
		E51296D41DBA858E00D94478 /* components */ = {
			isa = PBXGroup;
			children = (
				E51296D51DBA858E00D94478 /* crypto */,
				E51296D71DBA858E00D94478 /* third-party */,
			);
			path = components;
			sourceTree = "<group>";
		};
		E51296D51DBA858E00D94478 /* crypto */ = {
			isa = PBXGroup;
			children = (
				E51296D61DBA858E00D94478 /* NoCrypto.swift */,
			);
			path = crypto;
			sourceTree = "<group>";
		};
		E51296D71DBA858E00D94478 /* third-party */ = {
			isa = PBXGroup;
			children = (
				E51296D81DBA858E00D94478 /* EventSource */,
			);
			path = "third-party";
			sourceTree = "<group>";
		};
		E51296D81DBA858E00D94478 /* EventSource */ = {
			isa = PBXGroup;
			children = (
				E51296D91DBA858E00D94478 /* EventSource.swift */,
			);
			path = EventSource;
			sourceTree = "<group>";
		};
		E51296DA1DBA858E00D94478 /* core */ = {
			isa = PBXGroup;
			children = (
				E51296DB1DBA858E00D94478 /* Bartleby.swift */,
				E51296DC1DBA858E00D94478 /* Consignation.swift */,
				E51296DD1DBA858E00D94478 /* Consignee.swift */,
				E51296DE1DBA858E00D94478 /* Default.swift */,
				E51296DF1DBA858E00D94478 /* extensions */,
				E51296F41DBA858E00D94478 /* Global.swift */,
				E51296F51DBA858E00D94478 /* Handlers.swift */,
				E51296F61DBA858E00D94478 /* json */,
				E51296FE1DBA858E00D94478 /* protocols */,
				E512971B1DBA858E00D94478 /* Registry.swift */,
				E512971C1DBA858E00D94478 /* StatusOfCompletion.swift */,
			);
			path = core;
			sourceTree = "<group>";
		};
		E51296DF1DBA858E00D94478 /* extensions */ = {
			isa = PBXGroup;
			children = (
				E51296E01DBA858E00D94478 /* BartlebyDocument+AppFacilities.swift */,
				E51296E11DBA858E00D94478 /* BartlebyDocument+LocalUpsertAndDelete.swift */,
				E51296E21DBA858E00D94478 /* BartlebyDocument+Logs.swift */,
				E51296E31DBA858E00D94478 /* BartlebyDocument+MetaDataImportExport.swift */,
				E51296E41DBA858E00D94478 /* BartlebyDocument+Operations.swift */,
				E51296E51DBA858E00D94478 /* BartlebyDocument+SecurityScopes.swift */,
				E51296E61DBA858E00D94478 /* BartlebyDocument+SuperIterable.swift */,
				E51296E71DBA858E00D94478 /* BartlebyDocument+Triggers.swift */,
				E51296E81DBA858E00D94478 /* BartlebyObject+BaseImplementation.swift */,
				E51296E91DBA858E00D94478 /* CollectionMetadatum+Proxy.swift */,
				E51296EA1DBA858E00D94478 /* Completion+Conveniences.swift */,
				E51296EB1DBA858E00D94478 /* Completion+Result.swift */,
				E51296EC1DBA858E00D94478 /* ExternalReference+Resolution.swift */,
				E51296ED1DBA858E00D94478 /* LogEntry+Conveniences.swift */,
				E51296EE1DBA858E00D94478 /* NSNotification+Completion.swift */,
				E51296EF1DBA858E00D94478 /* NSNotification+Progression.swift */,
				E51296F01DBA858E00D94478 /* Progression+Conveniences.swift */,
				E51296F11DBA858E00D94478 /* PushOperation+Conveniences.swift */,
				E51296F21DBA858E00D94478 /* RegistryMetadata+Facilities.swift */,
				E51296F31DBA858E00D94478 /* RegistryMetadata+Protocol.swift */,
			);
			path = extensions;
			sourceTree = "<group>";
		};
		E51296F61DBA858E00D94478 /* json */ = {
			isa = PBXGroup;
			children = (
				E51296F71DBA858E00D94478 /* JData+Conveniences.swift */,
				E51296F81DBA858E00D94478 /* JHTTPCommand.swift */,
				E51296F91DBA858E00D94478 /* JHTTPResponse.swift */,
				E51296FA1DBA858E00D94478 /* JSerializer.swift */,
				E51296FB1DBA858E00D94478 /* JString+Conveniences.swift */,
				E51296FC1DBA858E00D94478 /* transforms */,
			);
			path = json;
			sourceTree = "<group>";
		};
		E51296FC1DBA858E00D94478 /* transforms */ = {
			isa = PBXGroup;
			children = (
				E51296FD1DBA858E00D94478 /* ImageTransform.swift */,
			);
			path = transforms;
			sourceTree = "<group>";
		};
		E51296FE1DBA858E00D94478 /* protocols */ = {
			isa = PBXGroup;
			children = (
				E51296FF1DBA858E00D94478 /* BartlebyCollection.swift */,
				E51297001DBA858E00D94478 /* BartlebyFileIO.swift */,
				E51297011DBA858E00D94478 /* ChangesInspectable.swift */,
				E51297021DBA858E00D94478 /* Collectible.swift */,
				E51297031DBA858E00D94478 /* CollectibleCollection.swift */,
				E51297041DBA858E00D94478 /* CollectionMetadatumProtocol.swift */,
				E51297051DBA858E00D94478 /* Commitable.swift */,
				E51297061DBA858E00D94478 /* CryptoDelegate.swift */,
				E51297071DBA858E00D94478 /* Descriptible.swift */,
				E51297081DBA858E00D94478 /* DictionaryRepresentation.swift */,
				E51297091DBA858E00D94478 /* Distribuable.swift */,
				E512970A1DBA858E00D94478 /* Exposed.swift */,
				E512970B1DBA858E00D94478 /* HTTPCommand.swift */,
				E512970C1DBA858E00D94478 /* HTTPResponse.swift */,
				E512970D1DBA858E00D94478 /* Identifiable.swift */,
				E512970E1DBA858E00D94478 /* Initializable.swift */,
				E512970F1DBA858E00D94478 /* IterableCollectibleCollection.swift */,
				E51297101DBA858E00D94478 /* JSONString.swift */,
				E51297111DBA858E00D94478 /* LogEntriesObserver.swift */,
				E51297121DBA858E00D94478 /* Monitoring.swift */,
				E51297131DBA858E00D94478 /* Referenced.swift */,
				E51297141DBA858E00D94478 /* RegistryMetadataProtocol.swift */,
				E51297151DBA858E00D94478 /* Serializable.swift */,
				E51297161DBA858E00D94478 /* Serializer.swift */,
				E51297171DBA858E00D94478 /* SuperIterable.swift */,
				E51297181DBA858E00D94478 /* Supervisable.swift */,
				E51297191DBA858E00D94478 /* UniversalType.swift */,
				E512971A1DBA858E00D94478 /* UserProtocol.swift */,
			);
			path = protocols;
			sourceTree = "<group>";
		};
		E512971D1DBA858E00D94478 /* extensions */ = {
			isa = PBXGroup;
			children = (
				E512971E1DBA858E00D94478 /* NSObject+Bartleby.swift */,
				E512971F1DBA858E00D94478 /* NSUndomanager+RegisterUndo.swift */,
				E51297201DBA858E00D94478 /* User+Auth.swift */,
			);
			path = extensions;
			sourceTree = "<group>";
		};
		E51297211DBA858E00D94478 /* operations */ = {
			isa = PBXGroup;
			children = (
				E51297221DBA858E00D94478 /* LoginUser.swift */,
				E51297231DBA858E00D94478 /* LogoutUser.swift */,
				E51297241DBA858E00D94478 /* TriggersAfterIndex.swift */,
				E51297251DBA858E00D94478 /* TriggersByIds.swift */,
				E51297261DBA858E00D94478 /* TriggersForIndexes.swift */,
				E51297271DBA858E00D94478 /* VerifyLocker.swift */,
			);
			path = operations;
			sourceTree = "<group>";
		};
		E51297291DBA858E00D94478 /* tools */ = {
			isa = PBXGroup;
			children = (
				E512972A1DBA858E00D94478 /* BFileManager.swift */,
				E512972B1DBA858E00D94478 /* HTTPManager.swift */,
				E512972C1DBA858E00D94478 /* Pluralization.swift */,
				E512972D1DBA858E00D94478 /* PString.swift */,
			);
			path = tools;
			sourceTree = "<group>";
		};
		E548A4831D880577006FF410 /* bartlebyTests */ = {
			isa = PBXGroup;
			children = (
				E548A4841D880577006FF410 /* bartlebyTests.swift */,
				E548A4861D880577006FF410 /* Info.plist */,
			);
			path = bartlebyTests;
			sourceTree = "<group>";
		};
		E5B98E001CC0DC9B00A7ECD1 /* Vendors */ = {
			isa = PBXGroup;
			children = (
				E5CC28341D846CB300F7C783 /* Alamofire */,
				E5CC28A91D846CB300F7C783 /* CommandLine */,
				E5CC28BD1D846CB300F7C783 /* ObjectMapper */,
			);
			name = Vendors;
			path = ../Vendors;
			sourceTree = "<group>";
		};
		E5CC28341D846CB300F7C783 /* Alamofire */ = {
			isa = PBXGroup;
			children = (
				E5CC28511D846CB300F7C783 /* Source */,
			);
			path = Alamofire;
			sourceTree = "<group>";
		};
		E5CC28511D846CB300F7C783 /* Source */ = {
			isa = PBXGroup;
			children = (
				E5CC28521D846CB300F7C783 /* AFError.swift */,
				E5CC28541D846CB300F7C783 /* Alamofire.swift */,
				E5CC28551D846CB300F7C783 /* DispatchQueue+Alamofire.swift */,
				E5CC28581D846CB300F7C783 /* MultipartFormData.swift */,
				E5CC28591D846CB300F7C783 /* NetworkReachabilityManager.swift */,
				E5CC285A1D846CB300F7C783 /* Notifications.swift */,
				E5CC285B1D846CB300F7C783 /* ParameterEncoding.swift */,
				E5CC285C1D846CB300F7C783 /* Request.swift */,
				E5CC285D1D846CB300F7C783 /* Response.swift */,
				E5CC285E1D846CB300F7C783 /* ResponseSerialization.swift */,
				E5CC285F1D846CB300F7C783 /* Result.swift */,
				E5CC28601D846CB300F7C783 /* ServerTrustPolicy.swift */,
				E5CC28611D846CB300F7C783 /* SessionDelegate.swift */,
				E5CC28621D846CB300F7C783 /* SessionManager.swift */,
				E5CC28631D846CB300F7C783 /* TaskDelegate.swift */,
				E5CC28641D846CB300F7C783 /* Timeline.swift */,
				E5CC28651D846CB300F7C783 /* Validation.swift */,
			);
			path = Source;
			sourceTree = "<group>";
		};
		E5CC28A91D846CB300F7C783 /* CommandLine */ = {
			isa = PBXGroup;
			children = (
				E5CC28AB1D846CB300F7C783 /* CommandLineKit */,
			);
			path = CommandLine;
			sourceTree = "<group>";
		};
		E5CC28AB1D846CB300F7C783 /* CommandLineKit */ = {
			isa = PBXGroup;
			children = (
				E5CC28AC1D846CB300F7C783 /* CommandLine.swift */,
				E5CC28AE1D846CB300F7C783 /* Option.swift */,
				E5CC28AF1D846CB300F7C783 /* StringExtensions.swift */,
			);
			path = CommandLineKit;
			sourceTree = "<group>";
		};
		E5CC28BD1D846CB300F7C783 /* ObjectMapper */ = {
			isa = PBXGroup;
			children = (
				E5CC28C01D846CB300F7C783 /* ObjectMapper */,
			);
			path = ObjectMapper;
			sourceTree = "<group>";
		};
		E5CC28C01D846CB300F7C783 /* ObjectMapper */ = {
			isa = PBXGroup;
			children = (
				E5CC28C11D846CB300F7C783 /* Core */,
				E5CC28CA1D846CB300F7C783 /* Transforms */,
			);
			path = ObjectMapper;
			sourceTree = "<group>";
		};
		E5CC28C11D846CB300F7C783 /* Core */ = {
			isa = PBXGroup;
			children = (
				E5CC28C21D846CB300F7C783 /* FromJSON.swift */,
				E5CC28C31D846CB300F7C783 /* Map.swift */,
				E5CC28C41D846CB300F7C783 /* Mappable.swift */,
				E5CC28C51D846CB300F7C783 /* Mapper.swift */,
				E5CC28C61D846CB300F7C783 /* Operators.swift */,
				E5CC28C71D846CB300F7C783 /* ToJSON.swift */,
			);
			path = Core;
			sourceTree = "<group>";
		};
		E5CC28CA1D846CB300F7C783 /* Transforms */ = {
			isa = PBXGroup;
			children = (
				E5CC28CB1D846CB300F7C783 /* CustomDateFormatTransform.swift */,
				E5CC28CC1D846CB300F7C783 /* DataTransform.swift */,
				E5CC28CD1D846CB300F7C783 /* DateFormatterTransform.swift */,
				E5CC28CE1D846CB300F7C783 /* DateTransform.swift */,
				E5CC28CF1D846CB300F7C783 /* DictionaryTransform.swift */,
				E5CC28D01D846CB300F7C783 /* EnumTransform.swift */,
				E5CC28D11D846CB300F7C783 /* ISO8601DateTransform.swift */,
				E5CC28D21D846CB300F7C783 /* NSDecimalNumberTransform.swift */,
				E5CC28D31D846CB300F7C783 /* TransformOf.swift */,
				E5CC28D41D846CB300F7C783 /* TransformType.swift */,
				E5CC28D51D846CB300F7C783 /* URLTransform.swift */,
			);
			path = Transforms;
			sourceTree = "<group>";
		};
		E5D085F51C550E1900F0090E /* CryptoHelper */ = {
			isa = PBXGroup;
			children = (
				E50A6F011CC8DE7700F89311 /* CryptedSerializableTransform.swift */,
				E5D085F61C550E1900F0090E /* CryptedDataTransform.swift */,
				E5D085F71C550E1900F0090E /* CryptedKeyValueStorage.swift */,
				E5D085F81C550E1900F0090E /* CryptedStringKeyValueTransform.swift */,
				E5D085F91C550E1900F0090E /* CryptedStringTransform.swift */,
				E5D085FA1C550E1900F0090E /* CryptoHelper.swift */,
			);
			name = CryptoHelper;
			path = ../CryptoHelper;
			sourceTree = "<group>";
		};
/* End PBXGroup section */

/* Begin PBXNativeTarget section */
		E50A3AB31C453A6D004BB7E3 /* bartleby */ = {
			isa = PBXNativeTarget;
			buildConfigurationList = E50A3ABB1C453A6D004BB7E3 /* Build configuration list for PBXNativeTarget "bartleby" */;
			buildPhases = (
				E50A3AB01C453A6D004BB7E3 /* Sources */,
				E50A3AB11C453A6D004BB7E3 /* Frameworks */,
				E50A3AB21C453A6D004BB7E3 /* CopyFiles */,
				5B728E5E1CEC6DBA00047469 /* ShellScript */,
			);
			buildRules = (
			);
			dependencies = (
			);
			name = bartleby;
			productName = bartleby;
			productReference = E50A3AB41C453A6D004BB7E3 /* bartleby */;
			productType = "com.apple.product-type.tool";
		};
		E548A4811D880577006FF410 /* bartlebyTests */ = {
			isa = PBXNativeTarget;
			buildConfigurationList = E548A4891D880577006FF410 /* Build configuration list for PBXNativeTarget "bartlebyTests" */;
			buildPhases = (
				E548A47E1D880577006FF410 /* Sources */,
				E548A47F1D880577006FF410 /* Frameworks */,
				E548A4801D880577006FF410 /* Resources */,
			);
			buildRules = (
			);
			dependencies = (
			);
			name = bartlebyTests;
			productName = bartlebyTests;
			productReference = E548A4821D880577006FF410 /* bartlebyTests.xctest */;
			productType = "com.apple.product-type.bundle.unit-test";
		};
/* End PBXNativeTarget section */

/* Begin PBXProject section */
		E50A3AAC1C453A6D004BB7E3 /* Project object */ = {
			isa = PBXProject;
			attributes = {
				LastSwiftUpdateCheck = 0800;
				LastUpgradeCheck = 0800;
				ORGANIZATIONNAME = "Benoit Pereira da silva";
				TargetAttributes = {
					E50A3AB31C453A6D004BB7E3 = {
						CreatedOnToolsVersion = 7.2;
						LastSwiftMigration = 0800;
					};
					E548A4811D880577006FF410 = {
						CreatedOnToolsVersion = 8.0;
						ProvisioningStyle = Automatic;
					};
				};
			};
			buildConfigurationList = E50A3AAF1C453A6D004BB7E3 /* Build configuration list for PBXProject "bartleby" */;
			compatibilityVersion = "Xcode 6.3";
			developmentRegion = English;
			hasScannedForEncodings = 0;
			knownRegions = (
				en,
				Base,
			);
			mainGroup = E50A3AAB1C453A6D004BB7E3;
			productRefGroup = E50A3AB51C453A6D004BB7E3 /* Products */;
			projectDirPath = "";
			projectRoot = "";
			targets = (
				E50A3AB31C453A6D004BB7E3 /* bartleby */,
				E548A4811D880577006FF410 /* bartlebyTests */,
			);
		};
/* End PBXProject section */

/* Begin PBXResourcesBuildPhase section */
		E548A4801D880577006FF410 /* Resources */ = {
			isa = PBXResourcesBuildPhase;
			buildActionMask = 2147483647;
			files = (
			);
			runOnlyForDeploymentPostprocessing = 0;
		};
/* End PBXResourcesBuildPhase section */

/* Begin PBXShellScriptBuildPhase section */
		5B728E5E1CEC6DBA00047469 /* ShellScript */ = {
			isa = PBXShellScriptBuildPhase;
			buildActionMask = 2147483647;
			files = (
			);
			inputPaths = (
			);
			outputPaths = (
			);
			runOnlyForDeploymentPostprocessing = 0;
			shellPath = /bin/sh;
			shellScript = "if [ -e /usr/local/bin ]; then\n    cp ${TARGET_BUILD_DIR}/${TARGET_NAME} /usr/local/bin/${TARGET_NAME}\nfi";
		};
/* End PBXShellScriptBuildPhase section */

/* Begin PBXSourcesBuildPhase section */
		E50A3AB01C453A6D004BB7E3 /* Sources */ = {
			isa = PBXSourcesBuildPhase;
			buildActionMask = 2147483647;
			files = (
				E51297911DBA858E00D94478 /* Supervisable.swift in Sources */,
				E51297401DBA858E00D94478 /* Tag.swift in Sources */,
				E5D085411C550DC500F0090E /* BartlebysCommandsFacade.swift in Sources */,
				E51297771DBA858E00D94478 /* ImageTransform.swift in Sources */,
				E512973F1DBA858E00D94478 /* RegistryMetadata.swift in Sources */,
				E5CC292D1D846CB300F7C783 /* CustomDateFormatTransform.swift in Sources */,
				E51297981DBA858E00D94478 /* User+Auth.swift in Sources */,
				E5CC29091D846CB300F7C783 /* Validation.swift in Sources */,
				E5CC29321D846CB300F7C783 /* EnumTransform.swift in Sources */,
				E51297811DBA858E00D94478 /* DictionaryRepresentation.swift in Sources */,
				E51297641DBA858E00D94478 /* BartlebyObject+BaseImplementation.swift in Sources */,
				E5CC29311D846CB300F7C783 /* DictionaryTransform.swift in Sources */,
				E51297611DBA858E00D94478 /* BartlebyDocument+SecurityScopes.swift in Sources */,
				E51297451DBA858E00D94478 /* CreateUser.swift in Sources */,
				E51297851DBA858E00D94478 /* HTTPResponse.swift in Sources */,
				E5CC29271D846CB300F7C783 /* FromJSON.swift in Sources */,
				E512972F1DBA858E00D94478 /* LockersManagedCollection.swift in Sources */,
				E51297721DBA858E00D94478 /* JData+Conveniences.swift in Sources */,
				E512978F1DBA858E00D94478 /* Serializer.swift in Sources */,
				E512978B1DBA858E00D94478 /* Monitoring.swift in Sources */,
				E5CC292E1D846CB300F7C783 /* DataTransform.swift in Sources */,
				E51297961DBA858E00D94478 /* NSObject+Bartleby.swift in Sources */,
				E512977D1DBA858E00D94478 /* CollectionMetadatumProtocol.swift in Sources */,
				E5CC29021D846CB300F7C783 /* ResponseSerialization.swift in Sources */,
				E51297481DBA858E00D94478 /* DeleteLockers.swift in Sources */,
				E512976B1DBA858E00D94478 /* NSNotification+Progression.swift in Sources */,
				E51297381DBA858E00D94478 /* JString.swift in Sources */,
				E512977E1DBA858E00D94478 /* Commitable.swift in Sources */,
				E5CC29001D846CB300F7C783 /* Request.swift in Sources */,
				E51297551DBA858E00D94478 /* UIX.swift in Sources */,
				E5D0869E1C550E1900F0090E /* CryptoHelper.swift in Sources */,
				E512974F1DBA858E00D94478 /* ReadUsersByIds.swift in Sources */,
				E51297951DBA858E00D94478 /* StatusOfCompletion.swift in Sources */,
				E51297531DBA858E00D94478 /* UpdateUser.swift in Sources */,
				E51297711DBA858E00D94478 /* Handlers.swift in Sources */,
				E5CC28FA1D846CB300F7C783 /* Alamofire.swift in Sources */,
				E512979C1DBA858E00D94478 /* TriggersByIds.swift in Sources */,
				E5CC29351D846CB300F7C783 /* TransformOf.swift in Sources */,
				E5CC28FB1D846CB300F7C783 /* DispatchQueue+Alamofire.swift in Sources */,
				E51297841DBA858E00D94478 /* HTTPCommand.swift in Sources */,
				E51297831DBA858E00D94478 /* Exposed.swift in Sources */,
				E51297441DBA858E00D94478 /* CreateLockers.swift in Sources */,
				E51297901DBA858E00D94478 /* SuperIterable.swift in Sources */,
				E51297491DBA858E00D94478 /* DeleteUser.swift in Sources */,
				E51297521DBA858E00D94478 /* UpdateLockers.swift in Sources */,
				E512978C1DBA858E00D94478 /* Referenced.swift in Sources */,
				E50A3AB81C453A6D004BB7E3 /* main.swift in Sources */,
				E51297471DBA858E00D94478 /* DeleteLocker.swift in Sources */,
				E512976F1DBA858E00D94478 /* RegistryMetadata+Protocol.swift in Sources */,
				E5CC28FF1D846CB300F7C783 /* ParameterEncoding.swift in Sources */,
				E51297861DBA858E00D94478 /* Identifiable.swift in Sources */,
				E51297A31DBA858E00D94478 /* PString.swift in Sources */,
				E51297681DBA858E00D94478 /* ExternalReference+Resolution.swift in Sources */,
				E51297781DBA858E00D94478 /* BartlebyCollection.swift in Sources */,
				E512973C1DBA858E00D94478 /* LogEntry.swift in Sources */,
				E512975A1DBA858E00D94478 /* Consignee.swift in Sources */,
				E51297A11DBA858E00D94478 /* HTTPManager.swift in Sources */,
				E51297321DBA858E00D94478 /* Acknowledgment.swift in Sources */,
				E51297661DBA858E00D94478 /* Completion+Conveniences.swift in Sources */,
				E512973D1DBA858E00D94478 /* Progression.swift in Sources */,
				E51297941DBA858E00D94478 /* Registry.swift in Sources */,
				E51297691DBA858E00D94478 /* LogEntry+Conveniences.swift in Sources */,
				E51297461DBA858E00D94478 /* CreateUsers.swift in Sources */,
				E512978D1DBA858E00D94478 /* RegistryMetadataProtocol.swift in Sources */,
				E5CC292A1D846CB300F7C783 /* Mapper.swift in Sources */,
				E512973A1DBA858E00D94478 /* Locker.swift in Sources */,
				E512974B1DBA858E00D94478 /* ReadLockerById.swift in Sources */,
				E51297501DBA858E00D94478 /* ReadUsersByQuery.swift in Sources */,
				E512979E1DBA858E00D94478 /* VerifyLocker.swift in Sources */,
				E5CC291F1D846CB300F7C783 /* CommandLine.swift in Sources */,
				E5CC29071D846CB300F7C783 /* TaskDelegate.swift in Sources */,
				E5CC29301D846CB300F7C783 /* DateTransform.swift in Sources */,
				E512974A1DBA858E00D94478 /* DeleteUsers.swift in Sources */,
				E51297821DBA858E00D94478 /* Distribuable.swift in Sources */,
				E5D0869A1C550E1900F0090E /* CryptedDataTransform.swift in Sources */,
				E51297A01DBA858E00D94478 /* BFileManager.swift in Sources */,
				E512976A1DBA858E00D94478 /* NSNotification+Completion.swift in Sources */,
				E5CC29211D846CB300F7C783 /* StringExtensions.swift in Sources */,
				E512975D1DBA858E00D94478 /* BartlebyDocument+LocalUpsertAndDelete.swift in Sources */,
				E512975F1DBA858E00D94478 /* BartlebyDocument+MetaDataImportExport.swift in Sources */,
				E50A6F021CC8DE7700F89311 /* CryptedSerializableTransform.swift in Sources */,
				E512975B1DBA858E00D94478 /* Default.swift in Sources */,
				E5CC28FE1D846CB300F7C783 /* Notifications.swift in Sources */,
				E51297881DBA858E00D94478 /* IterableCollectibleCollection.swift in Sources */,
				E512979D1DBA858E00D94478 /* TriggersForIndexes.swift in Sources */,
				E5CC29371D846CB300F7C783 /* URLTransform.swift in Sources */,
				E51297421DBA858E00D94478 /* User.swift in Sources */,
				E5CC28FD1D846CB300F7C783 /* NetworkReachabilityManager.swift in Sources */,
				E51297891DBA858E00D94478 /* JSONString.swift in Sources */,
				E51297791DBA858E00D94478 /* BartlebyFileIO.swift in Sources */,
				E512974C1DBA858E00D94478 /* ReadLockersByIds.swift in Sources */,
				E5D0869C1C550E1900F0090E /* CryptedStringKeyValueTransform.swift in Sources */,
				E512979B1DBA858E00D94478 /* TriggersAfterIndex.swift in Sources */,
				E51297541DBA858E00D94478 /* UpdateUsers.swift in Sources */,
				E512977B1DBA858E00D94478 /* Collectible.swift in Sources */,
				E51297801DBA858E00D94478 /* Descriptible.swift in Sources */,
				E51297751DBA858E00D94478 /* JSerializer.swift in Sources */,
				E512978E1DBA858E00D94478 /* Serializable.swift in Sources */,
				E5CC292C1D846CB300F7C783 /* ToJSON.swift in Sources */,
				E5D0869B1C550E1900F0090E /* CryptedKeyValueStorage.swift in Sources */,
				E51297741DBA858E00D94478 /* JHTTPResponse.swift in Sources */,
				E51297361DBA858E00D94478 /* ExternalReference.swift in Sources */,
				E512975C1DBA858E00D94478 /* BartlebyDocument+AppFacilities.swift in Sources */,
				E512974E1DBA858E00D94478 /* ReadUserById.swift in Sources */,
				E51297341DBA858E00D94478 /* CollectionMetadatum.swift in Sources */,
				E51297511DBA858E00D94478 /* UpdateLocker.swift in Sources */,
				E51297571DBA858E00D94478 /* EventSource.swift in Sources */,
				E51297301DBA858E00D94478 /* PushOperationsManagedCollection.swift in Sources */,
				E5CC29291D846CB300F7C783 /* Mappable.swift in Sources */,
				E5CC29011D846CB300F7C783 /* Response.swift in Sources */,
				E5CC29341D846CB300F7C783 /* NSDecimalNumberTransform.swift in Sources */,
				E512975E1DBA858E00D94478 /* BartlebyDocument+Logs.swift in Sources */,
				E512973E1DBA858E00D94478 /* PushOperation.swift in Sources */,
				E51297311DBA858E00D94478 /* UsersManagedCollection.swift in Sources */,
				E51297931DBA858E00D94478 /* UserProtocol.swift in Sources */,
				E51297561DBA858E00D94478 /* NoCrypto.swift in Sources */,
				E51297921DBA858E00D94478 /* UniversalType.swift in Sources */,
				E51297991DBA858E00D94478 /* LoginUser.swift in Sources */,
				E51297651DBA858E00D94478 /* CollectionMetadatum+Proxy.swift in Sources */,
				E512972E1DBA858E00D94478 /* BartlebyDocument.swift in Sources */,
				E512976E1DBA858E00D94478 /* RegistryMetadata+Facilities.swift in Sources */,
				E51297621DBA858E00D94478 /* BartlebyDocument+SuperIterable.swift in Sources */,
				E51297351DBA858E00D94478 /* Completion.swift in Sources */,
				E512978A1DBA858E00D94478 /* LogEntriesObserver.swift in Sources */,
				E51297671DBA858E00D94478 /* Completion+Result.swift in Sources */,
				E512976C1DBA858E00D94478 /* Progression+Conveniences.swift in Sources */,
				E5CC29051D846CB300F7C783 /* SessionDelegate.swift in Sources */,
				E51297761DBA858E00D94478 /* JString+Conveniences.swift in Sources */,
				E51297431DBA858E00D94478 /* CreateLocker.swift in Sources */,
				E51297871DBA858E00D94478 /* Initializable.swift in Sources */,
				E512979A1DBA858E00D94478 /* LogoutUser.swift in Sources */,
				E5CC29361D846CB300F7C783 /* TransformType.swift in Sources */,
				E5CC29041D846CB300F7C783 /* ServerTrustPolicy.swift in Sources */,
				E51297591DBA858E00D94478 /* Consignation.swift in Sources */,
				E512977C1DBA858E00D94478 /* CollectibleCollection.swift in Sources */,
				E5CC29281D846CB300F7C783 /* Map.swift in Sources */,
				E51297731DBA858E00D94478 /* JHTTPCommand.swift in Sources */,
				E5CC29061D846CB300F7C783 /* SessionManager.swift in Sources */,
				E5CC29031D846CB300F7C783 /* Result.swift in Sources */,
				E512974D1DBA858E00D94478 /* ReadLockersByQuery.swift in Sources */,
				E5CC28FC1D846CB300F7C783 /* MultipartFormData.swift in Sources */,
				E51297971DBA858E00D94478 /* NSUndomanager+RegisterUndo.swift in Sources */,
				E5CC29081D846CB300F7C783 /* Timeline.swift in Sources */,
				E5CC292F1D846CB300F7C783 /* DateFormatterTransform.swift in Sources */,
				E51297581DBA858E00D94478 /* Bartleby.swift in Sources */,
				E5CC28F91D846CB300F7C783 /* AFError.swift in Sources */,
				E51297331DBA858E00D94478 /* BartlebyObject.swift in Sources */,
				E51297391DBA858E00D94478 /* KeyedChanges.swift in Sources */,
				E51297371DBA858E00D94478 /* JData.swift in Sources */,
				E51297A21DBA858E00D94478 /* Pluralization.swift in Sources */,
				E512977A1DBA858E00D94478 /* ChangesInspectable.swift in Sources */,
				E5CC29331D846CB300F7C783 /* ISO8601DateTransform.swift in Sources */,
				E51297701DBA858E00D94478 /* Global.swift in Sources */,
				E5D0869D1C550E1900F0090E /* CryptedStringTransform.swift in Sources */,
				E512976D1DBA858E00D94478 /* PushOperation+Conveniences.swift in Sources */,
				E5CC29201D846CB300F7C783 /* Option.swift in Sources */,
				E51297631DBA858E00D94478 /* BartlebyDocument+Triggers.swift in Sources */,
				E51297601DBA858E00D94478 /* BartlebyDocument+Operations.swift in Sources */,
				E512977F1DBA858E00D94478 /* CryptoDelegate.swift in Sources */,
				E51297411DBA858E00D94478 /* Trigger.swift in Sources */,
				E5CC292B1D846CB300F7C783 /* Operators.swift in Sources */,
			);
			runOnlyForDeploymentPostprocessing = 0;
		};
		E548A47E1D880577006FF410 /* Sources */ = {
			isa = PBXSourcesBuildPhase;
			buildActionMask = 2147483647;
			files = (
				E548A4851D880577006FF410 /* bartlebyTests.swift in Sources */,
			);
			runOnlyForDeploymentPostprocessing = 0;
		};
/* End PBXSourcesBuildPhase section */

/* Begin XCBuildConfiguration section */
		E50A3AB91C453A6D004BB7E3 /* Debug */ = {
			isa = XCBuildConfiguration;
			buildSettings = {
				ALWAYS_SEARCH_USER_PATHS = NO;
				CLANG_CXX_LANGUAGE_STANDARD = "gnu++0x";
				CLANG_CXX_LIBRARY = "libc++";
				CLANG_ENABLE_MODULES = YES;
				CLANG_ENABLE_OBJC_ARC = YES;
				CLANG_WARN_BOOL_CONVERSION = YES;
				CLANG_WARN_CONSTANT_CONVERSION = YES;
				CLANG_WARN_DIRECT_OBJC_ISA_USAGE = YES_ERROR;
				CLANG_WARN_EMPTY_BODY = YES;
				CLANG_WARN_ENUM_CONVERSION = YES;
				CLANG_WARN_INFINITE_RECURSION = YES;
				CLANG_WARN_INT_CONVERSION = YES;
				CLANG_WARN_OBJC_ROOT_CLASS = YES_ERROR;
				CLANG_WARN_SUSPICIOUS_MOVE = YES;
				CLANG_WARN_UNREACHABLE_CODE = YES;
				CLANG_WARN__DUPLICATE_METHOD_MATCH = YES;
				CODE_SIGN_IDENTITY = "-";
				COPY_PHASE_STRIP = NO;
				DEBUG_INFORMATION_FORMAT = dwarf;
				ENABLE_STRICT_OBJC_MSGSEND = YES;
				ENABLE_TESTABILITY = YES;
				GCC_C_LANGUAGE_STANDARD = gnu99;
				GCC_DYNAMIC_NO_PIC = NO;
				GCC_NO_COMMON_BLOCKS = YES;
				GCC_OPTIMIZATION_LEVEL = 0;
				GCC_PREPROCESSOR_DEFINITIONS = (
					"DEBUG=1",
					"$(inherited)",
				);
				GCC_WARN_64_TO_32_BIT_CONVERSION = YES;
				GCC_WARN_ABOUT_RETURN_TYPE = YES_ERROR;
				GCC_WARN_UNDECLARED_SELECTOR = YES;
				GCC_WARN_UNINITIALIZED_AUTOS = YES_AGGRESSIVE;
				GCC_WARN_UNUSED_FUNCTION = YES;
				GCC_WARN_UNUSED_VARIABLE = YES;
				MACOSX_DEPLOYMENT_TARGET = 10.11;
				MTL_ENABLE_DEBUG_INFO = YES;
				ONLY_ACTIVE_ARCH = YES;
				SDKROOT = macosx;
				SWIFT_OPTIMIZATION_LEVEL = "-Onone";
			};
			name = Debug;
		};
		E50A3ABA1C453A6D004BB7E3 /* Release */ = {
			isa = XCBuildConfiguration;
			buildSettings = {
				ALWAYS_SEARCH_USER_PATHS = NO;
				CLANG_CXX_LANGUAGE_STANDARD = "gnu++0x";
				CLANG_CXX_LIBRARY = "libc++";
				CLANG_ENABLE_MODULES = YES;
				CLANG_ENABLE_OBJC_ARC = YES;
				CLANG_WARN_BOOL_CONVERSION = YES;
				CLANG_WARN_CONSTANT_CONVERSION = YES;
				CLANG_WARN_DIRECT_OBJC_ISA_USAGE = YES_ERROR;
				CLANG_WARN_EMPTY_BODY = YES;
				CLANG_WARN_ENUM_CONVERSION = YES;
				CLANG_WARN_INFINITE_RECURSION = YES;
				CLANG_WARN_INT_CONVERSION = YES;
				CLANG_WARN_OBJC_ROOT_CLASS = YES_ERROR;
				CLANG_WARN_SUSPICIOUS_MOVE = YES;
				CLANG_WARN_UNREACHABLE_CODE = YES;
				CLANG_WARN__DUPLICATE_METHOD_MATCH = YES;
				CODE_SIGN_IDENTITY = "-";
				COPY_PHASE_STRIP = NO;
				DEBUG_INFORMATION_FORMAT = "dwarf-with-dsym";
				ENABLE_NS_ASSERTIONS = NO;
				ENABLE_STRICT_OBJC_MSGSEND = YES;
				GCC_C_LANGUAGE_STANDARD = gnu99;
				GCC_NO_COMMON_BLOCKS = YES;
				GCC_WARN_64_TO_32_BIT_CONVERSION = YES;
				GCC_WARN_ABOUT_RETURN_TYPE = YES_ERROR;
				GCC_WARN_UNDECLARED_SELECTOR = YES;
				GCC_WARN_UNINITIALIZED_AUTOS = YES_AGGRESSIVE;
				GCC_WARN_UNUSED_FUNCTION = YES;
				GCC_WARN_UNUSED_VARIABLE = YES;
				MACOSX_DEPLOYMENT_TARGET = 10.11;
				MTL_ENABLE_DEBUG_INFO = NO;
				SDKROOT = macosx;
				SWIFT_OPTIMIZATION_LEVEL = "-Owholemodule";
			};
			name = Release;
		};
		E50A3ABC1C453A6D004BB7E3 /* Debug */ = {
			isa = XCBuildConfiguration;
			buildSettings = {
				OTHER_CFLAGS = "-DUSE_EMBEDDED_MODULES";
				OTHER_OSACOMPILEFLAGS = "";
				OTHER_SWIFT_FLAGS = "-DUSE_EMBEDDED_MODULES";
				PRODUCT_NAME = "$(TARGET_NAME)";
				SWIFT_OBJC_BRIDGING_HEADER = "bartleby/Bartleby-Bridging-Header.h";
				SWIFT_VERSION = 3.0;
			};
			name = Debug;
		};
		E50A3ABD1C453A6D004BB7E3 /* Release */ = {
			isa = XCBuildConfiguration;
			buildSettings = {
				OTHER_CFLAGS = "-DUSE_EMBEDDED_MODULES";
				OTHER_OSACOMPILEFLAGS = "";
				OTHER_SWIFT_FLAGS = "-DUSE_EMBEDDED_MODULES";
				PRODUCT_NAME = "$(TARGET_NAME)";
				SWIFT_OBJC_BRIDGING_HEADER = "bartleby/Bartleby-Bridging-Header.h";
				SWIFT_VERSION = 3.0;
			};
			name = Release;
		};
		E548A4871D880577006FF410 /* Debug */ = {
			isa = XCBuildConfiguration;
			buildSettings = {
				CLANG_ANALYZER_NONNULL = YES;
				CLANG_WARN_DOCUMENTATION_COMMENTS = YES;
				CLANG_WARN_SUSPICIOUS_MOVES = YES;
				COMBINE_HIDPI_IMAGES = YES;
				INFOPLIST_FILE = bartlebyTests/Info.plist;
				LD_RUNPATH_SEARCH_PATHS = "$(inherited) @executable_path/../Frameworks @loader_path/../Frameworks";
				PRODUCT_BUNDLE_IDENTIFIER = fr.chaosmos.bartlebyTests;
				PRODUCT_NAME = "$(TARGET_NAME)";
				SWIFT_ACTIVE_COMPILATION_CONDITIONS = DEBUG;
				SWIFT_VERSION = 3.0;
			};
			name = Debug;
		};
		E548A4881D880577006FF410 /* Release */ = {
			isa = XCBuildConfiguration;
			buildSettings = {
				CLANG_ANALYZER_NONNULL = YES;
				CLANG_WARN_DOCUMENTATION_COMMENTS = YES;
				CLANG_WARN_SUSPICIOUS_MOVES = YES;
				COMBINE_HIDPI_IMAGES = YES;
				INFOPLIST_FILE = bartlebyTests/Info.plist;
				LD_RUNPATH_SEARCH_PATHS = "$(inherited) @executable_path/../Frameworks @loader_path/../Frameworks";
				PRODUCT_BUNDLE_IDENTIFIER = fr.chaosmos.bartlebyTests;
				PRODUCT_NAME = "$(TARGET_NAME)";
				SWIFT_VERSION = 3.0;
			};
			name = Release;
		};
/* End XCBuildConfiguration section */

/* Begin XCConfigurationList section */
		E50A3AAF1C453A6D004BB7E3 /* Build configuration list for PBXProject "bartleby" */ = {
			isa = XCConfigurationList;
			buildConfigurations = (
				E50A3AB91C453A6D004BB7E3 /* Debug */,
				E50A3ABA1C453A6D004BB7E3 /* Release */,
			);
			defaultConfigurationIsVisible = 0;
			defaultConfigurationName = Release;
		};
		E50A3ABB1C453A6D004BB7E3 /* Build configuration list for PBXNativeTarget "bartleby" */ = {
			isa = XCConfigurationList;
			buildConfigurations = (
				E50A3ABC1C453A6D004BB7E3 /* Debug */,
				E50A3ABD1C453A6D004BB7E3 /* Release */,
			);
			defaultConfigurationIsVisible = 0;
			defaultConfigurationName = Release;
		};
		E548A4891D880577006FF410 /* Build configuration list for PBXNativeTarget "bartlebyTests" */ = {
			isa = XCConfigurationList;
			buildConfigurations = (
				E548A4871D880577006FF410 /* Debug */,
				E548A4881D880577006FF410 /* Release */,
			);
			defaultConfigurationIsVisible = 0;
			defaultConfigurationName = Release;
		};
/* End XCConfigurationList section */
	};
	rootObject = E50A3AAC1C453A6D004BB7E3 /* Project object */;
}
