<?xml version="1.0" encoding="UTF-8"?>
<Scheme
   LastUpgradeVersion = "0720"
   version = "1.3">
   <BuildAction
      parallelizeBuildables = "YES"
      buildImplicitDependencies = "YES">
      <BuildActionEntries>
         <BuildActionEntry
            buildForTesting = "YES"
            buildForRunning = "YES"
            buildForProfiling = "YES"
            buildForArchiving = "YES"
            buildForAnalyzing = "YES">
            <BuildableReference
               BuildableIdentifier = "primary"
               BlueprintIdentifier = "E5C0CEC31C36CC2900F3B7B8"
               BuildableName = "bsync"
               BlueprintName = "bsync"
               ReferencedContainer = "container:bsync.xcodeproj">
            </BuildableReference>
         </BuildActionEntry>
      </BuildActionEntries>
   </BuildAction>
   <TestAction
      buildConfiguration = "Debug"
      selectedDebuggerIdentifier = "Xcode.DebuggerFoundation.Debugger.LLDB"
      selectedLauncherIdentifier = "Xcode.DebuggerFoundation.Launcher.LLDB"
      shouldUseLaunchSchemeArgsEnv = "YES">
      <Testables>
         <TestableReference
            skipped = "NO">
            <BuildableReference
               BuildableIdentifier = "primary"
               BlueprintIdentifier = "E5C0CED11C36CCDD00F3B7B8"
               BuildableName = "bsyncTests.xctest"
               BlueprintName = "bsyncTests"
               ReferencedContainer = "container:bsync.xcodeproj">
            </BuildableReference>
         </TestableReference>
      </Testables>
      <MacroExpansion>
         <BuildableReference
            BuildableIdentifier = "primary"
            BlueprintIdentifier = "E5C0CEC31C36CC2900F3B7B8"
            BuildableName = "bsync"
            BlueprintName = "bsync"
            ReferencedContainer = "container:bsync.xcodeproj">
         </BuildableReference>
      </MacroExpansion>
      <AdditionalOptions>
      </AdditionalOptions>
   </TestAction>
   <LaunchAction
      buildConfiguration = "Debug"
      selectedDebuggerIdentifier = "Xcode.DebuggerFoundation.Debugger.LLDB"
      selectedLauncherIdentifier = "Xcode.DebuggerFoundation.Launcher.LLDB"
      launchStyle = "0"
      useCustomWorkingDirectory = "NO"
      ignoresPersistentStateOnLaunch = "NO"
      debugDocumentVersioning = "YES"
      debugServiceExtension = "internal"
      allowLocationSimulation = "YES">
      <BuildableProductRunnable
         runnableDebuggingMode = "0">
         <BuildableReference
            BuildableIdentifier = "primary"
            BlueprintIdentifier = "E5C0CEC31C36CC2900F3B7B8"
            BuildableName = "bsync"
            BlueprintName = "bsync"
            ReferencedContainer = "container:bsync.xcodeproj">
         </BuildableReference>
      </BuildableProductRunnable>
      <CommandLineArguments>
         <CommandLineArgument
            argument = "create-uid"
            isEnabled = "NO">
         </CommandLineArgument>
         <CommandLineArgument
            argument = "create-user"
            isEnabled = "NO">
         </CommandLineArgument>
         <CommandLineArgument
            argument = "kvs"
            isEnabled = "YES">
         </CommandLineArgument>
         <CommandLineArgument
            argument = "--do"
            isEnabled = "YES">
         </CommandLineArgument>
         <CommandLineArgument
            argument = "upsert"
            isEnabled = "NO">
         </CommandLineArgument>
         <CommandLineArgument
            argument = "read"
            isEnabled = "YES">
         </CommandLineArgument>
         <CommandLineArgument
            argument = "--key pouet"
            isEnabled = "YES">
         </CommandLineArgument>
         <CommandLineArgument
            argument = "--value baba"
            isEnabled = "NO">
         </CommandLineArgument>
         <CommandLineArgument
            argument = "--folder $HOME/temp/kvs"
            isEnabled = "YES">
         </CommandLineArgument>
         <CommandLineArgument
            argument = "create-directives --user RjgzNkE5QTItMzY5OC00QTMyLUJGQUYtQ0Y5NDVDQ0NGN0VC --source ~/Desktop/UP_SYNC_DEMO/TREE-DEMO1 --destination http://yd.local/api/v1/BartlebySync/tree/TREE-DEMO1 --creativeKey default-creative-key"
            isEnabled = "NO">
         </CommandLineArgument>
         <CommandLineArgument
            argument = "--url http://yd.local/api/v1"
            isEnabled = "NO">
         </CommandLineArgument>
         <CommandLineArgument
            argument = " --password 12345"
            isEnabled = "YES">
         </CommandLineArgument>
         <CommandLineArgument
            argument = "--spaceUID MTNGRTE0QjMtQjU2OS00NkEzLUJCMTctMEI2OTlBMEM5M0Ez"
            isEnabled = "NO">
         </CommandLineArgument>
         <CommandLineArgument
            argument = "reveal-directives"
            isEnabled = "NO">
         </CommandLineArgument>
         <CommandLineArgument
            argument = "run"
            isEnabled = "NO">
         </CommandLineArgument>
         <CommandLineArgument
            argument = "--file ~/UP_SYNC_DEMO/directives.bsync"
            isEnabled = "NO">
         </CommandLineArgument>
         <CommandLineArgument
            argument = "--salt xyx38-d890x-899h-123e-30x6-3234e"
            isEnabled = "NO">
         </CommandLineArgument>
         <CommandLineArgument
            argument = "--salt salty-sauce"
            isEnabled = "YES">
         </CommandLineArgument>
         <CommandLineArgument
            argument = "--secretKey XODVBRkNGMUYtRDI1RS00Mjc2LTlGM0EtMTU1N0Q22838"
            isEnabled = "YES">
         </CommandLineArgument>
      </CommandLineArguments>
      <EnvironmentVariables>
         <EnvironmentVariable
            key = ""
            value = ""
            isEnabled = "YES">
         </EnvironmentVariable>
      </EnvironmentVariables>
      <AdditionalOptions>
      </AdditionalOptions>
   </LaunchAction>
   <ProfileAction
      buildConfiguration = "Release"
      shouldUseLaunchSchemeArgsEnv = "YES"
      savedToolIdentifier = ""
      useCustomWorkingDirectory = "NO"
      debugDocumentVersioning = "YES">
      <BuildableProductRunnable
         runnableDebuggingMode = "0">
         <BuildableReference
            BuildableIdentifier = "primary"
            BlueprintIdentifier = "E5C0CEC31C36CC2900F3B7B8"
            BuildableName = "bsync"
            BlueprintName = "bsync"
            ReferencedContainer = "container:bsync.xcodeproj">
         </BuildableReference>
      </BuildableProductRunnable>
   </ProfileAction>
   <AnalyzeAction
      buildConfiguration = "Debug">
   </AnalyzeAction>
   <ArchiveAction
      buildConfiguration = "Release"
      revealArchiveInOrganizer = "YES">
   </ArchiveAction>
</Scheme>
