<?xml version="1.0" encoding="UTF-8"?>
<Scheme
   LastUpgradeVersion = "0730"
   version = "1.3">
   <BuildAction
      parallelizeBuildables = "YES"
      buildImplicitDependencies = "YES">
      <BuildActionEntries>
         <BuildActionEntry
            buildForTesting = "YES"
            buildForRunning = "YES"
            buildForProfiling = "YES"
            buildForArchiving = "YES"
            buildForAnalyzing = "YES">
            <BuildableReference
               BuildableIdentifier = "primary"
               BlueprintIdentifier = "E54999571C3A7D0100C52A9D"
               BuildableName = "BartlebyKit.framework"
               BlueprintName = "Bartleby OSX"
               ReferencedContainer = "container:BartlebyKit.xcodeproj">
            </BuildableReference>
         </BuildActionEntry>
      </BuildActionEntries>
   </BuildAction>
   <TestAction
      buildConfiguration = "Debug"
      selectedDebuggerIdentifier = "Xcode.DebuggerFoundation.Debugger.LLDB"
      selectedLauncherIdentifier = "Xcode.DebuggerFoundation.Launcher.LLDB"
      shouldUseLaunchSchemeArgsEnv = "YES"
      codeCoverageEnabled = "YES">
      <Testables>
         <TestableReference
            skipped = "NO">
            <BuildableReference
               BuildableIdentifier = "primary"
               BlueprintIdentifier = "E56C00451C8ED4A800BB6B19"
               BuildableName = "BartlebyKitOSXTests.xctest"
               BlueprintName = "BartlebyKitOSXTests"
               ReferencedContainer = "container:BartlebyKit.xcodeproj">
            </BuildableReference>
            <SkippedTests>
               <Test
                  Identifier = "TasksGroupCompletionPriorityAndPausesTests/test_006_graph_exec_completion_pausable_Low()">
               </Test>
               <Test
                  Identifier = "TasksGroupCompletionPriorityAndPausesTests/test_007_graph_exec_completion_pausable_Default()">
               </Test>
               <Test
                  Identifier = "TasksGroupCompletionPriorityAndPausesTests/test_008_graph_exec_completion_pausable_High()">
               </Test>
               <Test
                  Identifier = "TasksGroupCompletionPriorityAndPausesTests/test_009_graph_exec_completion_Background_large()">
               </Test>
               <Test
                  Identifier = "TasksGroupCompletionPriorityAndPausesTests/test_010_graph_exec_completion_Low_large()">
               </Test>
               <Test
                  Identifier = "TasksGroupCompletionPriorityAndPausesTests/test_011_graph_exec_completion_Default_large()">
               </Test>
               <Test
                  Identifier = "TasksGroupCompletionPriorityAndPausesTests/test_012_graph_exec_completion_High_large()">
               </Test>
            </SkippedTests>
         </TestableReference>
      </Testables>
      <MacroExpansion>
         <BuildableReference
            BuildableIdentifier = "primary"
            BlueprintIdentifier = "E54999571C3A7D0100C52A9D"
            BuildableName = "BartlebyKit.framework"
            BlueprintName = "Bartleby OSX"
            ReferencedContainer = "container:BartlebyKit.xcodeproj">
         </BuildableReference>
      </MacroExpansion>
      <AdditionalOptions>
      </AdditionalOptions>
   </TestAction>
   <LaunchAction
      buildConfiguration = "Debug"
      selectedDebuggerIdentifier = "Xcode.DebuggerFoundation.Debugger.LLDB"
      selectedLauncherIdentifier = "Xcode.DebuggerFoundation.Launcher.LLDB"
      launchStyle = "0"
      useCustomWorkingDirectory = "NO"
      ignoresPersistentStateOnLaunch = "NO"
      debugDocumentVersioning = "YES"
      debugServiceExtension = "internal"
      allowLocationSimulation = "YES">
      <MacroExpansion>
         <BuildableReference
            BuildableIdentifier = "primary"
            BlueprintIdentifier = "E54999571C3A7D0100C52A9D"
            BuildableName = "BartlebyKit.framework"
            BlueprintName = "Bartleby OSX"
            ReferencedContainer = "container:BartlebyKit.xcodeproj">
         </BuildableReference>
      </MacroExpansion>
      <AdditionalOptions>
      </AdditionalOptions>
   </LaunchAction>
   <ProfileAction
      buildConfiguration = "Release"
      shouldUseLaunchSchemeArgsEnv = "YES"
      savedToolIdentifier = ""
      useCustomWorkingDirectory = "NO"
      debugDocumentVersioning = "YES">
      <MacroExpansion>
         <BuildableReference
            BuildableIdentifier = "primary"
            BlueprintIdentifier = "E54999571C3A7D0100C52A9D"
            BuildableName = "BartlebyKit.framework"
            BlueprintName = "Bartleby OSX"
            ReferencedContainer = "container:BartlebyKit.xcodeproj">
         </BuildableReference>
      </MacroExpansion>
   </ProfileAction>
   <AnalyzeAction
      buildConfiguration = "Debug">
   </AnalyzeAction>
   <ArchiveAction
      buildConfiguration = "Release"
      revealArchiveInOrganizer = "YES">
   </ArchiveAction>
</Scheme>
